
Microsoft Visual Studio Solution File, Format Version 12.00
# Visual Studio 14
VisualStudioVersion = 14.0.25123.0
MinimumVisualStudioVersion = 10.0.40219.1
Project("{2150E333-8FDC-42A3-9474-1A3956D46DE8}") = "000.Solution Items", "000.Solution Items", "{85BAAC83-9159-4E88-929C-FC9A98556042}"
	ProjectSection(SolutionItems) = preProject
		License.txt = License.txt
		README.md = README.md
		Solution.All.Projects.Common.AssemblyInfo.cs = Solution.All.Projects.Common.AssemblyInfo.cs
	EndProjectSection
EndProject
Project("{2150E333-8FDC-42A3-9474-1A3956D46DE8}") = "001.Nuget.Packages", "001.Nuget.Packages", "{CAD60DFA-15EF-4DE0-9EEC-1BFD6B8D955F}"
EndProject
Project("{2150E333-8FDC-42A3-9474-1A3956D46DE8}") = "999.Test", "999.Test", "{4FC8E928-8816-40E5-AA0E-CD31AE0E5C29}"
EndProject
Project("{FAE04EC0-301F-11D3-BF4B-00C04F79EFBC}") = "EasyPerformanceCountersHelper.NET4.5.x", "CommonUtilities\EasyPerformanceCountersHelper.NET4.5.x.csproj", "{29D0E20B-A8FB-4050-B742-FA8E4148C5B2}"
EndProject
Project("{2150E333-8FDC-42A3-9474-1A3956D46DE8}") = "200.CommonUtilities.Separated", "200.CommonUtilities.Separated", "{2BF72D41-4D94-48C4-A5E7-5CEC2D351BEB}"
EndProject
Project("{2150E333-8FDC-42A3-9474-1A3956D46DE8}") = "100.CommonUtilities", "100.CommonUtilities", "{0EE1D776-1D48-4B71-9586-E9EF96A0FCB3}"
EndProject
Project("{FAE04EC0-301F-11D3-BF4B-00C04F79EFBC}") = "ConcurrentAsyncQueue.NET4.5.x", "CommonUtilities\ConcurrentAsyncQueue.NET4.5.x.csproj", "{0F9EFE8B-40F1-4E2C-9DF9-809514A8ECDB}"
EndProject
Project("{FAE04EC0-301F-11D3-BF4B-00C04F79EFBC}") = "Nuget.Packages", "packages\Nuget.Packages.csproj", "{C8F1CA51-7600-40B0-B17E-B6D445B2E57C}"
EndProject
Project("{FAE04EC0-301F-11D3-BF4B-00C04F79EFBC}") = "CommonUtilities.NET4.6.x", "CommonUtilities\CommonUtilities.NET4.6.x.csproj", "{F93B643F-2254-434B-A42A-D2A7155152CA}"
EndProject
Project("{FAE04EC0-301F-11D3-BF4B-00C04F79EFBC}") = "CommonUtilities.NET4.6.x.Lite", "CommonUtilities\CommonUtilities.NET4.6.x.Lite.csproj", "{B509D9BA-92FA-45F6-877C-ADC80F14F785}"
EndProject
Project("{FAE04EC0-301F-11D3-BF4B-00C04F79EFBC}") = "EasyPerformanceCountersHelper.NET4.6.x", "CommonUtilities\EasyPerformanceCountersHelper.NET4.6.x.csproj", "{4CD2BAD2-478F-4294-A210-8CB601C04F55}"
EndProject
Project("{FAE04EC0-301F-11D3-BF4B-00C04F79EFBC}") = "ConcurrentAsyncQueue.NET4.6.x", "CommonUtilities\ConcurrentAsyncQueue.NET4.6.x.csproj", "{01940F78-F528-4C0E-8F1A-D14C7CF26BC1}"
EndProject
Project("{2150E333-8FDC-42A3-9474-1A3956D46DE8}") = "ConcurrentAsyncQueue", "ConcurrentAsyncQueue", "{6E3696F7-C186-4E18-ACF2-D1953779EB5A}"
EndProject
Project("{2150E333-8FDC-42A3-9474-1A3956D46DE8}") = "EasyPerformanceCountersHelper", "EasyPerformanceCountersHelper", "{2AF60BE2-6EAC-400C-BD4A-8330EF6800E9}"
EndProject
Project("{FAE04EC0-301F-11D3-BF4B-00C04F79EFBC}") = "CommonUtilities.NET4.5.x", "CommonUtilities\CommonUtilities.NET4.5.x.csproj", "{2190E2EE-A185-4E75-9B91-FC36C8E2B9D8}"
EndProject
Project("{FAE04EC0-301F-11D3-BF4B-00C04F79EFBC}") = "CommonUtilities.NET4.5.x.Lite", "CommonUtilities\CommonUtilities.NET4.5.x.Lite.csproj", "{36C8666B-5E7D-4875-BD64-325605806105}"
EndProject
Project("{2150E333-8FDC-42A3-9474-1A3956D46DE8}") = "99.Test", "99.Test", "{87F5231C-EA20-4D89-B038-2405D3BABCD8}"
EndProject
Project("{2150E333-8FDC-42A3-9474-1A3956D46DE8}") = "00.Source", "00.Source", "{98D32219-EA7C-44FB-89F1-41BB2B863EA7}"
EndProject
Project("{2150E333-8FDC-42A3-9474-1A3956D46DE8}") = "00.Source", "00.Source", "{FD839F89-4D85-4256-B4A9-5D1F3100CB95}"
EndProject
Project("{2150E333-8FDC-42A3-9474-1A3956D46DE8}") = "99.Test", "99.Test", "{D07E0227-EA44-4312-B06B-071D60E0B37F}"
EndProject
Project("{2150E333-8FDC-42A3-9474-1A3956D46DE8}") = "CommonUtilities.Test", "CommonUtilities.Test", "{7D700A8F-0D74-4E7F-8352-B7EA84DF7ABC}"
EndProject
Project("{FAE04EC0-301F-11D3-BF4B-00C04F79EFBC}") = "ConcurrentAsyncQueue.Test.NET4.5.x", "Test\ConcurrentAsyncQueue.Test\ConcurrentAsyncQueue.Test.NET4.5.x.csproj", "{2695F7A3-DC58-478F-8C0A-2ACB52192C5C}"
EndProject
Project("{FAE04EC0-301F-11D3-BF4B-00C04F79EFBC}") = "ConcurrentAsyncQueue.Test.NET4.6.x", "Test\ConcurrentAsyncQueue.Test\ConcurrentAsyncQueue.Test.NET4.6.x.csproj", "{A9A0A737-658C-44EA-B773-3F9E453E9737}"
EndProject
Project("{FAE04EC0-301F-11D3-BF4B-00C04F79EFBC}") = "EasyPerformanceCountersHelper.Test.NET4.5.x", "Test\EasyPerformanceCountersHelper.Test\EasyPerformanceCountersHelper.Test.NET4.5.x.csproj", "{ADD0E40A-B1F8-41A7-A02C-A2DC56295E4B}"
EndProject
Project("{FAE04EC0-301F-11D3-BF4B-00C04F79EFBC}") = "EasyPerformanceCountersHelper.Test.NET4.6.x", "Test\EasyPerformanceCountersHelper.Test\EasyPerformanceCountersHelper.Test.NET4.6.x.csproj", "{9767FE12-1918-4D4E-BCCE-A56771AFB958}"
EndProject
Project("{2150E333-8FDC-42A3-9474-1A3956D46DE8}") = "00.Common", "00.Common", "{46CEA9ED-AD5C-4BAD-8737-93D3D06A5E31}"
EndProject
Project("{2150E333-8FDC-42A3-9474-1A3956D46DE8}") = "10.Lite", "10.Lite", "{6C689D9C-CA49-40DF-A6B9-7BD9C2C1EE55}"
EndProject
Project("{FAE04EC0-301F-11D3-BF4B-00C04F79EFBC}") = "CommonUtilities.Lite.Test.NET4.5.x", "Test\CommonUtilities.Test\CommonUtilities.Lite.Test.NET4.5.x.csproj", "{5BF69168-137C-4E3D-B41D-7EC60E6A23CB}"
EndProject
Project("{FAE04EC0-301F-11D3-BF4B-00C04F79EFBC}") = "CommonUtilities.Lite.Test.NET4.6.x", "Test\CommonUtilities.Test\CommonUtilities.Lite.Test.NET4.6.x.csproj", "{EEC634AF-696C-4D6C-90C3-463BA6621AD6}"
EndProject
Project("{2150E333-8FDC-42A3-9474-1A3956D46DE8}") = "ConfigurationAppSettingsHelper.Test", "ConfigurationAppSettingsHelper.Test", "{2A7DD063-6845-4F01-BE9D-0653698BFADC}"
EndProject
Project("{FAE04EC0-301F-11D3-BF4B-00C04F79EFBC}") = "ConfigurationAppSettingsHelper.Test.NET4.5.x", "Test\ConfigurationAppSettingsHelper.Test\ConfigurationAppSettingsHelper.Test.NET4.5.x.csproj", "{CE28A7E5-94EA-45A8-B044-E5D3F03596C9}"
EndProject
Project("{FAE04EC0-301F-11D3-BF4B-00C04F79EFBC}") = "ConfigurationAppSettingsHelper.Test.NET4.6.x", "Test\ConfigurationAppSettingsHelper.Test\ConfigurationAppSettingsHelper.Test.NET4.6.x.csproj", "{5B714F3B-D252-4254-8A7D-7017CD19F29F}"
EndProject
Project("{FAE04EC0-301F-11D3-BF4B-00C04F79EFBC}") = "UnitTestProject1", "UnitTestProject1\UnitTestProject1.csproj", "{737943CD-CEC6-4EB9-8655-440D124BBE2C}"
EndProject
Project("{FAE04EC0-301F-11D3-BF4B-00C04F79EFBC}") = "ConcurrentAsyncQueue.NET4.5.xTests", "ConcurrentAsyncQueue.NET4.5.xTests\ConcurrentAsyncQueue.NET4.5.xTests.csproj", "{5AE094D4-EA6A-415D-B17B-745B7AEE3E33}"
EndProject
Project("{2150E333-8FDC-42A3-9474-1A3956D46DE8}") = "001.ManualTests", "001.ManualTests", "{81E64B53-D821-4B6F-B03C-1854DC875A2E}"
EndProject
Project("{2150E333-8FDC-42A3-9474-1A3956D46DE8}") = "100.UnitTests", "100.UnitTests", "{09571CF2-8180-4E47-BE20-62F930A14FE1}"
EndProject
Project("{2150E333-8FDC-42A3-9474-1A3956D46DE8}") = "900.Samples", "900.Samples", "{4D0D143C-B43C-41F0-89AF-EDA121770B37}"
EndProject
Project("{2150E333-8FDC-42A3-9474-1A3956D46DE8}") = "001.WebApplication", "001.WebApplication", "{38FF2F59-C5A3-4996-B35B-10F276D73856}"
EndProject
Project("{FAE04EC0-301F-11D3-BF4B-00C04F79EFBC}") = "WebApplication", "Samples\WebApplication\WebApplication.csproj", "{1340B17B-0719-448D-8C5E-053C7020C315}"
EndProject
Project("{2150E333-8FDC-42A3-9474-1A3956D46DE8}") = "002.WorkFlowEtw", "002.WorkFlowEtw", "{F7E23E95-ED82-4E07-9820-F2F92C78A43E}"
EndProject
Project("{FAE04EC0-301F-11D3-BF4B-00C04F79EFBC}") = "NumberGuessWorkflowHost", "Samples\WorkFlowEtw\NumberGuessWorkflowHost\NumberGuessWorkflowHost.csproj", "{EB9C94B9-91B4-4F66-9763-6CE637901145}"
EndProject
Project("{FAE04EC0-301F-11D3-BF4B-00C04F79EFBC}") = "NumberGuessWorkflowActivities", "Samples\WorkFlowEtw\NumberGuessWorkflowActivities\NumberGuessWorkflowActivities.csproj", "{98EC024C-6439-44B1-8B1E-29E457B2201F}"
EndProject
Project("{2150E333-8FDC-42A3-9474-1A3956D46DE8}") = "WebApiUtilities", "WebApiUtilities", "{DE723DFA-5418-4429-8705-A139C7664B68}"
EndProject
Project("{FAE04EC0-301F-11D3-BF4B-00C04F79EFBC}") = "WebApiUtilities.NET4.6.x.Lite", "CommonUtilities\WebApiUtilities.NET4.6.x.Lite.csproj", "{BA49793A-4B18-4AA5-B118-B003F73BEA2B}"
EndProject
Project("{2150E333-8FDC-42A3-9474-1A3956D46DE8}") = "00.Source", "00.Source", "{DD484C86-28CF-4DD2-8196-C0112C078AC8}"
EndProject
Project("{FAE04EC0-301F-11D3-BF4B-00C04F79EFBC}") = "WebApiUtilities.NET4.5.x.Lite", "CommonUtilities\WebApiUtilities.NET4.5.x.Lite.csproj", "{F6AC27EC-0479-475D-A6D0-617AAB9365D5}"
EndProject
Project("{2150E333-8FDC-42A3-9474-1A3956D46DE8}") = "Microsoft.Diagnostics.Tracing.Logging", "Microsoft.Diagnostics.Tracing.Logging", "{C3D644A4-9857-4653-8413-39531177B946}"
EndProject
Project("{2150E333-8FDC-42A3-9474-1A3956D46DE8}") = "00.Source", "00.Source", "{5E42E976-3910-491C-B7E2-76AB6A32BA75}"
EndProject
Project("{FAE04EC0-301F-11D3-BF4B-00C04F79EFBC}") = "Microshaoft.Diagnostics.Tracing.NET4.6.x", "CommonUtilities\Microshaoft.Diagnostics.Tracing.NET4.6.x.csproj", "{7A64006A-8BF9-4401-BD7E-84228947C1C2}"
EndProject
Global
	GlobalSection(SolutionConfigurationPlatforms) = preSolution
		Debug|Any CPU = Debug|Any CPU
		Debug|x64 = Debug|x64
		Debug|x86 = Debug|x86
		Release|Any CPU = Release|Any CPU
		Release|x64 = Release|x64
		Release|x86 = Release|x86
	EndGlobalSection
	GlobalSection(ProjectConfigurationPlatforms) = postSolution
		{29D0E20B-A8FB-4050-B742-FA8E4148C5B2}.Debug|Any CPU.ActiveCfg = Debug|Any CPU
		{29D0E20B-A8FB-4050-B742-FA8E4148C5B2}.Debug|Any CPU.Build.0 = Debug|Any CPU
		{29D0E20B-A8FB-4050-B742-FA8E4148C5B2}.Debug|x64.ActiveCfg = Debug|Any CPU
		{29D0E20B-A8FB-4050-B742-FA8E4148C5B2}.Debug|x64.Build.0 = Debug|Any CPU
		{29D0E20B-A8FB-4050-B742-FA8E4148C5B2}.Debug|x86.ActiveCfg = Debug|Any CPU
		{29D0E20B-A8FB-4050-B742-FA8E4148C5B2}.Debug|x86.Build.0 = Debug|Any CPU
		{29D0E20B-A8FB-4050-B742-FA8E4148C5B2}.Release|Any CPU.ActiveCfg = Release|Any CPU
		{29D0E20B-A8FB-4050-B742-FA8E4148C5B2}.Release|Any CPU.Build.0 = Release|Any CPU
		{29D0E20B-A8FB-4050-B742-FA8E4148C5B2}.Release|x64.ActiveCfg = Release|Any CPU
		{29D0E20B-A8FB-4050-B742-FA8E4148C5B2}.Release|x64.Build.0 = Release|Any CPU
		{29D0E20B-A8FB-4050-B742-FA8E4148C5B2}.Release|x86.ActiveCfg = Release|Any CPU
		{29D0E20B-A8FB-4050-B742-FA8E4148C5B2}.Release|x86.Build.0 = Release|Any CPU
		{0F9EFE8B-40F1-4E2C-9DF9-809514A8ECDB}.Debug|Any CPU.ActiveCfg = Debug|Any CPU
		{0F9EFE8B-40F1-4E2C-9DF9-809514A8ECDB}.Debug|Any CPU.Build.0 = Debug|Any CPU
		{0F9EFE8B-40F1-4E2C-9DF9-809514A8ECDB}.Debug|x64.ActiveCfg = Debug|Any CPU
		{0F9EFE8B-40F1-4E2C-9DF9-809514A8ECDB}.Debug|x64.Build.0 = Debug|Any CPU
		{0F9EFE8B-40F1-4E2C-9DF9-809514A8ECDB}.Debug|x86.ActiveCfg = Debug|Any CPU
		{0F9EFE8B-40F1-4E2C-9DF9-809514A8ECDB}.Debug|x86.Build.0 = Debug|Any CPU
		{0F9EFE8B-40F1-4E2C-9DF9-809514A8ECDB}.Release|Any CPU.ActiveCfg = Release|Any CPU
		{0F9EFE8B-40F1-4E2C-9DF9-809514A8ECDB}.Release|Any CPU.Build.0 = Release|Any CPU
		{0F9EFE8B-40F1-4E2C-9DF9-809514A8ECDB}.Release|x64.ActiveCfg = Release|Any CPU
		{0F9EFE8B-40F1-4E2C-9DF9-809514A8ECDB}.Release|x64.Build.0 = Release|Any CPU
		{0F9EFE8B-40F1-4E2C-9DF9-809514A8ECDB}.Release|x86.ActiveCfg = Release|Any CPU
		{0F9EFE8B-40F1-4E2C-9DF9-809514A8ECDB}.Release|x86.Build.0 = Release|Any CPU
		{C8F1CA51-7600-40B0-B17E-B6D445B2E57C}.Debug|Any CPU.ActiveCfg = Debug|Any CPU
		{C8F1CA51-7600-40B0-B17E-B6D445B2E57C}.Debug|Any CPU.Build.0 = Debug|Any CPU
		{C8F1CA51-7600-40B0-B17E-B6D445B2E57C}.Debug|x64.ActiveCfg = Debug|Any CPU
		{C8F1CA51-7600-40B0-B17E-B6D445B2E57C}.Debug|x64.Build.0 = Debug|Any CPU
		{C8F1CA51-7600-40B0-B17E-B6D445B2E57C}.Debug|x86.ActiveCfg = Debug|Any CPU
		{C8F1CA51-7600-40B0-B17E-B6D445B2E57C}.Debug|x86.Build.0 = Debug|Any CPU
		{C8F1CA51-7600-40B0-B17E-B6D445B2E57C}.Release|Any CPU.ActiveCfg = Release|Any CPU
		{C8F1CA51-7600-40B0-B17E-B6D445B2E57C}.Release|Any CPU.Build.0 = Release|Any CPU
		{C8F1CA51-7600-40B0-B17E-B6D445B2E57C}.Release|x64.ActiveCfg = Release|Any CPU
		{C8F1CA51-7600-40B0-B17E-B6D445B2E57C}.Release|x64.Build.0 = Release|Any CPU
		{C8F1CA51-7600-40B0-B17E-B6D445B2E57C}.Release|x86.ActiveCfg = Release|Any CPU
		{C8F1CA51-7600-40B0-B17E-B6D445B2E57C}.Release|x86.Build.0 = Release|Any CPU
		{F93B643F-2254-434B-A42A-D2A7155152CA}.Debug|Any CPU.ActiveCfg = Debug|Any CPU
		{F93B643F-2254-434B-A42A-D2A7155152CA}.Debug|Any CPU.Build.0 = Debug|Any CPU
		{F93B643F-2254-434B-A42A-D2A7155152CA}.Debug|x64.ActiveCfg = Debug|Any CPU
		{F93B643F-2254-434B-A42A-D2A7155152CA}.Debug|x64.Build.0 = Debug|Any CPU
		{F93B643F-2254-434B-A42A-D2A7155152CA}.Debug|x86.ActiveCfg = Debug|Any CPU
		{F93B643F-2254-434B-A42A-D2A7155152CA}.Debug|x86.Build.0 = Debug|Any CPU
		{F93B643F-2254-434B-A42A-D2A7155152CA}.Release|Any CPU.ActiveCfg = Release|Any CPU
		{F93B643F-2254-434B-A42A-D2A7155152CA}.Release|Any CPU.Build.0 = Release|Any CPU
		{F93B643F-2254-434B-A42A-D2A7155152CA}.Release|x64.ActiveCfg = Release|Any CPU
		{F93B643F-2254-434B-A42A-D2A7155152CA}.Release|x64.Build.0 = Release|Any CPU
		{F93B643F-2254-434B-A42A-D2A7155152CA}.Release|x86.ActiveCfg = Release|Any CPU
		{F93B643F-2254-434B-A42A-D2A7155152CA}.Release|x86.Build.0 = Release|Any CPU
		{B509D9BA-92FA-45F6-877C-ADC80F14F785}.Debug|Any CPU.ActiveCfg = Debug|Any CPU
		{B509D9BA-92FA-45F6-877C-ADC80F14F785}.Debug|Any CPU.Build.0 = Debug|Any CPU
		{B509D9BA-92FA-45F6-877C-ADC80F14F785}.Debug|x64.ActiveCfg = Debug|Any CPU
		{B509D9BA-92FA-45F6-877C-ADC80F14F785}.Debug|x64.Build.0 = Debug|Any CPU
		{B509D9BA-92FA-45F6-877C-ADC80F14F785}.Debug|x86.ActiveCfg = Debug|Any CPU
		{B509D9BA-92FA-45F6-877C-ADC80F14F785}.Debug|x86.Build.0 = Debug|Any CPU
		{B509D9BA-92FA-45F6-877C-ADC80F14F785}.Release|Any CPU.ActiveCfg = Release|Any CPU
		{B509D9BA-92FA-45F6-877C-ADC80F14F785}.Release|Any CPU.Build.0 = Release|Any CPU
		{B509D9BA-92FA-45F6-877C-ADC80F14F785}.Release|x64.ActiveCfg = Release|Any CPU
		{B509D9BA-92FA-45F6-877C-ADC80F14F785}.Release|x64.Build.0 = Release|Any CPU
		{B509D9BA-92FA-45F6-877C-ADC80F14F785}.Release|x86.ActiveCfg = Release|Any CPU
		{B509D9BA-92FA-45F6-877C-ADC80F14F785}.Release|x86.Build.0 = Release|Any CPU
		{4CD2BAD2-478F-4294-A210-8CB601C04F55}.Debug|Any CPU.ActiveCfg = Debug|Any CPU
		{4CD2BAD2-478F-4294-A210-8CB601C04F55}.Debug|Any CPU.Build.0 = Debug|Any CPU
		{4CD2BAD2-478F-4294-A210-8CB601C04F55}.Debug|x64.ActiveCfg = Debug|Any CPU
		{4CD2BAD2-478F-4294-A210-8CB601C04F55}.Debug|x64.Build.0 = Debug|Any CPU
		{4CD2BAD2-478F-4294-A210-8CB601C04F55}.Debug|x86.ActiveCfg = Debug|Any CPU
		{4CD2BAD2-478F-4294-A210-8CB601C04F55}.Debug|x86.Build.0 = Debug|Any CPU
		{4CD2BAD2-478F-4294-A210-8CB601C04F55}.Release|Any CPU.ActiveCfg = Release|Any CPU
		{4CD2BAD2-478F-4294-A210-8CB601C04F55}.Release|Any CPU.Build.0 = Release|Any CPU
		{4CD2BAD2-478F-4294-A210-8CB601C04F55}.Release|x64.ActiveCfg = Release|Any CPU
		{4CD2BAD2-478F-4294-A210-8CB601C04F55}.Release|x64.Build.0 = Release|Any CPU
		{4CD2BAD2-478F-4294-A210-8CB601C04F55}.Release|x86.ActiveCfg = Release|Any CPU
		{4CD2BAD2-478F-4294-A210-8CB601C04F55}.Release|x86.Build.0 = Release|Any CPU
		{01940F78-F528-4C0E-8F1A-D14C7CF26BC1}.Debug|Any CPU.ActiveCfg = Debug|Any CPU
		{01940F78-F528-4C0E-8F1A-D14C7CF26BC1}.Debug|Any CPU.Build.0 = Debug|Any CPU
		{01940F78-F528-4C0E-8F1A-D14C7CF26BC1}.Debug|x64.ActiveCfg = Debug|Any CPU
		{01940F78-F528-4C0E-8F1A-D14C7CF26BC1}.Debug|x64.Build.0 = Debug|Any CPU
		{01940F78-F528-4C0E-8F1A-D14C7CF26BC1}.Debug|x86.ActiveCfg = Debug|Any CPU
		{01940F78-F528-4C0E-8F1A-D14C7CF26BC1}.Debug|x86.Build.0 = Debug|Any CPU
		{01940F78-F528-4C0E-8F1A-D14C7CF26BC1}.Release|Any CPU.ActiveCfg = Release|Any CPU
		{01940F78-F528-4C0E-8F1A-D14C7CF26BC1}.Release|Any CPU.Build.0 = Release|Any CPU
		{01940F78-F528-4C0E-8F1A-D14C7CF26BC1}.Release|x64.ActiveCfg = Release|Any CPU
		{01940F78-F528-4C0E-8F1A-D14C7CF26BC1}.Release|x64.Build.0 = Release|Any CPU
		{01940F78-F528-4C0E-8F1A-D14C7CF26BC1}.Release|x86.ActiveCfg = Release|Any CPU
		{01940F78-F528-4C0E-8F1A-D14C7CF26BC1}.Release|x86.Build.0 = Release|Any CPU
		{2190E2EE-A185-4E75-9B91-FC36C8E2B9D8}.Debug|Any CPU.ActiveCfg = Debug|Any CPU
		{2190E2EE-A185-4E75-9B91-FC36C8E2B9D8}.Debug|Any CPU.Build.0 = Debug|Any CPU
		{2190E2EE-A185-4E75-9B91-FC36C8E2B9D8}.Debug|x64.ActiveCfg = Debug|Any CPU
		{2190E2EE-A185-4E75-9B91-FC36C8E2B9D8}.Debug|x64.Build.0 = Debug|Any CPU
		{2190E2EE-A185-4E75-9B91-FC36C8E2B9D8}.Debug|x86.ActiveCfg = Debug|Any CPU
		{2190E2EE-A185-4E75-9B91-FC36C8E2B9D8}.Debug|x86.Build.0 = Debug|Any CPU
		{2190E2EE-A185-4E75-9B91-FC36C8E2B9D8}.Release|Any CPU.ActiveCfg = Release|Any CPU
		{2190E2EE-A185-4E75-9B91-FC36C8E2B9D8}.Release|Any CPU.Build.0 = Release|Any CPU
		{2190E2EE-A185-4E75-9B91-FC36C8E2B9D8}.Release|x64.ActiveCfg = Release|Any CPU
		{2190E2EE-A185-4E75-9B91-FC36C8E2B9D8}.Release|x64.Build.0 = Release|Any CPU
		{2190E2EE-A185-4E75-9B91-FC36C8E2B9D8}.Release|x86.ActiveCfg = Release|Any CPU
		{2190E2EE-A185-4E75-9B91-FC36C8E2B9D8}.Release|x86.Build.0 = Release|Any CPU
		{36C8666B-5E7D-4875-BD64-325605806105}.Debug|Any CPU.ActiveCfg = Debug|Any CPU
		{36C8666B-5E7D-4875-BD64-325605806105}.Debug|Any CPU.Build.0 = Debug|Any CPU
		{36C8666B-5E7D-4875-BD64-325605806105}.Debug|x64.ActiveCfg = Debug|Any CPU
		{36C8666B-5E7D-4875-BD64-325605806105}.Debug|x64.Build.0 = Debug|Any CPU
		{36C8666B-5E7D-4875-BD64-325605806105}.Debug|x86.ActiveCfg = Debug|Any CPU
		{36C8666B-5E7D-4875-BD64-325605806105}.Debug|x86.Build.0 = Debug|Any CPU
		{36C8666B-5E7D-4875-BD64-325605806105}.Release|Any CPU.ActiveCfg = Release|Any CPU
		{36C8666B-5E7D-4875-BD64-325605806105}.Release|Any CPU.Build.0 = Release|Any CPU
		{36C8666B-5E7D-4875-BD64-325605806105}.Release|x64.ActiveCfg = Release|Any CPU
		{36C8666B-5E7D-4875-BD64-325605806105}.Release|x64.Build.0 = Release|Any CPU
		{36C8666B-5E7D-4875-BD64-325605806105}.Release|x86.ActiveCfg = Release|Any CPU
		{36C8666B-5E7D-4875-BD64-325605806105}.Release|x86.Build.0 = Release|Any CPU
		{2695F7A3-DC58-478F-8C0A-2ACB52192C5C}.Debug|Any CPU.ActiveCfg = Debug|Any CPU
		{2695F7A3-DC58-478F-8C0A-2ACB52192C5C}.Debug|Any CPU.Build.0 = Debug|Any CPU
		{2695F7A3-DC58-478F-8C0A-2ACB52192C5C}.Debug|x64.ActiveCfg = Debug|Any CPU
		{2695F7A3-DC58-478F-8C0A-2ACB52192C5C}.Debug|x64.Build.0 = Debug|Any CPU
		{2695F7A3-DC58-478F-8C0A-2ACB52192C5C}.Debug|x86.ActiveCfg = Debug|Any CPU
		{2695F7A3-DC58-478F-8C0A-2ACB52192C5C}.Debug|x86.Build.0 = Debug|Any CPU
		{2695F7A3-DC58-478F-8C0A-2ACB52192C5C}.Release|Any CPU.ActiveCfg = Release|Any CPU
		{2695F7A3-DC58-478F-8C0A-2ACB52192C5C}.Release|Any CPU.Build.0 = Release|Any CPU
		{2695F7A3-DC58-478F-8C0A-2ACB52192C5C}.Release|x64.ActiveCfg = Release|Any CPU
		{2695F7A3-DC58-478F-8C0A-2ACB52192C5C}.Release|x64.Build.0 = Release|Any CPU
		{2695F7A3-DC58-478F-8C0A-2ACB52192C5C}.Release|x86.ActiveCfg = Release|Any CPU
		{2695F7A3-DC58-478F-8C0A-2ACB52192C5C}.Release|x86.Build.0 = Release|Any CPU
		{A9A0A737-658C-44EA-B773-3F9E453E9737}.Debug|Any CPU.ActiveCfg = Debug|Any CPU
		{A9A0A737-658C-44EA-B773-3F9E453E9737}.Debug|Any CPU.Build.0 = Debug|Any CPU
		{A9A0A737-658C-44EA-B773-3F9E453E9737}.Debug|x64.ActiveCfg = Debug|Any CPU
		{A9A0A737-658C-44EA-B773-3F9E453E9737}.Debug|x64.Build.0 = Debug|Any CPU
		{A9A0A737-658C-44EA-B773-3F9E453E9737}.Debug|x86.ActiveCfg = Debug|Any CPU
		{A9A0A737-658C-44EA-B773-3F9E453E9737}.Debug|x86.Build.0 = Debug|Any CPU
		{A9A0A737-658C-44EA-B773-3F9E453E9737}.Release|Any CPU.ActiveCfg = Release|Any CPU
		{A9A0A737-658C-44EA-B773-3F9E453E9737}.Release|Any CPU.Build.0 = Release|Any CPU
		{A9A0A737-658C-44EA-B773-3F9E453E9737}.Release|x64.ActiveCfg = Release|Any CPU
		{A9A0A737-658C-44EA-B773-3F9E453E9737}.Release|x64.Build.0 = Release|Any CPU
		{A9A0A737-658C-44EA-B773-3F9E453E9737}.Release|x86.ActiveCfg = Release|Any CPU
		{A9A0A737-658C-44EA-B773-3F9E453E9737}.Release|x86.Build.0 = Release|Any CPU
		{ADD0E40A-B1F8-41A7-A02C-A2DC56295E4B}.Debug|Any CPU.ActiveCfg = Debug|Any CPU
		{ADD0E40A-B1F8-41A7-A02C-A2DC56295E4B}.Debug|Any CPU.Build.0 = Debug|Any CPU
		{ADD0E40A-B1F8-41A7-A02C-A2DC56295E4B}.Debug|x64.ActiveCfg = Debug|Any CPU
		{ADD0E40A-B1F8-41A7-A02C-A2DC56295E4B}.Debug|x64.Build.0 = Debug|Any CPU
		{ADD0E40A-B1F8-41A7-A02C-A2DC56295E4B}.Debug|x86.ActiveCfg = Debug|Any CPU
		{ADD0E40A-B1F8-41A7-A02C-A2DC56295E4B}.Debug|x86.Build.0 = Debug|Any CPU
		{ADD0E40A-B1F8-41A7-A02C-A2DC56295E4B}.Release|Any CPU.ActiveCfg = Release|Any CPU
		{ADD0E40A-B1F8-41A7-A02C-A2DC56295E4B}.Release|Any CPU.Build.0 = Release|Any CPU
		{ADD0E40A-B1F8-41A7-A02C-A2DC56295E4B}.Release|x64.ActiveCfg = Release|Any CPU
		{ADD0E40A-B1F8-41A7-A02C-A2DC56295E4B}.Release|x64.Build.0 = Release|Any CPU
		{ADD0E40A-B1F8-41A7-A02C-A2DC56295E4B}.Release|x86.ActiveCfg = Release|Any CPU
		{ADD0E40A-B1F8-41A7-A02C-A2DC56295E4B}.Release|x86.Build.0 = Release|Any CPU
		{9767FE12-1918-4D4E-BCCE-A56771AFB958}.Debug|Any CPU.ActiveCfg = Debug|Any CPU
		{9767FE12-1918-4D4E-BCCE-A56771AFB958}.Debug|Any CPU.Build.0 = Debug|Any CPU
		{9767FE12-1918-4D4E-BCCE-A56771AFB958}.Debug|x64.ActiveCfg = Debug|Any CPU
		{9767FE12-1918-4D4E-BCCE-A56771AFB958}.Debug|x64.Build.0 = Debug|Any CPU
		{9767FE12-1918-4D4E-BCCE-A56771AFB958}.Debug|x86.ActiveCfg = Debug|Any CPU
		{9767FE12-1918-4D4E-BCCE-A56771AFB958}.Debug|x86.Build.0 = Debug|Any CPU
		{9767FE12-1918-4D4E-BCCE-A56771AFB958}.Release|Any CPU.ActiveCfg = Release|Any CPU
		{9767FE12-1918-4D4E-BCCE-A56771AFB958}.Release|Any CPU.Build.0 = Release|Any CPU
		{9767FE12-1918-4D4E-BCCE-A56771AFB958}.Release|x64.ActiveCfg = Release|Any CPU
		{9767FE12-1918-4D4E-BCCE-A56771AFB958}.Release|x64.Build.0 = Release|Any CPU
		{9767FE12-1918-4D4E-BCCE-A56771AFB958}.Release|x86.ActiveCfg = Release|Any CPU
		{9767FE12-1918-4D4E-BCCE-A56771AFB958}.Release|x86.Build.0 = Release|Any CPU
		{5BF69168-137C-4E3D-B41D-7EC60E6A23CB}.Debug|Any CPU.ActiveCfg = Debug|Any CPU
		{5BF69168-137C-4E3D-B41D-7EC60E6A23CB}.Debug|Any CPU.Build.0 = Debug|Any CPU
		{5BF69168-137C-4E3D-B41D-7EC60E6A23CB}.Debug|x64.ActiveCfg = Debug|Any CPU
		{5BF69168-137C-4E3D-B41D-7EC60E6A23CB}.Debug|x64.Build.0 = Debug|Any CPU
		{5BF69168-137C-4E3D-B41D-7EC60E6A23CB}.Debug|x86.ActiveCfg = Debug|Any CPU
		{5BF69168-137C-4E3D-B41D-7EC60E6A23CB}.Debug|x86.Build.0 = Debug|Any CPU
		{5BF69168-137C-4E3D-B41D-7EC60E6A23CB}.Release|Any CPU.ActiveCfg = Release|Any CPU
		{5BF69168-137C-4E3D-B41D-7EC60E6A23CB}.Release|Any CPU.Build.0 = Release|Any CPU
		{5BF69168-137C-4E3D-B41D-7EC60E6A23CB}.Release|x64.ActiveCfg = Release|Any CPU
		{5BF69168-137C-4E3D-B41D-7EC60E6A23CB}.Release|x64.Build.0 = Release|Any CPU
		{5BF69168-137C-4E3D-B41D-7EC60E6A23CB}.Release|x86.ActiveCfg = Release|Any CPU
		{5BF69168-137C-4E3D-B41D-7EC60E6A23CB}.Release|x86.Build.0 = Release|Any CPU
		{EEC634AF-696C-4D6C-90C3-463BA6621AD6}.Debug|Any CPU.ActiveCfg = Debug|Any CPU
		{EEC634AF-696C-4D6C-90C3-463BA6621AD6}.Debug|Any CPU.Build.0 = Debug|Any CPU
		{EEC634AF-696C-4D6C-90C3-463BA6621AD6}.Debug|x64.ActiveCfg = Debug|Any CPU
		{EEC634AF-696C-4D6C-90C3-463BA6621AD6}.Debug|x64.Build.0 = Debug|Any CPU
		{EEC634AF-696C-4D6C-90C3-463BA6621AD6}.Debug|x86.ActiveCfg = Debug|Any CPU
		{EEC634AF-696C-4D6C-90C3-463BA6621AD6}.Debug|x86.Build.0 = Debug|Any CPU
		{EEC634AF-696C-4D6C-90C3-463BA6621AD6}.Release|Any CPU.ActiveCfg = Release|Any CPU
		{EEC634AF-696C-4D6C-90C3-463BA6621AD6}.Release|Any CPU.Build.0 = Release|Any CPU
		{EEC634AF-696C-4D6C-90C3-463BA6621AD6}.Release|x64.ActiveCfg = Release|Any CPU
		{EEC634AF-696C-4D6C-90C3-463BA6621AD6}.Release|x64.Build.0 = Release|Any CPU
		{EEC634AF-696C-4D6C-90C3-463BA6621AD6}.Release|x86.ActiveCfg = Release|Any CPU
		{EEC634AF-696C-4D6C-90C3-463BA6621AD6}.Release|x86.Build.0 = Release|Any CPU
		{CE28A7E5-94EA-45A8-B044-E5D3F03596C9}.Debug|Any CPU.ActiveCfg = Debug|Any CPU
		{CE28A7E5-94EA-45A8-B044-E5D3F03596C9}.Debug|Any CPU.Build.0 = Debug|Any CPU
		{CE28A7E5-94EA-45A8-B044-E5D3F03596C9}.Debug|x64.ActiveCfg = Debug|Any CPU
		{CE28A7E5-94EA-45A8-B044-E5D3F03596C9}.Debug|x64.Build.0 = Debug|Any CPU
		{CE28A7E5-94EA-45A8-B044-E5D3F03596C9}.Debug|x86.ActiveCfg = Debug|Any CPU
		{CE28A7E5-94EA-45A8-B044-E5D3F03596C9}.Debug|x86.Build.0 = Debug|Any CPU
		{CE28A7E5-94EA-45A8-B044-E5D3F03596C9}.Release|Any CPU.ActiveCfg = Release|Any CPU
		{CE28A7E5-94EA-45A8-B044-E5D3F03596C9}.Release|Any CPU.Build.0 = Release|Any CPU
		{CE28A7E5-94EA-45A8-B044-E5D3F03596C9}.Release|x64.ActiveCfg = Release|Any CPU
		{CE28A7E5-94EA-45A8-B044-E5D3F03596C9}.Release|x64.Build.0 = Release|Any CPU
		{CE28A7E5-94EA-45A8-B044-E5D3F03596C9}.Release|x86.ActiveCfg = Release|Any CPU
		{CE28A7E5-94EA-45A8-B044-E5D3F03596C9}.Release|x86.Build.0 = Release|Any CPU
		{5B714F3B-D252-4254-8A7D-7017CD19F29F}.Debug|Any CPU.ActiveCfg = Debug|Any CPU
		{5B714F3B-D252-4254-8A7D-7017CD19F29F}.Debug|Any CPU.Build.0 = Debug|Any CPU
		{5B714F3B-D252-4254-8A7D-7017CD19F29F}.Debug|x64.ActiveCfg = Debug|Any CPU
		{5B714F3B-D252-4254-8A7D-7017CD19F29F}.Debug|x64.Build.0 = Debug|Any CPU
		{5B714F3B-D252-4254-8A7D-7017CD19F29F}.Debug|x86.ActiveCfg = Debug|Any CPU
		{5B714F3B-D252-4254-8A7D-7017CD19F29F}.Debug|x86.Build.0 = Debug|Any CPU
		{5B714F3B-D252-4254-8A7D-7017CD19F29F}.Release|Any CPU.ActiveCfg = Release|Any CPU
		{5B714F3B-D252-4254-8A7D-7017CD19F29F}.Release|Any CPU.Build.0 = Release|Any CPU
		{5B714F3B-D252-4254-8A7D-7017CD19F29F}.Release|x64.ActiveCfg = Release|Any CPU
		{5B714F3B-D252-4254-8A7D-7017CD19F29F}.Release|x64.Build.0 = Release|Any CPU
		{5B714F3B-D252-4254-8A7D-7017CD19F29F}.Release|x86.ActiveCfg = Release|Any CPU
		{5B714F3B-D252-4254-8A7D-7017CD19F29F}.Release|x86.Build.0 = Release|Any CPU
		{737943CD-CEC6-4EB9-8655-440D124BBE2C}.Debug|Any CPU.ActiveCfg = Debug|Any CPU
		{737943CD-CEC6-4EB9-8655-440D124BBE2C}.Debug|Any CPU.Build.0 = Debug|Any CPU
		{737943CD-CEC6-4EB9-8655-440D124BBE2C}.Debug|x64.ActiveCfg = Debug|Any CPU
		{737943CD-CEC6-4EB9-8655-440D124BBE2C}.Debug|x64.Build.0 = Debug|Any CPU
		{737943CD-CEC6-4EB9-8655-440D124BBE2C}.Debug|x86.ActiveCfg = Debug|Any CPU
		{737943CD-CEC6-4EB9-8655-440D124BBE2C}.Debug|x86.Build.0 = Debug|Any CPU
		{737943CD-CEC6-4EB9-8655-440D124BBE2C}.Release|Any CPU.ActiveCfg = Release|Any CPU
		{737943CD-CEC6-4EB9-8655-440D124BBE2C}.Release|Any CPU.Build.0 = Release|Any CPU
		{737943CD-CEC6-4EB9-8655-440D124BBE2C}.Release|x64.ActiveCfg = Release|Any CPU
		{737943CD-CEC6-4EB9-8655-440D124BBE2C}.Release|x64.Build.0 = Release|Any CPU
		{737943CD-CEC6-4EB9-8655-440D124BBE2C}.Release|x86.ActiveCfg = Release|Any CPU
		{737943CD-CEC6-4EB9-8655-440D124BBE2C}.Release|x86.Build.0 = Release|Any CPU
		{5AE094D4-EA6A-415D-B17B-745B7AEE3E33}.Debug|Any CPU.ActiveCfg = Debug|Any CPU
		{5AE094D4-EA6A-415D-B17B-745B7AEE3E33}.Debug|Any CPU.Build.0 = Debug|Any CPU
		{5AE094D4-EA6A-415D-B17B-745B7AEE3E33}.Debug|x64.ActiveCfg = Debug|Any CPU
		{5AE094D4-EA6A-415D-B17B-745B7AEE3E33}.Debug|x64.Build.0 = Debug|Any CPU
		{5AE094D4-EA6A-415D-B17B-745B7AEE3E33}.Debug|x86.ActiveCfg = Debug|Any CPU
		{5AE094D4-EA6A-415D-B17B-745B7AEE3E33}.Debug|x86.Build.0 = Debug|Any CPU
		{5AE094D4-EA6A-415D-B17B-745B7AEE3E33}.Release|Any CPU.ActiveCfg = Release|Any CPU
		{5AE094D4-EA6A-415D-B17B-745B7AEE3E33}.Release|Any CPU.Build.0 = Release|Any CPU
		{5AE094D4-EA6A-415D-B17B-745B7AEE3E33}.Release|x64.ActiveCfg = Release|Any CPU
		{5AE094D4-EA6A-415D-B17B-745B7AEE3E33}.Release|x64.Build.0 = Release|Any CPU
		{5AE094D4-EA6A-415D-B17B-745B7AEE3E33}.Release|x86.ActiveCfg = Release|Any CPU
		{5AE094D4-EA6A-415D-B17B-745B7AEE3E33}.Release|x86.Build.0 = Release|Any CPU
		{1340B17B-0719-448D-8C5E-053C7020C315}.Debug|Any CPU.ActiveCfg = Debug|Any CPU
		{1340B17B-0719-448D-8C5E-053C7020C315}.Debug|Any CPU.Build.0 = Debug|Any CPU
		{1340B17B-0719-448D-8C5E-053C7020C315}.Debug|x64.ActiveCfg = Debug|Any CPU
		{1340B17B-0719-448D-8C5E-053C7020C315}.Debug|x64.Build.0 = Debug|Any CPU
		{1340B17B-0719-448D-8C5E-053C7020C315}.Debug|x86.ActiveCfg = Debug|Any CPU
		{1340B17B-0719-448D-8C5E-053C7020C315}.Debug|x86.Build.0 = Debug|Any CPU
		{1340B17B-0719-448D-8C5E-053C7020C315}.Release|Any CPU.ActiveCfg = Release|Any CPU
		{1340B17B-0719-448D-8C5E-053C7020C315}.Release|Any CPU.Build.0 = Release|Any CPU
		{1340B17B-0719-448D-8C5E-053C7020C315}.Release|x64.ActiveCfg = Release|Any CPU
		{1340B17B-0719-448D-8C5E-053C7020C315}.Release|x64.Build.0 = Release|Any CPU
		{1340B17B-0719-448D-8C5E-053C7020C315}.Release|x86.ActiveCfg = Release|Any CPU
		{1340B17B-0719-448D-8C5E-053C7020C315}.Release|x86.Build.0 = Release|Any CPU
		{EB9C94B9-91B4-4F66-9763-6CE637901145}.Debug|Any CPU.ActiveCfg = Debug|Any CPU
		{EB9C94B9-91B4-4F66-9763-6CE637901145}.Debug|Any CPU.Build.0 = Debug|Any CPU
		{EB9C94B9-91B4-4F66-9763-6CE637901145}.Debug|x64.ActiveCfg = Debug|x64
		{EB9C94B9-91B4-4F66-9763-6CE637901145}.Debug|x64.Build.0 = Debug|x64
		{EB9C94B9-91B4-4F66-9763-6CE637901145}.Debug|x86.ActiveCfg = Debug|Any CPU
		{EB9C94B9-91B4-4F66-9763-6CE637901145}.Debug|x86.Build.0 = Debug|Any CPU
		{EB9C94B9-91B4-4F66-9763-6CE637901145}.Release|Any CPU.ActiveCfg = Release|Any CPU
		{EB9C94B9-91B4-4F66-9763-6CE637901145}.Release|Any CPU.Build.0 = Release|Any CPU
		{EB9C94B9-91B4-4F66-9763-6CE637901145}.Release|x64.ActiveCfg = Release|x64
		{EB9C94B9-91B4-4F66-9763-6CE637901145}.Release|x64.Build.0 = Release|x64
		{EB9C94B9-91B4-4F66-9763-6CE637901145}.Release|x86.ActiveCfg = Release|Any CPU
		{EB9C94B9-91B4-4F66-9763-6CE637901145}.Release|x86.Build.0 = Release|Any CPU
		{98EC024C-6439-44B1-8B1E-29E457B2201F}.Debug|Any CPU.ActiveCfg = Debug|Any CPU
		{98EC024C-6439-44B1-8B1E-29E457B2201F}.Debug|Any CPU.Build.0 = Debug|Any CPU
		{98EC024C-6439-44B1-8B1E-29E457B2201F}.Debug|x64.ActiveCfg = Debug|Any CPU
		{98EC024C-6439-44B1-8B1E-29E457B2201F}.Debug|x64.Build.0 = Debug|Any CPU
		{98EC024C-6439-44B1-8B1E-29E457B2201F}.Debug|x86.ActiveCfg = Debug|Any CPU
		{98EC024C-6439-44B1-8B1E-29E457B2201F}.Debug|x86.Build.0 = Debug|Any CPU
		{98EC024C-6439-44B1-8B1E-29E457B2201F}.Release|Any CPU.ActiveCfg = Release|Any CPU
		{98EC024C-6439-44B1-8B1E-29E457B2201F}.Release|Any CPU.Build.0 = Release|Any CPU
		{98EC024C-6439-44B1-8B1E-29E457B2201F}.Release|x64.ActiveCfg = Release|Any CPU
		{98EC024C-6439-44B1-8B1E-29E457B2201F}.Release|x64.Build.0 = Release|Any CPU
		{98EC024C-6439-44B1-8B1E-29E457B2201F}.Release|x86.ActiveCfg = Release|Any CPU
		{98EC024C-6439-44B1-8B1E-29E457B2201F}.Release|x86.Build.0 = Release|Any CPU
		{BA49793A-4B18-4AA5-B118-B003F73BEA2B}.Debug|Any CPU.ActiveCfg = Debug|Any CPU
		{BA49793A-4B18-4AA5-B118-B003F73BEA2B}.Debug|Any CPU.Build.0 = Debug|Any CPU
		{BA49793A-4B18-4AA5-B118-B003F73BEA2B}.Debug|x64.ActiveCfg = Debug|Any CPU
		{BA49793A-4B18-4AA5-B118-B003F73BEA2B}.Debug|x64.Build.0 = Debug|Any CPU
		{BA49793A-4B18-4AA5-B118-B003F73BEA2B}.Debug|x86.ActiveCfg = Debug|Any CPU
		{BA49793A-4B18-4AA5-B118-B003F73BEA2B}.Debug|x86.Build.0 = Debug|Any CPU
		{BA49793A-4B18-4AA5-B118-B003F73BEA2B}.Release|Any CPU.ActiveCfg = Release|Any CPU
		{BA49793A-4B18-4AA5-B118-B003F73BEA2B}.Release|Any CPU.Build.0 = Release|Any CPU
		{BA49793A-4B18-4AA5-B118-B003F73BEA2B}.Release|x64.ActiveCfg = Release|Any CPU
		{BA49793A-4B18-4AA5-B118-B003F73BEA2B}.Release|x64.Build.0 = Release|Any CPU
		{BA49793A-4B18-4AA5-B118-B003F73BEA2B}.Release|x86.ActiveCfg = Release|Any CPU
		{BA49793A-4B18-4AA5-B118-B003F73BEA2B}.Release|x86.Build.0 = Release|Any CPU
		{F6AC27EC-0479-475D-A6D0-617AAB9365D5}.Debug|Any CPU.ActiveCfg = Debug|Any CPU
		{F6AC27EC-0479-475D-A6D0-617AAB9365D5}.Debug|Any CPU.Build.0 = Debug|Any CPU
		{F6AC27EC-0479-475D-A6D0-617AAB9365D5}.Debug|x64.ActiveCfg = Debug|Any CPU
		{F6AC27EC-0479-475D-A6D0-617AAB9365D5}.Debug|x64.Build.0 = Debug|Any CPU
		{F6AC27EC-0479-475D-A6D0-617AAB9365D5}.Debug|x86.ActiveCfg = Debug|Any CPU
		{F6AC27EC-0479-475D-A6D0-617AAB9365D5}.Debug|x86.Build.0 = Debug|Any CPU
		{F6AC27EC-0479-475D-A6D0-617AAB9365D5}.Release|Any CPU.ActiveCfg = Release|Any CPU
		{F6AC27EC-0479-475D-A6D0-617AAB9365D5}.Release|Any CPU.Build.0 = Release|Any CPU
		{F6AC27EC-0479-475D-A6D0-617AAB9365D5}.Release|x64.ActiveCfg = Release|Any CPU
		{F6AC27EC-0479-475D-A6D0-617AAB9365D5}.Release|x64.Build.0 = Release|Any CPU
		{F6AC27EC-0479-475D-A6D0-617AAB9365D5}.Release|x86.ActiveCfg = Release|Any CPU
		{F6AC27EC-0479-475D-A6D0-617AAB9365D5}.Release|x86.Build.0 = Release|Any CPU
		{7A64006A-8BF9-4401-BD7E-84228947C1C2}.Debug|Any CPU.ActiveCfg = Debug|Any CPU
		{7A64006A-8BF9-4401-BD7E-84228947C1C2}.Debug|Any CPU.Build.0 = Debug|Any CPU
		{7A64006A-8BF9-4401-BD7E-84228947C1C2}.Debug|x64.ActiveCfg = Debug|Any CPU
		{7A64006A-8BF9-4401-BD7E-84228947C1C2}.Debug|x64.Build.0 = Debug|Any CPU
		{7A64006A-8BF9-4401-BD7E-84228947C1C2}.Debug|x86.ActiveCfg = Debug|Any CPU
		{7A64006A-8BF9-4401-BD7E-84228947C1C2}.Debug|x86.Build.0 = Debug|Any CPU
		{7A64006A-8BF9-4401-BD7E-84228947C1C2}.Release|Any CPU.ActiveCfg = Release|Any CPU
		{7A64006A-8BF9-4401-BD7E-84228947C1C2}.Release|Any CPU.Build.0 = Release|Any CPU
		{7A64006A-8BF9-4401-BD7E-84228947C1C2}.Release|x64.ActiveCfg = Release|Any CPU
		{7A64006A-8BF9-4401-BD7E-84228947C1C2}.Release|x64.Build.0 = Release|Any CPU
		{7A64006A-8BF9-4401-BD7E-84228947C1C2}.Release|x86.ActiveCfg = Release|Any CPU
		{7A64006A-8BF9-4401-BD7E-84228947C1C2}.Release|x86.Build.0 = Release|Any CPU
	EndGlobalSection
	GlobalSection(SolutionProperties) = preSolution
		HideSolutionNode = FALSE
	EndGlobalSection
	GlobalSection(NestedProjects) = preSolution
		{29D0E20B-A8FB-4050-B742-FA8E4148C5B2} = {FD839F89-4D85-4256-B4A9-5D1F3100CB95}
		{0F9EFE8B-40F1-4E2C-9DF9-809514A8ECDB} = {98D32219-EA7C-44FB-89F1-41BB2B863EA7}
		{C8F1CA51-7600-40B0-B17E-B6D445B2E57C} = {CAD60DFA-15EF-4DE0-9EEC-1BFD6B8D955F}
		{F93B643F-2254-434B-A42A-D2A7155152CA} = {46CEA9ED-AD5C-4BAD-8737-93D3D06A5E31}
		{B509D9BA-92FA-45F6-877C-ADC80F14F785} = {6C689D9C-CA49-40DF-A6B9-7BD9C2C1EE55}
		{4CD2BAD2-478F-4294-A210-8CB601C04F55} = {FD839F89-4D85-4256-B4A9-5D1F3100CB95}
		{01940F78-F528-4C0E-8F1A-D14C7CF26BC1} = {98D32219-EA7C-44FB-89F1-41BB2B863EA7}
		{6E3696F7-C186-4E18-ACF2-D1953779EB5A} = {2BF72D41-4D94-48C4-A5E7-5CEC2D351BEB}
		{2AF60BE2-6EAC-400C-BD4A-8330EF6800E9} = {2BF72D41-4D94-48C4-A5E7-5CEC2D351BEB}
		{2190E2EE-A185-4E75-9B91-FC36C8E2B9D8} = {46CEA9ED-AD5C-4BAD-8737-93D3D06A5E31}
		{36C8666B-5E7D-4875-BD64-325605806105} = {6C689D9C-CA49-40DF-A6B9-7BD9C2C1EE55}
		{87F5231C-EA20-4D89-B038-2405D3BABCD8} = {6E3696F7-C186-4E18-ACF2-D1953779EB5A}
		{98D32219-EA7C-44FB-89F1-41BB2B863EA7} = {6E3696F7-C186-4E18-ACF2-D1953779EB5A}
		{FD839F89-4D85-4256-B4A9-5D1F3100CB95} = {2AF60BE2-6EAC-400C-BD4A-8330EF6800E9}
		{D07E0227-EA44-4312-B06B-071D60E0B37F} = {2AF60BE2-6EAC-400C-BD4A-8330EF6800E9}
		{7D700A8F-0D74-4E7F-8352-B7EA84DF7ABC} = {81E64B53-D821-4B6F-B03C-1854DC875A2E}
		{2695F7A3-DC58-478F-8C0A-2ACB52192C5C} = {87F5231C-EA20-4D89-B038-2405D3BABCD8}
		{A9A0A737-658C-44EA-B773-3F9E453E9737} = {87F5231C-EA20-4D89-B038-2405D3BABCD8}
		{ADD0E40A-B1F8-41A7-A02C-A2DC56295E4B} = {D07E0227-EA44-4312-B06B-071D60E0B37F}
		{9767FE12-1918-4D4E-BCCE-A56771AFB958} = {D07E0227-EA44-4312-B06B-071D60E0B37F}
		{46CEA9ED-AD5C-4BAD-8737-93D3D06A5E31} = {0EE1D776-1D48-4B71-9586-E9EF96A0FCB3}
		{6C689D9C-CA49-40DF-A6B9-7BD9C2C1EE55} = {0EE1D776-1D48-4B71-9586-E9EF96A0FCB3}
		{5BF69168-137C-4E3D-B41D-7EC60E6A23CB} = {7D700A8F-0D74-4E7F-8352-B7EA84DF7ABC}
		{EEC634AF-696C-4D6C-90C3-463BA6621AD6} = {7D700A8F-0D74-4E7F-8352-B7EA84DF7ABC}
		{2A7DD063-6845-4F01-BE9D-0653698BFADC} = {81E64B53-D821-4B6F-B03C-1854DC875A2E}
		{CE28A7E5-94EA-45A8-B044-E5D3F03596C9} = {2A7DD063-6845-4F01-BE9D-0653698BFADC}
		{5B714F3B-D252-4254-8A7D-7017CD19F29F} = {2A7DD063-6845-4F01-BE9D-0653698BFADC}
		{737943CD-CEC6-4EB9-8655-440D124BBE2C} = {09571CF2-8180-4E47-BE20-62F930A14FE1}
		{5AE094D4-EA6A-415D-B17B-745B7AEE3E33} = {09571CF2-8180-4E47-BE20-62F930A14FE1}
		{81E64B53-D821-4B6F-B03C-1854DC875A2E} = {4FC8E928-8816-40E5-AA0E-CD31AE0E5C29}
		{09571CF2-8180-4E47-BE20-62F930A14FE1} = {4FC8E928-8816-40E5-AA0E-CD31AE0E5C29}
		{38FF2F59-C5A3-4996-B35B-10F276D73856} = {4D0D143C-B43C-41F0-89AF-EDA121770B37}
		{1340B17B-0719-448D-8C5E-053C7020C315} = {38FF2F59-C5A3-4996-B35B-10F276D73856}
		{F7E23E95-ED82-4E07-9820-F2F92C78A43E} = {4D0D143C-B43C-41F0-89AF-EDA121770B37}
		{EB9C94B9-91B4-4F66-9763-6CE637901145} = {F7E23E95-ED82-4E07-9820-F2F92C78A43E}
		{98EC024C-6439-44B1-8B1E-29E457B2201F} = {F7E23E95-ED82-4E07-9820-F2F92C78A43E}
		{DE723DFA-5418-4429-8705-A139C7664B68} = {2BF72D41-4D94-48C4-A5E7-5CEC2D351BEB}
		{BA49793A-4B18-4AA5-B118-B003F73BEA2B} = {DD484C86-28CF-4DD2-8196-C0112C078AC8}
		{DD484C86-28CF-4DD2-8196-C0112C078AC8} = {DE723DFA-5418-4429-8705-A139C7664B68}
		{F6AC27EC-0479-475D-A6D0-617AAB9365D5} = {DD484C86-28CF-4DD2-8196-C0112C078AC8}
		{C3D644A4-9857-4653-8413-39531177B946} = {2BF72D41-4D94-48C4-A5E7-5CEC2D351BEB}
		{5E42E976-3910-491C-B7E2-76AB6A32BA75} = {C3D644A4-9857-4653-8413-39531177B946}
		{7A64006A-8BF9-4401-BD7E-84228947C1C2} = {5E42E976-3910-491C-B7E2-76AB6A32BA75}
	EndGlobalSection
EndGlobal
