
Microsoft Visual Studio Solution File, Format Version 12.00
# Visual Studio Version 16
VisualStudioVersion = 16.0.28729.10
MinimumVisualStudioVersion = 10.0.40219.1
Project("{2150E333-8FDC-42A3-9474-1A3956D46DE8}") = "000.Solution Items", "000.Solution Items", "{85BAAC83-9159-4E88-929C-FC9A98556042}"
	ProjectSection(SolutionItems) = preProject
		.gitattributes = .gitattributes
		.gitignore = .gitignore
		License.txt = License.txt
		README.md = README.md
		Solution.All.Projects.Common.AssemblyInfo.cs = Solution.All.Projects.Common.AssemblyInfo.cs
	EndProjectSection
EndProject
Project("{2150E333-8FDC-42A3-9474-1A3956D46DE8}") = "001.Nuget.Packages", "001.Nuget.Packages", "{CAD60DFA-15EF-4DE0-9EEC-1BFD6B8D955F}"
EndProject
Project("{2150E333-8FDC-42A3-9474-1A3956D46DE8}") = "999.Test", "999.Test", "{4FC8E928-8816-40E5-AA0E-CD31AE0E5C29}"
EndProject
Project("{2150E333-8FDC-42A3-9474-1A3956D46DE8}") = "99.Test", "99.Test", "{87F5231C-EA20-4D89-B038-2405D3BABCD8}"
EndProject
Project("{2150E333-8FDC-42A3-9474-1A3956D46DE8}") = "00.Source", "00.Source", "{FD839F89-4D85-4256-B4A9-5D1F3100CB95}"
EndProject
Project("{2150E333-8FDC-42A3-9474-1A3956D46DE8}") = "99.Test", "99.Test", "{D07E0227-EA44-4312-B06B-071D60E0B37F}"
EndProject
Project("{2150E333-8FDC-42A3-9474-1A3956D46DE8}") = "99.Test", "99.Test", "{7D700A8F-0D74-4E7F-8352-B7EA84DF7ABC}"
EndProject
Project("{FAE04EC0-301F-11D3-BF4B-00C04F79EFBC}") = "ConcurrentAsyncQueue.Test.NET.Framework.4.6.x", "Test\ConcurrentAsyncQueue.Test\ConcurrentAsyncQueue.Test.NET.Framework.4.6.x.csproj", "{A9A0A737-658C-44EA-B773-3F9E453E9737}"
EndProject
Project("{FAE04EC0-301F-11D3-BF4B-00C04F79EFBC}") = "EasyPerformanceCountersHelper.Test.NET.Framework.4.6.x", "Test\EasyPerformanceCountersHelper.Test\EasyPerformanceCountersHelper.Test.NET.Framework.4.6.x.csproj", "{9767FE12-1918-4D4E-BCCE-A56771AFB958}"
EndProject
Project("{FAE04EC0-301F-11D3-BF4B-00C04F79EFBC}") = "ConfigurationAppSettingsHelper.Test.NET.Framework.4.6.x", "Test\ConfigurationAppSettingsHelper.Test\ConfigurationAppSettingsHelper.Test.NET.Framework.4.6.x.csproj", "{5B714F3B-D252-4254-8A7D-7017CD19F29F}"
EndProject
Project("{FAE04EC0-301F-11D3-BF4B-00C04F79EFBC}") = "UnitTestProject1", "UnitTestProject1\UnitTestProject1.csproj", "{737943CD-CEC6-4EB9-8655-440D124BBE2C}"
EndProject
Project("{FAE04EC0-301F-11D3-BF4B-00C04F79EFBC}") = "ConcurrentAsyncQueue.NET4.5.xTests", "ConcurrentAsyncQueue.NET4.5.xTests\ConcurrentAsyncQueue.NET4.5.xTests.csproj", "{5AE094D4-EA6A-415D-B17B-745B7AEE3E33}"
EndProject
Project("{2150E333-8FDC-42A3-9474-1A3956D46DE8}") = "001.ManualTests", "001.ManualTests", "{81E64B53-D821-4B6F-B03C-1854DC875A2E}"
EndProject
Project("{2150E333-8FDC-42A3-9474-1A3956D46DE8}") = "100.UnitTests", "100.UnitTests", "{09571CF2-8180-4E47-BE20-62F930A14FE1}"
EndProject
Project("{2150E333-8FDC-42A3-9474-1A3956D46DE8}") = "900.Samples", "900.Samples", "{4D0D143C-B43C-41F0-89AF-EDA121770B37}"
EndProject
Project("{2150E333-8FDC-42A3-9474-1A3956D46DE8}") = "001.WebApplication", "001.WebApplication", "{38FF2F59-C5A3-4996-B35B-10F276D73856}"
EndProject
Project("{FAE04EC0-301F-11D3-BF4B-00C04F79EFBC}") = "WebApplication", "Samples\WebApplication\WebApplication.csproj", "{1340B17B-0719-448D-8C5E-053C7020C315}"
EndProject
Project("{2150E333-8FDC-42A3-9474-1A3956D46DE8}") = "002.WorkFlowEtw", "002.WorkFlowEtw", "{F7E23E95-ED82-4E07-9820-F2F92C78A43E}"
EndProject
Project("{FAE04EC0-301F-11D3-BF4B-00C04F79EFBC}") = "NumberGuessWorkflowHost", "Samples\WorkFlowEtw\NumberGuessWorkflowHost\NumberGuessWorkflowHost.csproj", "{EB9C94B9-91B4-4F66-9763-6CE637901145}"
EndProject
Project("{FAE04EC0-301F-11D3-BF4B-00C04F79EFBC}") = "NumberGuessWorkflowActivities", "Samples\WorkFlowEtw\NumberGuessWorkflowActivities\NumberGuessWorkflowActivities.csproj", "{98EC024C-6439-44B1-8B1E-29E457B2201F}"
EndProject
Project("{2150E333-8FDC-42A3-9474-1A3956D46DE8}") = "00.SharedSource", "00.SharedSource", "{DD484C86-28CF-4DD2-8196-C0112C078AC8}"
EndProject
Project("{2150E333-8FDC-42A3-9474-1A3956D46DE8}") = "003.Microsoft.Diagnostics.Tracing", "003.Microsoft.Diagnostics.Tracing", "{11D26F1A-F971-420F-808E-B859FC7850B1}"
EndProject
Project("{2150E333-8FDC-42A3-9474-1A3956D46DE8}") = "010.SharedProjects", "010.SharedProjects", "{E402FB2A-AFF3-4187-8140-5837A01B1349}"
EndProject
Project("{D954291E-2A0B-460D-934E-DC6B0785DB48}") = "CommonUtilities.Shared", "CommonUtilities.Shared\CommonUtilities.Shared.shproj", "{7878DF3A-8418-4ACA-B415-300B81AFD792}"
EndProject
Project("{D954291E-2A0B-460D-934E-DC6B0785DB48}") = "CommonUtilities.Lite.Shared", "CommonUtilities.Shared\CommonUtilities.Lite.Shared.shproj", "{F9418680-7641-49AA-A72A-32408F111947}"
EndProject
Project("{2150E333-8FDC-42A3-9474-1A3956D46DE8}") = "00.CommonUtilities", "00.CommonUtilities", "{43EF88A3-B29F-4CBF-9A4B-DF2AACED052E}"
EndProject
Project("{2150E333-8FDC-42A3-9474-1A3956D46DE8}") = "01.CommonUtilities.Lite", "01.CommonUtilities.Lite", "{513EA74F-CC4B-4ED9-9C26-C8906FC47837}"
EndProject
Project("{2150E333-8FDC-42A3-9474-1A3956D46DE8}") = "20.CommonUtilities.Separated", "20.CommonUtilities.Separated", "{B87E2CCA-338B-475A-B22D-E19E70E36224}"
EndProject
Project("{2150E333-8FDC-42A3-9474-1A3956D46DE8}") = "15.ConcurrentAsyncQueue", "15.ConcurrentAsyncQueue", "{4261B537-547F-4CED-AB50-1C65F266E8EA}"
EndProject
Project("{D954291E-2A0B-460D-934E-DC6B0785DB48}") = "ConcurrentAsyncQueue.Shared", "CommonUtilities.Shared\ConcurrentAsyncQueue.Shared.shproj", "{F27798F3-0529-4852-9E9C-819699A772CB}"
EndProject
Project("{2150E333-8FDC-42A3-9474-1A3956D46DE8}") = "10.EasyPerformanceCountersHelper", "10.EasyPerformanceCountersHelper", "{57FEEBAC-5B60-474E-9769-91E20D357939}"
EndProject
Project("{D954291E-2A0B-460D-934E-DC6B0785DB48}") = "EasyPerformanceCountersHelper.Shared", "CommonUtilities.Shared\EasyPerformanceCountersHelper.Shared.shproj", "{B1913205-1D01-4A59-B0CA-B5C7460FB644}"
EndProject
Project("{2150E333-8FDC-42A3-9474-1A3956D46DE8}") = "20.WebApiUtilities", "20.WebApiUtilities", "{3B48FE61-A34A-44FD-B8E2-32CFCAD01569}"
EndProject
Project("{D954291E-2A0B-460D-934E-DC6B0785DB48}") = "WebApiUtilities.Shared", "CommonUtilities.Shared\WebApiUtilities.Shared.shproj", "{1FBD68B8-839E-4C54-A00C-BEAC21119371}"
EndProject
Project("{2150E333-8FDC-42A3-9474-1A3956D46DE8}") = "30.Microshaoft.Diagnostics.Tracing", "30.Microshaoft.Diagnostics.Tracing", "{F4194639-41E5-476A-9B46-7CA43C22D29C}"
EndProject
Project("{2150E333-8FDC-42A3-9474-1A3956D46DE8}") = "00.Source", "00.Source", "{DB88E557-7263-41CD-8FB6-97B3ABEEF4BF}"
EndProject
Project("{2150E333-8FDC-42A3-9474-1A3956D46DE8}") = "00.SharedSource", "00.SharedSource", "{49026145-4CC3-4DED-BFAE-A2B87C0CEBC3}"
EndProject
Project("{2150E333-8FDC-42A3-9474-1A3956D46DE8}") = "00.SharedSource", "00.SharedSource", "{9635322E-C781-41F6-A37F-56AD7C36EB02}"
EndProject
Project("{2150E333-8FDC-42A3-9474-1A3956D46DE8}") = "99.Test", "99.Test", "{26EABEE0-A045-4616-BA84-D908F2066E44}"
EndProject
Project("{2150E333-8FDC-42A3-9474-1A3956D46DE8}") = "800.Nuget.Packaging", "800.Nuget.Packaging", "{1C26E3E0-A05C-4BFC-AA4F-90A48B5D58E6}"
EndProject
Project("{2150E333-8FDC-42A3-9474-1A3956D46DE8}") = "90.NugetPackaging", "90.NugetPackaging", "{669D185B-A869-43A7-A190-8257AA43B8E3}"
EndProject
Project("{FAE04EC0-301F-11D3-BF4B-00C04F79EFBC}") = "CommonUtilities.NugetPackaging", "CommonUtilities.NugetPackaging\CommonUtilities.NugetPackaging.csproj", "{AA3E4625-5030-434D-850C-5BFA69D76F2E}"
EndProject
Project("{FAE04EC0-301F-11D3-BF4B-00C04F79EFBC}") = "CommonUtilities.NET.Framework.4.6.x", "CommonUtilities\CommonUtilities.Full\CommonUtilities.NET.Framework.4.6.x\CommonUtilities.NET.Framework.4.6.x.csproj", "{A6B57925-E9AD-4E09-BC4C-32A2BD1164A6}"
EndProject
Project("{FAE04EC0-301F-11D3-BF4B-00C04F79EFBC}") = "CommonUtilities.Lite.NET.Framework.4.6.x", "CommonUtilities\CommonUtilities.Lite\CommonUtilities.Lite.NET.Framework.4.6.x\CommonUtilities.Lite.NET.Framework.4.6.x.csproj", "{214A20F4-F017-42D8-8CC1-E35054A42E30}"
EndProject
Project("{FAE04EC0-301F-11D3-BF4B-00C04F79EFBC}") = "EasyPerformanceCountersHelper.NET.Framework.4.6.x", "CommonUtilities\EasyPerformanceCountersHelper\EasyPerformanceCountersHelper.NET.Framework.4.6.x\EasyPerformanceCountersHelper.NET.Framework.4.6.x.csproj", "{BF7A1C0A-FE1F-4DD9-A044-C895CF6FBD97}"
EndProject
Project("{FAE04EC0-301F-11D3-BF4B-00C04F79EFBC}") = "ConcurrentAsyncQueue.NET.Framework.4.6.x", "CommonUtilities\ConcurrentAsyncQueue\ConcurrentAsyncQueue.NET.Framework.4.6.x\ConcurrentAsyncQueue.NET.Framework.4.6.x.csproj", "{D2527213-7CF7-47D9-88DE-1C0CCD5F59DB}"
EndProject
Project("{FAE04EC0-301F-11D3-BF4B-00C04F79EFBC}") = "WebApiUtilities.NET.Framework.4.6.x", "CommonUtilities\WebApiUtilities\WebApiUtilities.NET.Framework.4.6.x\WebApiUtilities.NET.Framework.4.6.x.csproj", "{9077F25D-1118-4428-8B7C-E924E1A90281}"
EndProject
Project("{FAE04EC0-301F-11D3-BF4B-00C04F79EFBC}") = "ConsoleApplication.Common.Test.NET.Framework.4.6.x", "Test\ConsoleApplication.Common.Test.NET.Framework.4.6.x\ConsoleApplication.Common.Test.NET.Framework.4.6.x.csproj", "{4ABB4B40-9F74-40E0-AA24-6ED891BFCD4B}"
EndProject
Project("{2150E333-8FDC-42A3-9474-1A3956D46DE8}") = "10.Framework", "10.Framework", "{AC2081A9-8821-4480-9671-D3EB8F1D114A}"
EndProject
Project("{2150E333-8FDC-42A3-9474-1A3956D46DE8}") = "20.Cross-Platforms", "20.Cross-Platforms", "{BF00900E-12EA-4D02-A935-ABBDE6D3A9F9}"
EndProject
Project("{FAE04EC0-301F-11D3-BF4B-00C04F79EFBC}") = "CommonUtilities.NET.Framework.4.7.x", "CommonUtilities\CommonUtilities.Full\CommonUtilities.NET.Framework.4.7.x\CommonUtilities.NET.Framework.4.7.x.csproj", "{C2AF98F7-FE1F-46B9-8613-0EF72F6FF436}"
EndProject
Project("{FAE04EC0-301F-11D3-BF4B-00C04F79EFBC}") = "CommonUtilities.Lite.NET.Framework.4.7.x", "CommonUtilities\CommonUtilities.Lite\CommonUtilities.Lite.NET.Framework.4.7.x\CommonUtilities.Lite.NET.Framework.4.7.x.csproj", "{1B65919E-10EF-4FCE-9FEC-DE547A62FC15}"
EndProject
Project("{FAE04EC0-301F-11D3-BF4B-00C04F79EFBC}") = "EasyPerformanceCountersHelper.NET.Framework.4.7.x", "CommonUtilities\EasyPerformanceCountersHelper\EasyPerformanceCountersHelper.NET.Framework.4.7.x\EasyPerformanceCountersHelper.NET.Framework.4.7.x.csproj", "{8DECA320-739F-474B-BD5F-71C09EFC1EC2}"
EndProject
Project("{FAE04EC0-301F-11D3-BF4B-00C04F79EFBC}") = "ConcurrentAsyncQueue.NET.Framework.4.7.x", "CommonUtilities\ConcurrentAsyncQueue\ConcurrentAsyncQueue.NET.Framework.4.7.x\ConcurrentAsyncQueue.NET.Framework.4.7.x.csproj", "{DEBAF0D0-4A09-4FED-8A08-D782EB513A0D}"
EndProject
Project("{FAE04EC0-301F-11D3-BF4B-00C04F79EFBC}") = "WebApiUtilities.NET.Framework.4.7.x", "CommonUtilities\WebApiUtilities\WebApiUtilities.NET.Framework.4.7.x\WebApiUtilities.NET.Framework.4.7.x.csproj", "{54BE4C5D-B9CE-4C20-A6F0-62A2A888F4C4}"
EndProject
Project("{2150E333-8FDC-42A3-9474-1A3956D46DE8}") = "1.x", "1.x", "{48095AD5-2FDC-4C1B-85A8-3C36F6CF50B0}"
EndProject
Project("{2150E333-8FDC-42A3-9474-1A3956D46DE8}") = "2.x", "2.x", "{B2A16381-4144-4B92-A0BB-7468FA51BD58}"
EndProject
Project("{9A19103F-16F7-4668-BE54-9A1E7A4F7556}") = "CommonUtilities.NET.Core.2.x", "CommonUtilities\CommonUtilities.Full\CommonUtilities.NET.Core.2.x\CommonUtilities.NET.Core.2.x.csproj", "{0BBDB30E-CC25-4FF1-A55D-B5E87A89FF63}"
EndProject
Project("{9A19103F-16F7-4668-BE54-9A1E7A4F7556}") = "CommonUtilities.NET.Standard.2.x", "CommonUtilities\CommonUtilities.Full\CommonUtilities.NET.Standard.2.x\CommonUtilities.NET.Standard.2.x.csproj", "{27C1503D-46A2-430B-9A24-A7589828F8D9}"
EndProject
Project("{9A19103F-16F7-4668-BE54-9A1E7A4F7556}") = "ConsoleApp.Common.Test.NET.Core.2.x", "Test\ConsoleApp.Common.Test.NET.Core.2.x\ConsoleApp.Common.Test.NET.Core.2.x.csproj", "{FCD49C9C-0898-4195-957C-0EF86445BE5D}"
EndProject
Project("{D954291E-2A0B-460D-934E-DC6B0785DB48}") = "CommonUtilities.Console.Test.Shared", "Test\CommonUtilities.Console.Test.Shared\CommonUtilities.Console.Test.Shared.shproj", "{AE1C2A2E-C269-4996-A539-38D57E293C02}"
EndProject
Project("{2150E333-8FDC-42A3-9474-1A3956D46DE8}") = "00.SharedSource", "00.SharedSource", "{B019AE21-99C1-4C18-9A0B-5C69C7A03AAF}"
EndProject
Project("{FAE04EC0-301F-11D3-BF4B-00C04F79EFBC}") = "CommonUtilities.Lite.Test.NET.Framework.4.6.x", "Test\CommonUtilities.Test\CommonUtilities.Lite.Test.NET.Framework.4.6.x.csproj", "{C1CFEE39-6EA1-4524-AE68-B8C8F0ED9B4E}"
EndProject
Project("{2150E333-8FDC-42A3-9474-1A3956D46DE8}") = "004.SocketAsyncArgs.TCP.Echo.Server", "004.SocketAsyncArgs.TCP.Echo.Server", "{4C9B1AB9-2D80-4FEB-95AA-585BFE58030E}"
EndProject
Project("{2150E333-8FDC-42A3-9474-1A3956D46DE8}") = "00.Server", "00.Server", "{6BD175F5-27BB-4B9C-990C-E3F5BBA4D09A}"
EndProject
Project("{9A19103F-16F7-4668-BE54-9A1E7A4F7556}") = "ServerConsoleApp.Core", "Samples\SocketAsyncArgs.TCP.Echo.Server\ServerConsoleApp\ServerConsoleApp.Core\ServerConsoleApp.Core.csproj", "{560D3085-424B-4727-AD7F-2A6D3BF78082}"
EndProject
Project("{FAE04EC0-301F-11D3-BF4B-00C04F79EFBC}") = "ServerConsoleApp.Framework", "Samples\SocketAsyncArgs.TCP.Echo.Server\ServerConsoleApp\ServerConsoleApp.Framework\ServerConsoleApp.Framework.csproj", "{87C925F5-1925-4C3F-BC20-5BAEE076B998}"
EndProject
Project("{D954291E-2A0B-460D-934E-DC6B0785DB48}") = "ServerSharedProject", "Samples\SocketAsyncArgs.TCP.Echo.Server\ServerConsoleApp\ServerSharedProject\ServerSharedProject.shproj", "{3F6FEEE0-0473-441F-A073-889503EC7710}"
EndProject
Project("{2150E333-8FDC-42A3-9474-1A3956D46DE8}") = "01.Client", "01.Client", "{D40A24D8-040B-4AA8-A83B-B07E8998D17D}"
EndProject
Project("{9A19103F-16F7-4668-BE54-9A1E7A4F7556}") = "ClientConsoleApp.Core", "Samples\SocketAsyncArgs.TCP.Echo.Server\ClientConsoleApp\ClientConsoleApp.Core\ClientConsoleApp.Core.csproj", "{8C7F9477-C8FB-4C51-9202-A5538528ECF9}"
EndProject
Project("{FAE04EC0-301F-11D3-BF4B-00C04F79EFBC}") = "ClientConsoleApp.Framework", "Samples\SocketAsyncArgs.TCP.Echo.Server\ClientConsoleApp\ClientConsoleApp.Framework\ClientConsoleApp.Framework.csproj", "{53AB334D-022F-485E-A755-FE59B38DB953}"
EndProject
Project("{D954291E-2A0B-460D-934E-DC6B0785DB48}") = "ClientSharedProject", "Samples\SocketAsyncArgs.TCP.Echo.Server\ClientConsoleApp\ClientSharedProject\ClientSharedProject.shproj", "{E2A49F80-5E62-414D-BF57-8E1802B144A8}"
EndProject
Project("{2150E333-8FDC-42A3-9474-1A3956D46DE8}") = "005.Xamrain", "005.Xamrain", "{FFF710BB-7E3A-4D6C-9E09-F3BF2E4B12FA}"
EndProject
Project("{FAE04EC0-301F-11D3-BF4B-00C04F79EFBC}") = "AndroidApp1", "Samples\Xamarin\AndroidApp1\AndroidApp1.csproj", "{2F4CBF03-89F3-4250-A7D9-CBA4B527FFC8}"
EndProject
Project("{9A19103F-16F7-4668-BE54-9A1E7A4F7556}") = "CommonUtilities.NET.Xamarin.Standard.2.x", "CommonUtilities\CommonUtilities.Full\CommonUtilities.NET.Xamarin.Standard.2.x\CommonUtilities.NET.Xamarin.Standard.2.x.csproj", "{96ECF103-5181-4538-A15A-FFF8404042D0}"
EndProject
Project("{9A19103F-16F7-4668-BE54-9A1E7A4F7556}") = "WebApiUtilities.NET.Standard.2.x", "CommonUtilities\WebApiUtilities\WebApiUtilities.NET.Standard.2.x\WebApiUtilities.NET.Standard.2.x.csproj", "{65F5AF55-42BE-4B18-BAEE-6FE09F93AC4B}"
EndProject
Project("{9A19103F-16F7-4668-BE54-9A1E7A4F7556}") = "WebApiUtilities.NET.Core.2.x", "CommonUtilities\WebApiUtilities\WebApiUtilities.NET.Core.2.x\WebApiUtilities.NET.Core.2.x.csproj", "{435DDB68-D63C-4029-B2EF-51BEC879164C}"
EndProject
Project("{2150E333-8FDC-42A3-9474-1A3956D46DE8}") = "10.Framework", "10.Framework", "{E8C9A259-EA3A-49BC-9C73-6EAA7F8B0A05}"
EndProject
Project("{2150E333-8FDC-42A3-9474-1A3956D46DE8}") = "20.Cross-Platform", "20.Cross-Platform", "{F37B0AF1-585C-4A75-AADE-F59A3B068BBF}"
EndProject
Project("{2150E333-8FDC-42A3-9474-1A3956D46DE8}") = "10.Framework", "10.Framework", "{F6F36A52-6342-42CD-80CA-1D0EFD57C1AE}"
EndProject
Project("{2150E333-8FDC-42A3-9474-1A3956D46DE8}") = "20.Cross-Platform", "20.Cross-Platform", "{6D96196E-836C-4066-BF4B-9CFC0FD6CE3D}"
EndProject
Project("{9A19103F-16F7-4668-BE54-9A1E7A4F7556}") = "CommonUtilities.Lite.NET.Core.2.x", "CommonUtilities\CommonUtilities.Lite\CommonUtilities.Lite.NET.Core.2.x\CommonUtilities.Lite.NET.Core.2.x.csproj", "{9B0F1984-219F-4D02-90AD-89C7455D4812}"
EndProject
Project("{9A19103F-16F7-4668-BE54-9A1E7A4F7556}") = "CommonUtilities.Lite.NET.Standard.2.x", "CommonUtilities\CommonUtilities.Lite\CommonUtilities.Lite.NET.Standard.2.x\CommonUtilities.Lite.NET.Standard.2.x.csproj", "{EBEAACA1-BF3A-46F4-90C7-87E7F9F12577}"
EndProject
Project("{FAE04EC0-301F-11D3-BF4B-00C04F79EFBC}") = "WebApplication.ASPNET.StoreProcedureExecutor", "Samples\WebApplication.ASPNET.StoreProcedureExecutor\WebApplication.ASPNET.StoreProcedureExecutor.csproj", "{AC959621-BA57-4A50-92DF-2B6D80B412A8}"
EndProject
Project("{9A19103F-16F7-4668-BE54-9A1E7A4F7556}") = "WebApplication.ASPNetCore.StoreProcedureExecutor", "Samples\WebApplication.ASPNETCore.StoreProcedureExecutor\WebApplication.ASPNetCore.StoreProcedureExecutor.csproj", "{3705A136-ED16-4274-A98E-0789BA8158F5}"
EndProject
Project("{2150E333-8FDC-42A3-9474-1A3956D46DE8}") = "50.StoreProcedureWebApiExecutorsPlugins", "50.StoreProcedureWebApiExecutorsPlugins", "{00424098-C41B-4BA7-B11C-E6E95B37854B}"
EndProject
Project("{9A19103F-16F7-4668-BE54-9A1E7A4F7556}") = "MsSQL.StoreProcedureWebApiExecutor.Plugin", "StoreProcedureWebApiExecutorsPlugins\MsSQL.StoreProcedureWebApiExecutor.Plugin\MsSQL.StoreProcedureWebApiExecutor.Plugin.csproj", "{FFA4BCDF-83D0-449E-86F4-CCDDF048F32A}"
EndProject
Project("{9A19103F-16F7-4668-BE54-9A1E7A4F7556}") = "MySQL.StoreProcedureWebApiExecutor.Plugin", "StoreProcedureWebApiExecutorsPlugins\MySQL.StoreProcedureWebApiExecutor.Plugin\MySQL.StoreProcedureWebApiExecutor.Plugin.csproj", "{77DBB2DC-EE83-4F2A-9D0D-71BBFDE3C1A6}"
EndProject
Project("{9A19103F-16F7-4668-BE54-9A1E7A4F7556}") = "Nuget.Packages.NET.Standard", "packages\Nuget.Packages.NET.Standard.csproj", "{C758CD3D-B9F8-4420-AC80-411E288A23FF}"
EndProject
Project("{E53339B2-1760-4266-BCC7-CA923CBCF16C}") = "docker-compose", "docker-compose.dcproj", "{EDD635B6-FA55-41DD-8517-2E745952541A}"
EndProject
Project("{9A19103F-16F7-4668-BE54-9A1E7A4F7556}") = "MsSqlCodeDiffVersioning.WebApplication", "Samples\MsSqlCodeDiffVersioning\MsSqlCodeDiffVersioning.WebApplication.csproj", "{4DB1AAE0-F1F9-4C69-825C-46EB0D6AEC45}"
EndProject
Project("{9A19103F-16F7-4668-BE54-9A1E7A4F7556}") = "Jwt.Portal.WebApi.Application", "Samples\Jwt.Portal.WebApi.Application\Jwt.Portal.WebApi.Application.csproj", "{02FAC9C9-0434-49BE-8A9E-0F0FBEFCA9FD}"
EndProject
Project("{9A19103F-16F7-4668-BE54-9A1E7A4F7556}") = "Jwt.Authorization.Center", "Samples\Jwt.Authorization.Center\Jwt.Authorization.Center.csproj", "{5E7BABBB-A5FF-4B4F-9B87-A8C4142C36E8}"
EndProject
Project("{2150E333-8FDC-42A3-9474-1A3956D46DE8}") = "40.StoreProcedureWebApiExecutor", "40.StoreProcedureWebApiExecutor", "{F81E58D5-FEDA-493B-927B-66745127123B}"
EndProject
Project("{9A19103F-16F7-4668-BE54-9A1E7A4F7556}") = "Microshaoft.StoreProcedureExecutorWebApiService.Core", "StoreProcedureWebApiExecutor\StoreProcedureWebApiExecutor.Core\Microshaoft.StoreProcedureExecutorWebApiService.Core.csproj", "{85BE8162-EC4D-43DA-B054-A18119D72097}"
EndProject
Project("{D954291E-2A0B-460D-934E-DC6B0785DB48}") = "StoreProcedureWebApiExecutor.Shared", "CommonUtilities.Shared\StoreProcedureWebApiExecutor.Shared.shproj", "{CBA7FA05-6D20-45CF-B752-645AF269B0DA}"
EndProject
Project("{2150E333-8FDC-42A3-9474-1A3956D46DE8}") = "00.SharedSource", "00.SharedSource", "{AA460D19-E158-4C00-B307-9EF3332AB276}"
EndProject
Project("{2150E333-8FDC-42A3-9474-1A3956D46DE8}") = "20.Cross-Platforms", "20.Cross-Platforms", "{BC10D378-9C21-40BA-90FF-7E91AC5A87A2}"
EndProject
Project("{2150E333-8FDC-42A3-9474-1A3956D46DE8}") = "60.RequestJTokenValidatorsPlugins", "60.RequestJTokenValidatorsPlugins", "{79B08178-6512-4DCC-A9BE-89939AD33B2E}"
EndProject
Project("{9A19103F-16F7-4668-BE54-9A1E7A4F7556}") = "JTokenModelParameterValidatorSamplePlugin", "JTokenModelParameterValidatorsPlugins\JTokenModelParameterValidatorSamplePlugin\JTokenModelParameterValidatorSamplePlugin.csproj", "{B5ACC7C2-D81A-44B6-9452-80BBC188CF24}"
EndProject
Global
	GlobalSection(SharedMSBuildProjectFiles) = preSolution
		CommonUtilities.Shared\CommonUtilities.Lite.Shared.projitems*{1b65919e-10ef-4fce-9fec-de547a62fc15}*SharedItemsImports = 4
		CommonUtilities.Shared\WebApiUtilities.Shared.projitems*{1fbd68b8-839e-4c54-a00c-beac21119371}*SharedItemsImports = 13
		CommonUtilities.Shared\CommonUtilities.Lite.Shared.projitems*{214a20f4-f017-42d8-8cc1-e35054a42e30}*SharedItemsImports = 4
		Samples\SocketAsyncArgs.TCP.Echo.Server\ServerConsoleApp\ServerSharedProject\ServerSharedProject.projitems*{3f6feee0-0473-441f-a073-889503ec7710}*SharedItemsImports = 13
		Test\CommonUtilities.Console.Test.Shared\CommonUtilities.Console.Test.Shared.projitems*{4abb4b40-9f74-40e0-aa24-6ed891bfcd4b}*SharedItemsImports = 4
		Samples\SocketAsyncArgs.TCP.Echo.Server\ClientConsoleApp\ClientSharedProject\ClientSharedProject.projitems*{53ab334d-022f-485e-a755-fe59b38db953}*SharedItemsImports = 4
		CommonUtilities.Shared\WebApiUtilities.Shared.projitems*{54be4c5d-b9ce-4c20-a6f0-62a2a888f4c4}*SharedItemsImports = 4
		CommonUtilities.Shared\CommonUtilities.Shared.projitems*{7878df3a-8418-4aca-b415-300b81afd792}*SharedItemsImports = 13
		Samples\SocketAsyncArgs.TCP.Echo.Server\ServerConsoleApp\ServerSharedProject\ServerSharedProject.projitems*{87c925f5-1925-4c3f-bc20-5baee076b998}*SharedItemsImports = 4
		CommonUtilities.Shared\EasyPerformanceCountersHelper.Shared.projitems*{8deca320-739f-474b-bd5f-71c09efc1ec2}*SharedItemsImports = 4
		CommonUtilities.Shared\WebApiUtilities.Shared.projitems*{9077f25d-1118-4428-8b7c-e924e1a90281}*SharedItemsImports = 4
		CommonUtilities.Shared\CommonUtilities.Shared.projitems*{a6b57925-e9ad-4e09-bc4c-32a2bd1164a6}*SharedItemsImports = 4
		Test\CommonUtilities.Console.Test.Shared\CommonUtilities.Console.Test.Shared.projitems*{ae1c2a2e-c269-4996-a539-38d57e293c02}*SharedItemsImports = 13
		CommonUtilities.Shared\EasyPerformanceCountersHelper.Shared.projitems*{b1913205-1d01-4a59-b0ca-b5c7460fb644}*SharedItemsImports = 13
		CommonUtilities.Shared\EasyPerformanceCountersHelper.Shared.projitems*{bf7a1c0a-fe1f-4dd9-a044-c895cf6fbd97}*SharedItemsImports = 4
		CommonUtilities.Shared\CommonUtilities.Shared.projitems*{c2af98f7-fe1f-46b9-8613-0ef72f6ff436}*SharedItemsImports = 4
		CommonUtilities.Shared\StoreProcedureWebApiExecutor.Shared.projitems*{cba7fa05-6d20-45cf-b752-645af269b0da}*SharedItemsImports = 13
		CommonUtilities.Shared\ConcurrentAsyncQueue.Shared.projitems*{d2527213-7cf7-47d9-88de-1c0ccd5f59db}*SharedItemsImports = 4
		CommonUtilities.Shared\ConcurrentAsyncQueue.Shared.projitems*{debaf0d0-4a09-4fed-8a08-d782eb513a0d}*SharedItemsImports = 4
		Samples\SocketAsyncArgs.TCP.Echo.Server\ClientConsoleApp\ClientSharedProject\ClientSharedProject.projitems*{e2a49f80-5e62-414d-bf57-8e1802b144a8}*SharedItemsImports = 13
		CommonUtilities.Shared\ConcurrentAsyncQueue.Shared.projitems*{f27798f3-0529-4852-9e9c-819699a772cb}*SharedItemsImports = 13
		CommonUtilities.Shared\CommonUtilities.Lite.Shared.projitems*{f9418680-7641-49aa-a72a-32408f111947}*SharedItemsImports = 13
	EndGlobalSection
	GlobalSection(SolutionConfigurationPlatforms) = preSolution
		Debug|Any CPU = Debug|Any CPU
		Debug|ARM = Debug|ARM
		Debug|x64 = Debug|x64
		Debug|x86 = Debug|x86
		Release|Any CPU = Release|Any CPU
		Release|ARM = Release|ARM
		Release|x64 = Release|x64
		Release|x86 = Release|x86
	EndGlobalSection
	GlobalSection(ProjectConfigurationPlatforms) = postSolution
		{A9A0A737-658C-44EA-B773-3F9E453E9737}.Debug|Any CPU.ActiveCfg = Debug|Any CPU
		{A9A0A737-658C-44EA-B773-3F9E453E9737}.Debug|ARM.ActiveCfg = Debug|Any CPU
		{A9A0A737-658C-44EA-B773-3F9E453E9737}.Debug|ARM.Build.0 = Debug|Any CPU
		{A9A0A737-658C-44EA-B773-3F9E453E9737}.Debug|x64.ActiveCfg = Debug|Any CPU
		{A9A0A737-658C-44EA-B773-3F9E453E9737}.Debug|x64.Build.0 = Debug|Any CPU
		{A9A0A737-658C-44EA-B773-3F9E453E9737}.Debug|x86.ActiveCfg = Debug|Any CPU
		{A9A0A737-658C-44EA-B773-3F9E453E9737}.Debug|x86.Build.0 = Debug|Any CPU
		{A9A0A737-658C-44EA-B773-3F9E453E9737}.Release|Any CPU.ActiveCfg = Release|Any CPU
		{A9A0A737-658C-44EA-B773-3F9E453E9737}.Release|Any CPU.Build.0 = Release|Any CPU
		{A9A0A737-658C-44EA-B773-3F9E453E9737}.Release|ARM.ActiveCfg = Release|Any CPU
		{A9A0A737-658C-44EA-B773-3F9E453E9737}.Release|ARM.Build.0 = Release|Any CPU
		{A9A0A737-658C-44EA-B773-3F9E453E9737}.Release|x64.ActiveCfg = Release|Any CPU
		{A9A0A737-658C-44EA-B773-3F9E453E9737}.Release|x64.Build.0 = Release|Any CPU
		{A9A0A737-658C-44EA-B773-3F9E453E9737}.Release|x86.ActiveCfg = Release|Any CPU
		{A9A0A737-658C-44EA-B773-3F9E453E9737}.Release|x86.Build.0 = Release|Any CPU
		{9767FE12-1918-4D4E-BCCE-A56771AFB958}.Debug|Any CPU.ActiveCfg = Debug|Any CPU
		{9767FE12-1918-4D4E-BCCE-A56771AFB958}.Debug|ARM.ActiveCfg = Debug|Any CPU
		{9767FE12-1918-4D4E-BCCE-A56771AFB958}.Debug|ARM.Build.0 = Debug|Any CPU
		{9767FE12-1918-4D4E-BCCE-A56771AFB958}.Debug|x64.ActiveCfg = Debug|Any CPU
		{9767FE12-1918-4D4E-BCCE-A56771AFB958}.Debug|x64.Build.0 = Debug|Any CPU
		{9767FE12-1918-4D4E-BCCE-A56771AFB958}.Debug|x86.ActiveCfg = Debug|Any CPU
		{9767FE12-1918-4D4E-BCCE-A56771AFB958}.Debug|x86.Build.0 = Debug|Any CPU
		{9767FE12-1918-4D4E-BCCE-A56771AFB958}.Release|Any CPU.ActiveCfg = Release|Any CPU
		{9767FE12-1918-4D4E-BCCE-A56771AFB958}.Release|Any CPU.Build.0 = Release|Any CPU
		{9767FE12-1918-4D4E-BCCE-A56771AFB958}.Release|ARM.ActiveCfg = Release|Any CPU
		{9767FE12-1918-4D4E-BCCE-A56771AFB958}.Release|ARM.Build.0 = Release|Any CPU
		{9767FE12-1918-4D4E-BCCE-A56771AFB958}.Release|x64.ActiveCfg = Release|Any CPU
		{9767FE12-1918-4D4E-BCCE-A56771AFB958}.Release|x64.Build.0 = Release|Any CPU
		{9767FE12-1918-4D4E-BCCE-A56771AFB958}.Release|x86.ActiveCfg = Release|Any CPU
		{9767FE12-1918-4D4E-BCCE-A56771AFB958}.Release|x86.Build.0 = Release|Any CPU
		{5B714F3B-D252-4254-8A7D-7017CD19F29F}.Debug|Any CPU.ActiveCfg = Debug|Any CPU
		{5B714F3B-D252-4254-8A7D-7017CD19F29F}.Debug|ARM.ActiveCfg = Debug|Any CPU
		{5B714F3B-D252-4254-8A7D-7017CD19F29F}.Debug|ARM.Build.0 = Debug|Any CPU
		{5B714F3B-D252-4254-8A7D-7017CD19F29F}.Debug|x64.ActiveCfg = Debug|Any CPU
		{5B714F3B-D252-4254-8A7D-7017CD19F29F}.Debug|x64.Build.0 = Debug|Any CPU
		{5B714F3B-D252-4254-8A7D-7017CD19F29F}.Debug|x86.ActiveCfg = Debug|Any CPU
		{5B714F3B-D252-4254-8A7D-7017CD19F29F}.Debug|x86.Build.0 = Debug|Any CPU
		{5B714F3B-D252-4254-8A7D-7017CD19F29F}.Release|Any CPU.ActiveCfg = Release|Any CPU
		{5B714F3B-D252-4254-8A7D-7017CD19F29F}.Release|Any CPU.Build.0 = Release|Any CPU
		{5B714F3B-D252-4254-8A7D-7017CD19F29F}.Release|ARM.ActiveCfg = Release|Any CPU
		{5B714F3B-D252-4254-8A7D-7017CD19F29F}.Release|ARM.Build.0 = Release|Any CPU
		{5B714F3B-D252-4254-8A7D-7017CD19F29F}.Release|x64.ActiveCfg = Release|Any CPU
		{5B714F3B-D252-4254-8A7D-7017CD19F29F}.Release|x64.Build.0 = Release|Any CPU
		{5B714F3B-D252-4254-8A7D-7017CD19F29F}.Release|x86.ActiveCfg = Release|Any CPU
		{5B714F3B-D252-4254-8A7D-7017CD19F29F}.Release|x86.Build.0 = Release|Any CPU
		{737943CD-CEC6-4EB9-8655-440D124BBE2C}.Debug|Any CPU.ActiveCfg = Debug|Any CPU
		{737943CD-CEC6-4EB9-8655-440D124BBE2C}.Debug|Any CPU.Build.0 = Debug|Any CPU
		{737943CD-CEC6-4EB9-8655-440D124BBE2C}.Debug|ARM.ActiveCfg = Debug|Any CPU
		{737943CD-CEC6-4EB9-8655-440D124BBE2C}.Debug|ARM.Build.0 = Debug|Any CPU
		{737943CD-CEC6-4EB9-8655-440D124BBE2C}.Debug|x64.ActiveCfg = Debug|Any CPU
		{737943CD-CEC6-4EB9-8655-440D124BBE2C}.Debug|x64.Build.0 = Debug|Any CPU
		{737943CD-CEC6-4EB9-8655-440D124BBE2C}.Debug|x86.ActiveCfg = Debug|Any CPU
		{737943CD-CEC6-4EB9-8655-440D124BBE2C}.Debug|x86.Build.0 = Debug|Any CPU
		{737943CD-CEC6-4EB9-8655-440D124BBE2C}.Release|Any CPU.ActiveCfg = Release|Any CPU
		{737943CD-CEC6-4EB9-8655-440D124BBE2C}.Release|Any CPU.Build.0 = Release|Any CPU
		{737943CD-CEC6-4EB9-8655-440D124BBE2C}.Release|ARM.ActiveCfg = Release|Any CPU
		{737943CD-CEC6-4EB9-8655-440D124BBE2C}.Release|ARM.Build.0 = Release|Any CPU
		{737943CD-CEC6-4EB9-8655-440D124BBE2C}.Release|x64.ActiveCfg = Release|Any CPU
		{737943CD-CEC6-4EB9-8655-440D124BBE2C}.Release|x64.Build.0 = Release|Any CPU
		{737943CD-CEC6-4EB9-8655-440D124BBE2C}.Release|x86.ActiveCfg = Release|Any CPU
		{737943CD-CEC6-4EB9-8655-440D124BBE2C}.Release|x86.Build.0 = Release|Any CPU
		{5AE094D4-EA6A-415D-B17B-745B7AEE3E33}.Debug|Any CPU.ActiveCfg = Debug|Any CPU
		{5AE094D4-EA6A-415D-B17B-745B7AEE3E33}.Debug|Any CPU.Build.0 = Debug|Any CPU
		{5AE094D4-EA6A-415D-B17B-745B7AEE3E33}.Debug|ARM.ActiveCfg = Debug|Any CPU
		{5AE094D4-EA6A-415D-B17B-745B7AEE3E33}.Debug|ARM.Build.0 = Debug|Any CPU
		{5AE094D4-EA6A-415D-B17B-745B7AEE3E33}.Debug|x64.ActiveCfg = Debug|Any CPU
		{5AE094D4-EA6A-415D-B17B-745B7AEE3E33}.Debug|x64.Build.0 = Debug|Any CPU
		{5AE094D4-EA6A-415D-B17B-745B7AEE3E33}.Debug|x86.ActiveCfg = Debug|Any CPU
		{5AE094D4-EA6A-415D-B17B-745B7AEE3E33}.Debug|x86.Build.0 = Debug|Any CPU
		{5AE094D4-EA6A-415D-B17B-745B7AEE3E33}.Release|Any CPU.ActiveCfg = Release|Any CPU
		{5AE094D4-EA6A-415D-B17B-745B7AEE3E33}.Release|Any CPU.Build.0 = Release|Any CPU
		{5AE094D4-EA6A-415D-B17B-745B7AEE3E33}.Release|ARM.ActiveCfg = Release|Any CPU
		{5AE094D4-EA6A-415D-B17B-745B7AEE3E33}.Release|ARM.Build.0 = Release|Any CPU
		{5AE094D4-EA6A-415D-B17B-745B7AEE3E33}.Release|x64.ActiveCfg = Release|Any CPU
		{5AE094D4-EA6A-415D-B17B-745B7AEE3E33}.Release|x64.Build.0 = Release|Any CPU
		{5AE094D4-EA6A-415D-B17B-745B7AEE3E33}.Release|x86.ActiveCfg = Release|Any CPU
		{5AE094D4-EA6A-415D-B17B-745B7AEE3E33}.Release|x86.Build.0 = Release|Any CPU
		{1340B17B-0719-448D-8C5E-053C7020C315}.Debug|Any CPU.ActiveCfg = Debug|Any CPU
		{1340B17B-0719-448D-8C5E-053C7020C315}.Debug|Any CPU.Build.0 = Debug|Any CPU
		{1340B17B-0719-448D-8C5E-053C7020C315}.Debug|ARM.ActiveCfg = Debug|Any CPU
		{1340B17B-0719-448D-8C5E-053C7020C315}.Debug|ARM.Build.0 = Debug|Any CPU
		{1340B17B-0719-448D-8C5E-053C7020C315}.Debug|x64.ActiveCfg = Debug|Any CPU
		{1340B17B-0719-448D-8C5E-053C7020C315}.Debug|x64.Build.0 = Debug|Any CPU
		{1340B17B-0719-448D-8C5E-053C7020C315}.Debug|x86.ActiveCfg = Debug|Any CPU
		{1340B17B-0719-448D-8C5E-053C7020C315}.Debug|x86.Build.0 = Debug|Any CPU
		{1340B17B-0719-448D-8C5E-053C7020C315}.Release|Any CPU.ActiveCfg = Release|Any CPU
		{1340B17B-0719-448D-8C5E-053C7020C315}.Release|Any CPU.Build.0 = Release|Any CPU
		{1340B17B-0719-448D-8C5E-053C7020C315}.Release|ARM.ActiveCfg = Release|Any CPU
		{1340B17B-0719-448D-8C5E-053C7020C315}.Release|ARM.Build.0 = Release|Any CPU
		{1340B17B-0719-448D-8C5E-053C7020C315}.Release|x64.ActiveCfg = Release|Any CPU
		{1340B17B-0719-448D-8C5E-053C7020C315}.Release|x64.Build.0 = Release|Any CPU
		{1340B17B-0719-448D-8C5E-053C7020C315}.Release|x86.ActiveCfg = Release|Any CPU
		{1340B17B-0719-448D-8C5E-053C7020C315}.Release|x86.Build.0 = Release|Any CPU
		{EB9C94B9-91B4-4F66-9763-6CE637901145}.Debug|Any CPU.ActiveCfg = Debug|Any CPU
		{EB9C94B9-91B4-4F66-9763-6CE637901145}.Debug|Any CPU.Build.0 = Debug|Any CPU
		{EB9C94B9-91B4-4F66-9763-6CE637901145}.Debug|ARM.ActiveCfg = Debug|Any CPU
		{EB9C94B9-91B4-4F66-9763-6CE637901145}.Debug|ARM.Build.0 = Debug|Any CPU
		{EB9C94B9-91B4-4F66-9763-6CE637901145}.Debug|x64.ActiveCfg = Debug|x64
		{EB9C94B9-91B4-4F66-9763-6CE637901145}.Debug|x64.Build.0 = Debug|x64
		{EB9C94B9-91B4-4F66-9763-6CE637901145}.Debug|x86.ActiveCfg = Debug|Any CPU
		{EB9C94B9-91B4-4F66-9763-6CE637901145}.Debug|x86.Build.0 = Debug|Any CPU
		{EB9C94B9-91B4-4F66-9763-6CE637901145}.Release|Any CPU.ActiveCfg = Release|Any CPU
		{EB9C94B9-91B4-4F66-9763-6CE637901145}.Release|Any CPU.Build.0 = Release|Any CPU
		{EB9C94B9-91B4-4F66-9763-6CE637901145}.Release|ARM.ActiveCfg = Release|Any CPU
		{EB9C94B9-91B4-4F66-9763-6CE637901145}.Release|ARM.Build.0 = Release|Any CPU
		{EB9C94B9-91B4-4F66-9763-6CE637901145}.Release|x64.ActiveCfg = Release|x64
		{EB9C94B9-91B4-4F66-9763-6CE637901145}.Release|x64.Build.0 = Release|x64
		{EB9C94B9-91B4-4F66-9763-6CE637901145}.Release|x86.ActiveCfg = Release|Any CPU
		{EB9C94B9-91B4-4F66-9763-6CE637901145}.Release|x86.Build.0 = Release|Any CPU
		{98EC024C-6439-44B1-8B1E-29E457B2201F}.Debug|Any CPU.ActiveCfg = Debug|Any CPU
		{98EC024C-6439-44B1-8B1E-29E457B2201F}.Debug|Any CPU.Build.0 = Debug|Any CPU
		{98EC024C-6439-44B1-8B1E-29E457B2201F}.Debug|ARM.ActiveCfg = Debug|Any CPU
		{98EC024C-6439-44B1-8B1E-29E457B2201F}.Debug|ARM.Build.0 = Debug|Any CPU
		{98EC024C-6439-44B1-8B1E-29E457B2201F}.Debug|x64.ActiveCfg = Debug|Any CPU
		{98EC024C-6439-44B1-8B1E-29E457B2201F}.Debug|x64.Build.0 = Debug|Any CPU
		{98EC024C-6439-44B1-8B1E-29E457B2201F}.Debug|x86.ActiveCfg = Debug|Any CPU
		{98EC024C-6439-44B1-8B1E-29E457B2201F}.Debug|x86.Build.0 = Debug|Any CPU
		{98EC024C-6439-44B1-8B1E-29E457B2201F}.Release|Any CPU.ActiveCfg = Release|Any CPU
		{98EC024C-6439-44B1-8B1E-29E457B2201F}.Release|Any CPU.Build.0 = Release|Any CPU
		{98EC024C-6439-44B1-8B1E-29E457B2201F}.Release|ARM.ActiveCfg = Release|Any CPU
		{98EC024C-6439-44B1-8B1E-29E457B2201F}.Release|ARM.Build.0 = Release|Any CPU
		{98EC024C-6439-44B1-8B1E-29E457B2201F}.Release|x64.ActiveCfg = Release|Any CPU
		{98EC024C-6439-44B1-8B1E-29E457B2201F}.Release|x64.Build.0 = Release|Any CPU
		{98EC024C-6439-44B1-8B1E-29E457B2201F}.Release|x86.ActiveCfg = Release|Any CPU
		{98EC024C-6439-44B1-8B1E-29E457B2201F}.Release|x86.Build.0 = Release|Any CPU
		{AA3E4625-5030-434D-850C-5BFA69D76F2E}.Debug|Any CPU.ActiveCfg = Debug|Any CPU
		{AA3E4625-5030-434D-850C-5BFA69D76F2E}.Debug|ARM.ActiveCfg = Debug|Any CPU
		{AA3E4625-5030-434D-850C-5BFA69D76F2E}.Debug|ARM.Build.0 = Debug|Any CPU
		{AA3E4625-5030-434D-850C-5BFA69D76F2E}.Debug|x64.ActiveCfg = Debug|Any CPU
		{AA3E4625-5030-434D-850C-5BFA69D76F2E}.Debug|x64.Build.0 = Debug|Any CPU
		{AA3E4625-5030-434D-850C-5BFA69D76F2E}.Debug|x86.ActiveCfg = Debug|Any CPU
		{AA3E4625-5030-434D-850C-5BFA69D76F2E}.Debug|x86.Build.0 = Debug|Any CPU
		{AA3E4625-5030-434D-850C-5BFA69D76F2E}.Release|Any CPU.ActiveCfg = Release|Any CPU
		{AA3E4625-5030-434D-850C-5BFA69D76F2E}.Release|ARM.ActiveCfg = Release|Any CPU
		{AA3E4625-5030-434D-850C-5BFA69D76F2E}.Release|ARM.Build.0 = Release|Any CPU
		{AA3E4625-5030-434D-850C-5BFA69D76F2E}.Release|x64.ActiveCfg = Release|Any CPU
		{AA3E4625-5030-434D-850C-5BFA69D76F2E}.Release|x64.Build.0 = Release|Any CPU
		{AA3E4625-5030-434D-850C-5BFA69D76F2E}.Release|x86.ActiveCfg = Release|Any CPU
		{AA3E4625-5030-434D-850C-5BFA69D76F2E}.Release|x86.Build.0 = Release|Any CPU
		{A6B57925-E9AD-4E09-BC4C-32A2BD1164A6}.Debug|Any CPU.ActiveCfg = Debug|Any CPU
		{A6B57925-E9AD-4E09-BC4C-32A2BD1164A6}.Debug|Any CPU.Build.0 = Debug|Any CPU
		{A6B57925-E9AD-4E09-BC4C-32A2BD1164A6}.Debug|ARM.ActiveCfg = Debug|Any CPU
		{A6B57925-E9AD-4E09-BC4C-32A2BD1164A6}.Debug|ARM.Build.0 = Debug|Any CPU
		{A6B57925-E9AD-4E09-BC4C-32A2BD1164A6}.Debug|x64.ActiveCfg = Debug|Any CPU
		{A6B57925-E9AD-4E09-BC4C-32A2BD1164A6}.Debug|x64.Build.0 = Debug|Any CPU
		{A6B57925-E9AD-4E09-BC4C-32A2BD1164A6}.Debug|x86.ActiveCfg = Debug|Any CPU
		{A6B57925-E9AD-4E09-BC4C-32A2BD1164A6}.Debug|x86.Build.0 = Debug|Any CPU
		{A6B57925-E9AD-4E09-BC4C-32A2BD1164A6}.Release|Any CPU.ActiveCfg = Release|Any CPU
		{A6B57925-E9AD-4E09-BC4C-32A2BD1164A6}.Release|Any CPU.Build.0 = Release|Any CPU
		{A6B57925-E9AD-4E09-BC4C-32A2BD1164A6}.Release|ARM.ActiveCfg = Release|Any CPU
		{A6B57925-E9AD-4E09-BC4C-32A2BD1164A6}.Release|ARM.Build.0 = Release|Any CPU
		{A6B57925-E9AD-4E09-BC4C-32A2BD1164A6}.Release|x64.ActiveCfg = Release|Any CPU
		{A6B57925-E9AD-4E09-BC4C-32A2BD1164A6}.Release|x64.Build.0 = Release|Any CPU
		{A6B57925-E9AD-4E09-BC4C-32A2BD1164A6}.Release|x86.ActiveCfg = Release|Any CPU
		{A6B57925-E9AD-4E09-BC4C-32A2BD1164A6}.Release|x86.Build.0 = Release|Any CPU
		{214A20F4-F017-42D8-8CC1-E35054A42E30}.Debug|Any CPU.ActiveCfg = Debug|Any CPU
		{214A20F4-F017-42D8-8CC1-E35054A42E30}.Debug|Any CPU.Build.0 = Debug|Any CPU
		{214A20F4-F017-42D8-8CC1-E35054A42E30}.Debug|ARM.ActiveCfg = Debug|Any CPU
		{214A20F4-F017-42D8-8CC1-E35054A42E30}.Debug|ARM.Build.0 = Debug|Any CPU
		{214A20F4-F017-42D8-8CC1-E35054A42E30}.Debug|x64.ActiveCfg = Debug|Any CPU
		{214A20F4-F017-42D8-8CC1-E35054A42E30}.Debug|x64.Build.0 = Debug|Any CPU
		{214A20F4-F017-42D8-8CC1-E35054A42E30}.Debug|x86.ActiveCfg = Debug|Any CPU
		{214A20F4-F017-42D8-8CC1-E35054A42E30}.Debug|x86.Build.0 = Debug|Any CPU
		{214A20F4-F017-42D8-8CC1-E35054A42E30}.Release|Any CPU.ActiveCfg = Release|Any CPU
		{214A20F4-F017-42D8-8CC1-E35054A42E30}.Release|Any CPU.Build.0 = Release|Any CPU
		{214A20F4-F017-42D8-8CC1-E35054A42E30}.Release|ARM.ActiveCfg = Release|Any CPU
		{214A20F4-F017-42D8-8CC1-E35054A42E30}.Release|ARM.Build.0 = Release|Any CPU
		{214A20F4-F017-42D8-8CC1-E35054A42E30}.Release|x64.ActiveCfg = Release|Any CPU
		{214A20F4-F017-42D8-8CC1-E35054A42E30}.Release|x64.Build.0 = Release|Any CPU
		{214A20F4-F017-42D8-8CC1-E35054A42E30}.Release|x86.ActiveCfg = Release|Any CPU
		{214A20F4-F017-42D8-8CC1-E35054A42E30}.Release|x86.Build.0 = Release|Any CPU
		{BF7A1C0A-FE1F-4DD9-A044-C895CF6FBD97}.Debug|Any CPU.ActiveCfg = Debug|Any CPU
		{BF7A1C0A-FE1F-4DD9-A044-C895CF6FBD97}.Debug|Any CPU.Build.0 = Debug|Any CPU
		{BF7A1C0A-FE1F-4DD9-A044-C895CF6FBD97}.Debug|ARM.ActiveCfg = Debug|Any CPU
		{BF7A1C0A-FE1F-4DD9-A044-C895CF6FBD97}.Debug|ARM.Build.0 = Debug|Any CPU
		{BF7A1C0A-FE1F-4DD9-A044-C895CF6FBD97}.Debug|x64.ActiveCfg = Debug|Any CPU
		{BF7A1C0A-FE1F-4DD9-A044-C895CF6FBD97}.Debug|x64.Build.0 = Debug|Any CPU
		{BF7A1C0A-FE1F-4DD9-A044-C895CF6FBD97}.Debug|x86.ActiveCfg = Debug|Any CPU
		{BF7A1C0A-FE1F-4DD9-A044-C895CF6FBD97}.Debug|x86.Build.0 = Debug|Any CPU
		{BF7A1C0A-FE1F-4DD9-A044-C895CF6FBD97}.Release|Any CPU.ActiveCfg = Release|Any CPU
		{BF7A1C0A-FE1F-4DD9-A044-C895CF6FBD97}.Release|Any CPU.Build.0 = Release|Any CPU
		{BF7A1C0A-FE1F-4DD9-A044-C895CF6FBD97}.Release|ARM.ActiveCfg = Release|Any CPU
		{BF7A1C0A-FE1F-4DD9-A044-C895CF6FBD97}.Release|ARM.Build.0 = Release|Any CPU
		{BF7A1C0A-FE1F-4DD9-A044-C895CF6FBD97}.Release|x64.ActiveCfg = Release|Any CPU
		{BF7A1C0A-FE1F-4DD9-A044-C895CF6FBD97}.Release|x64.Build.0 = Release|Any CPU
		{BF7A1C0A-FE1F-4DD9-A044-C895CF6FBD97}.Release|x86.ActiveCfg = Release|Any CPU
		{BF7A1C0A-FE1F-4DD9-A044-C895CF6FBD97}.Release|x86.Build.0 = Release|Any CPU
		{D2527213-7CF7-47D9-88DE-1C0CCD5F59DB}.Debug|Any CPU.ActiveCfg = Debug|Any CPU
		{D2527213-7CF7-47D9-88DE-1C0CCD5F59DB}.Debug|Any CPU.Build.0 = Debug|Any CPU
		{D2527213-7CF7-47D9-88DE-1C0CCD5F59DB}.Debug|ARM.ActiveCfg = Debug|Any CPU
		{D2527213-7CF7-47D9-88DE-1C0CCD5F59DB}.Debug|ARM.Build.0 = Debug|Any CPU
		{D2527213-7CF7-47D9-88DE-1C0CCD5F59DB}.Debug|x64.ActiveCfg = Debug|Any CPU
		{D2527213-7CF7-47D9-88DE-1C0CCD5F59DB}.Debug|x64.Build.0 = Debug|Any CPU
		{D2527213-7CF7-47D9-88DE-1C0CCD5F59DB}.Debug|x86.ActiveCfg = Debug|Any CPU
		{D2527213-7CF7-47D9-88DE-1C0CCD5F59DB}.Debug|x86.Build.0 = Debug|Any CPU
		{D2527213-7CF7-47D9-88DE-1C0CCD5F59DB}.Release|Any CPU.ActiveCfg = Release|Any CPU
		{D2527213-7CF7-47D9-88DE-1C0CCD5F59DB}.Release|Any CPU.Build.0 = Release|Any CPU
		{D2527213-7CF7-47D9-88DE-1C0CCD5F59DB}.Release|ARM.ActiveCfg = Release|Any CPU
		{D2527213-7CF7-47D9-88DE-1C0CCD5F59DB}.Release|ARM.Build.0 = Release|Any CPU
		{D2527213-7CF7-47D9-88DE-1C0CCD5F59DB}.Release|x64.ActiveCfg = Release|Any CPU
		{D2527213-7CF7-47D9-88DE-1C0CCD5F59DB}.Release|x64.Build.0 = Release|Any CPU
		{D2527213-7CF7-47D9-88DE-1C0CCD5F59DB}.Release|x86.ActiveCfg = Release|Any CPU
		{D2527213-7CF7-47D9-88DE-1C0CCD5F59DB}.Release|x86.Build.0 = Release|Any CPU
		{9077F25D-1118-4428-8B7C-E924E1A90281}.Debug|Any CPU.ActiveCfg = Debug|Any CPU
		{9077F25D-1118-4428-8B7C-E924E1A90281}.Debug|Any CPU.Build.0 = Debug|Any CPU
		{9077F25D-1118-4428-8B7C-E924E1A90281}.Debug|ARM.ActiveCfg = Debug|Any CPU
		{9077F25D-1118-4428-8B7C-E924E1A90281}.Debug|ARM.Build.0 = Debug|Any CPU
		{9077F25D-1118-4428-8B7C-E924E1A90281}.Debug|x64.ActiveCfg = Debug|Any CPU
		{9077F25D-1118-4428-8B7C-E924E1A90281}.Debug|x64.Build.0 = Debug|Any CPU
		{9077F25D-1118-4428-8B7C-E924E1A90281}.Debug|x86.ActiveCfg = Debug|Any CPU
		{9077F25D-1118-4428-8B7C-E924E1A90281}.Debug|x86.Build.0 = Debug|Any CPU
		{9077F25D-1118-4428-8B7C-E924E1A90281}.Release|Any CPU.ActiveCfg = Release|Any CPU
		{9077F25D-1118-4428-8B7C-E924E1A90281}.Release|Any CPU.Build.0 = Release|Any CPU
		{9077F25D-1118-4428-8B7C-E924E1A90281}.Release|ARM.ActiveCfg = Release|Any CPU
		{9077F25D-1118-4428-8B7C-E924E1A90281}.Release|ARM.Build.0 = Release|Any CPU
		{9077F25D-1118-4428-8B7C-E924E1A90281}.Release|x64.ActiveCfg = Release|Any CPU
		{9077F25D-1118-4428-8B7C-E924E1A90281}.Release|x64.Build.0 = Release|Any CPU
		{9077F25D-1118-4428-8B7C-E924E1A90281}.Release|x86.ActiveCfg = Release|Any CPU
		{9077F25D-1118-4428-8B7C-E924E1A90281}.Release|x86.Build.0 = Release|Any CPU
		{4ABB4B40-9F74-40E0-AA24-6ED891BFCD4B}.Debug|Any CPU.ActiveCfg = Debug|Any CPU
		{4ABB4B40-9F74-40E0-AA24-6ED891BFCD4B}.Debug|Any CPU.Build.0 = Debug|Any CPU
		{4ABB4B40-9F74-40E0-AA24-6ED891BFCD4B}.Debug|ARM.ActiveCfg = Debug|Any CPU
		{4ABB4B40-9F74-40E0-AA24-6ED891BFCD4B}.Debug|ARM.Build.0 = Debug|Any CPU
		{4ABB4B40-9F74-40E0-AA24-6ED891BFCD4B}.Debug|x64.ActiveCfg = Debug|Any CPU
		{4ABB4B40-9F74-40E0-AA24-6ED891BFCD4B}.Debug|x64.Build.0 = Debug|Any CPU
		{4ABB4B40-9F74-40E0-AA24-6ED891BFCD4B}.Debug|x86.ActiveCfg = Debug|Any CPU
		{4ABB4B40-9F74-40E0-AA24-6ED891BFCD4B}.Debug|x86.Build.0 = Debug|Any CPU
		{4ABB4B40-9F74-40E0-AA24-6ED891BFCD4B}.Release|Any CPU.ActiveCfg = Release|Any CPU
		{4ABB4B40-9F74-40E0-AA24-6ED891BFCD4B}.Release|Any CPU.Build.0 = Release|Any CPU
		{4ABB4B40-9F74-40E0-AA24-6ED891BFCD4B}.Release|ARM.ActiveCfg = Release|Any CPU
		{4ABB4B40-9F74-40E0-AA24-6ED891BFCD4B}.Release|ARM.Build.0 = Release|Any CPU
		{4ABB4B40-9F74-40E0-AA24-6ED891BFCD4B}.Release|x64.ActiveCfg = Release|Any CPU
		{4ABB4B40-9F74-40E0-AA24-6ED891BFCD4B}.Release|x64.Build.0 = Release|Any CPU
		{4ABB4B40-9F74-40E0-AA24-6ED891BFCD4B}.Release|x86.ActiveCfg = Release|Any CPU
		{4ABB4B40-9F74-40E0-AA24-6ED891BFCD4B}.Release|x86.Build.0 = Release|Any CPU
		{C2AF98F7-FE1F-46B9-8613-0EF72F6FF436}.Debug|Any CPU.ActiveCfg = Debug|Any CPU
		{C2AF98F7-FE1F-46B9-8613-0EF72F6FF436}.Debug|Any CPU.Build.0 = Debug|Any CPU
		{C2AF98F7-FE1F-46B9-8613-0EF72F6FF436}.Debug|ARM.ActiveCfg = Debug|Any CPU
		{C2AF98F7-FE1F-46B9-8613-0EF72F6FF436}.Debug|ARM.Build.0 = Debug|Any CPU
		{C2AF98F7-FE1F-46B9-8613-0EF72F6FF436}.Debug|x64.ActiveCfg = Debug|Any CPU
		{C2AF98F7-FE1F-46B9-8613-0EF72F6FF436}.Debug|x64.Build.0 = Debug|Any CPU
		{C2AF98F7-FE1F-46B9-8613-0EF72F6FF436}.Debug|x86.ActiveCfg = Debug|Any CPU
		{C2AF98F7-FE1F-46B9-8613-0EF72F6FF436}.Debug|x86.Build.0 = Debug|Any CPU
		{C2AF98F7-FE1F-46B9-8613-0EF72F6FF436}.Release|Any CPU.ActiveCfg = Release|Any CPU
		{C2AF98F7-FE1F-46B9-8613-0EF72F6FF436}.Release|Any CPU.Build.0 = Release|Any CPU
		{C2AF98F7-FE1F-46B9-8613-0EF72F6FF436}.Release|ARM.ActiveCfg = Release|Any CPU
		{C2AF98F7-FE1F-46B9-8613-0EF72F6FF436}.Release|ARM.Build.0 = Release|Any CPU
		{C2AF98F7-FE1F-46B9-8613-0EF72F6FF436}.Release|x64.ActiveCfg = Release|Any CPU
		{C2AF98F7-FE1F-46B9-8613-0EF72F6FF436}.Release|x64.Build.0 = Release|Any CPU
		{C2AF98F7-FE1F-46B9-8613-0EF72F6FF436}.Release|x86.ActiveCfg = Release|Any CPU
		{C2AF98F7-FE1F-46B9-8613-0EF72F6FF436}.Release|x86.Build.0 = Release|Any CPU
		{1B65919E-10EF-4FCE-9FEC-DE547A62FC15}.Debug|Any CPU.ActiveCfg = Debug|Any CPU
		{1B65919E-10EF-4FCE-9FEC-DE547A62FC15}.Debug|Any CPU.Build.0 = Debug|Any CPU
		{1B65919E-10EF-4FCE-9FEC-DE547A62FC15}.Debug|ARM.ActiveCfg = Debug|Any CPU
		{1B65919E-10EF-4FCE-9FEC-DE547A62FC15}.Debug|ARM.Build.0 = Debug|Any CPU
		{1B65919E-10EF-4FCE-9FEC-DE547A62FC15}.Debug|x64.ActiveCfg = Debug|Any CPU
		{1B65919E-10EF-4FCE-9FEC-DE547A62FC15}.Debug|x64.Build.0 = Debug|Any CPU
		{1B65919E-10EF-4FCE-9FEC-DE547A62FC15}.Debug|x86.ActiveCfg = Debug|Any CPU
		{1B65919E-10EF-4FCE-9FEC-DE547A62FC15}.Debug|x86.Build.0 = Debug|Any CPU
		{1B65919E-10EF-4FCE-9FEC-DE547A62FC15}.Release|Any CPU.ActiveCfg = Release|Any CPU
		{1B65919E-10EF-4FCE-9FEC-DE547A62FC15}.Release|Any CPU.Build.0 = Release|Any CPU
		{1B65919E-10EF-4FCE-9FEC-DE547A62FC15}.Release|ARM.ActiveCfg = Release|Any CPU
		{1B65919E-10EF-4FCE-9FEC-DE547A62FC15}.Release|ARM.Build.0 = Release|Any CPU
		{1B65919E-10EF-4FCE-9FEC-DE547A62FC15}.Release|x64.ActiveCfg = Release|Any CPU
		{1B65919E-10EF-4FCE-9FEC-DE547A62FC15}.Release|x64.Build.0 = Release|Any CPU
		{1B65919E-10EF-4FCE-9FEC-DE547A62FC15}.Release|x86.ActiveCfg = Release|Any CPU
		{1B65919E-10EF-4FCE-9FEC-DE547A62FC15}.Release|x86.Build.0 = Release|Any CPU
		{8DECA320-739F-474B-BD5F-71C09EFC1EC2}.Debug|Any CPU.ActiveCfg = Debug|Any CPU
		{8DECA320-739F-474B-BD5F-71C09EFC1EC2}.Debug|Any CPU.Build.0 = Debug|Any CPU
		{8DECA320-739F-474B-BD5F-71C09EFC1EC2}.Debug|ARM.ActiveCfg = Debug|Any CPU
		{8DECA320-739F-474B-BD5F-71C09EFC1EC2}.Debug|ARM.Build.0 = Debug|Any CPU
		{8DECA320-739F-474B-BD5F-71C09EFC1EC2}.Debug|x64.ActiveCfg = Debug|Any CPU
		{8DECA320-739F-474B-BD5F-71C09EFC1EC2}.Debug|x64.Build.0 = Debug|Any CPU
		{8DECA320-739F-474B-BD5F-71C09EFC1EC2}.Debug|x86.ActiveCfg = Debug|Any CPU
		{8DECA320-739F-474B-BD5F-71C09EFC1EC2}.Debug|x86.Build.0 = Debug|Any CPU
		{8DECA320-739F-474B-BD5F-71C09EFC1EC2}.Release|Any CPU.ActiveCfg = Release|Any CPU
		{8DECA320-739F-474B-BD5F-71C09EFC1EC2}.Release|Any CPU.Build.0 = Release|Any CPU
		{8DECA320-739F-474B-BD5F-71C09EFC1EC2}.Release|ARM.ActiveCfg = Release|Any CPU
		{8DECA320-739F-474B-BD5F-71C09EFC1EC2}.Release|ARM.Build.0 = Release|Any CPU
		{8DECA320-739F-474B-BD5F-71C09EFC1EC2}.Release|x64.ActiveCfg = Release|Any CPU
		{8DECA320-739F-474B-BD5F-71C09EFC1EC2}.Release|x64.Build.0 = Release|Any CPU
		{8DECA320-739F-474B-BD5F-71C09EFC1EC2}.Release|x86.ActiveCfg = Release|Any CPU
		{8DECA320-739F-474B-BD5F-71C09EFC1EC2}.Release|x86.Build.0 = Release|Any CPU
		{DEBAF0D0-4A09-4FED-8A08-D782EB513A0D}.Debug|Any CPU.ActiveCfg = Debug|Any CPU
		{DEBAF0D0-4A09-4FED-8A08-D782EB513A0D}.Debug|Any CPU.Build.0 = Debug|Any CPU
		{DEBAF0D0-4A09-4FED-8A08-D782EB513A0D}.Debug|ARM.ActiveCfg = Debug|Any CPU
		{DEBAF0D0-4A09-4FED-8A08-D782EB513A0D}.Debug|ARM.Build.0 = Debug|Any CPU
		{DEBAF0D0-4A09-4FED-8A08-D782EB513A0D}.Debug|x64.ActiveCfg = Debug|Any CPU
		{DEBAF0D0-4A09-4FED-8A08-D782EB513A0D}.Debug|x64.Build.0 = Debug|Any CPU
		{DEBAF0D0-4A09-4FED-8A08-D782EB513A0D}.Debug|x86.ActiveCfg = Debug|Any CPU
		{DEBAF0D0-4A09-4FED-8A08-D782EB513A0D}.Debug|x86.Build.0 = Debug|Any CPU
		{DEBAF0D0-4A09-4FED-8A08-D782EB513A0D}.Release|Any CPU.ActiveCfg = Release|Any CPU
		{DEBAF0D0-4A09-4FED-8A08-D782EB513A0D}.Release|Any CPU.Build.0 = Release|Any CPU
		{DEBAF0D0-4A09-4FED-8A08-D782EB513A0D}.Release|ARM.ActiveCfg = Release|Any CPU
		{DEBAF0D0-4A09-4FED-8A08-D782EB513A0D}.Release|ARM.Build.0 = Release|Any CPU
		{DEBAF0D0-4A09-4FED-8A08-D782EB513A0D}.Release|x64.ActiveCfg = Release|Any CPU
		{DEBAF0D0-4A09-4FED-8A08-D782EB513A0D}.Release|x64.Build.0 = Release|Any CPU
		{DEBAF0D0-4A09-4FED-8A08-D782EB513A0D}.Release|x86.ActiveCfg = Release|Any CPU
		{DEBAF0D0-4A09-4FED-8A08-D782EB513A0D}.Release|x86.Build.0 = Release|Any CPU
		{54BE4C5D-B9CE-4C20-A6F0-62A2A888F4C4}.Debug|Any CPU.ActiveCfg = Debug|Any CPU
		{54BE4C5D-B9CE-4C20-A6F0-62A2A888F4C4}.Debug|Any CPU.Build.0 = Debug|Any CPU
		{54BE4C5D-B9CE-4C20-A6F0-62A2A888F4C4}.Debug|ARM.ActiveCfg = Debug|Any CPU
		{54BE4C5D-B9CE-4C20-A6F0-62A2A888F4C4}.Debug|ARM.Build.0 = Debug|Any CPU
		{54BE4C5D-B9CE-4C20-A6F0-62A2A888F4C4}.Debug|x64.ActiveCfg = Debug|Any CPU
		{54BE4C5D-B9CE-4C20-A6F0-62A2A888F4C4}.Debug|x64.Build.0 = Debug|Any CPU
		{54BE4C5D-B9CE-4C20-A6F0-62A2A888F4C4}.Debug|x86.ActiveCfg = Debug|Any CPU
		{54BE4C5D-B9CE-4C20-A6F0-62A2A888F4C4}.Debug|x86.Build.0 = Debug|Any CPU
		{54BE4C5D-B9CE-4C20-A6F0-62A2A888F4C4}.Release|Any CPU.ActiveCfg = Release|Any CPU
		{54BE4C5D-B9CE-4C20-A6F0-62A2A888F4C4}.Release|Any CPU.Build.0 = Release|Any CPU
		{54BE4C5D-B9CE-4C20-A6F0-62A2A888F4C4}.Release|ARM.ActiveCfg = Release|Any CPU
		{54BE4C5D-B9CE-4C20-A6F0-62A2A888F4C4}.Release|ARM.Build.0 = Release|Any CPU
		{54BE4C5D-B9CE-4C20-A6F0-62A2A888F4C4}.Release|x64.ActiveCfg = Release|Any CPU
		{54BE4C5D-B9CE-4C20-A6F0-62A2A888F4C4}.Release|x64.Build.0 = Release|Any CPU
		{54BE4C5D-B9CE-4C20-A6F0-62A2A888F4C4}.Release|x86.ActiveCfg = Release|Any CPU
		{54BE4C5D-B9CE-4C20-A6F0-62A2A888F4C4}.Release|x86.Build.0 = Release|Any CPU
		{0BBDB30E-CC25-4FF1-A55D-B5E87A89FF63}.Debug|Any CPU.ActiveCfg = Debug|Any CPU
		{0BBDB30E-CC25-4FF1-A55D-B5E87A89FF63}.Debug|Any CPU.Build.0 = Debug|Any CPU
		{0BBDB30E-CC25-4FF1-A55D-B5E87A89FF63}.Debug|ARM.ActiveCfg = Debug|Any CPU
		{0BBDB30E-CC25-4FF1-A55D-B5E87A89FF63}.Debug|ARM.Build.0 = Debug|Any CPU
		{0BBDB30E-CC25-4FF1-A55D-B5E87A89FF63}.Debug|x64.ActiveCfg = Debug|Any CPU
		{0BBDB30E-CC25-4FF1-A55D-B5E87A89FF63}.Debug|x64.Build.0 = Debug|Any CPU
		{0BBDB30E-CC25-4FF1-A55D-B5E87A89FF63}.Debug|x86.ActiveCfg = Debug|Any CPU
		{0BBDB30E-CC25-4FF1-A55D-B5E87A89FF63}.Debug|x86.Build.0 = Debug|Any CPU
		{0BBDB30E-CC25-4FF1-A55D-B5E87A89FF63}.Release|Any CPU.ActiveCfg = Release|Any CPU
		{0BBDB30E-CC25-4FF1-A55D-B5E87A89FF63}.Release|Any CPU.Build.0 = Release|Any CPU
		{0BBDB30E-CC25-4FF1-A55D-B5E87A89FF63}.Release|ARM.ActiveCfg = Release|Any CPU
		{0BBDB30E-CC25-4FF1-A55D-B5E87A89FF63}.Release|ARM.Build.0 = Release|Any CPU
		{0BBDB30E-CC25-4FF1-A55D-B5E87A89FF63}.Release|x64.ActiveCfg = Release|Any CPU
		{0BBDB30E-CC25-4FF1-A55D-B5E87A89FF63}.Release|x64.Build.0 = Release|Any CPU
		{0BBDB30E-CC25-4FF1-A55D-B5E87A89FF63}.Release|x86.ActiveCfg = Release|Any CPU
		{0BBDB30E-CC25-4FF1-A55D-B5E87A89FF63}.Release|x86.Build.0 = Release|Any CPU
		{27C1503D-46A2-430B-9A24-A7589828F8D9}.Debug|Any CPU.ActiveCfg = Debug|Any CPU
		{27C1503D-46A2-430B-9A24-A7589828F8D9}.Debug|Any CPU.Build.0 = Debug|Any CPU
		{27C1503D-46A2-430B-9A24-A7589828F8D9}.Debug|ARM.ActiveCfg = Debug|Any CPU
		{27C1503D-46A2-430B-9A24-A7589828F8D9}.Debug|ARM.Build.0 = Debug|Any CPU
		{27C1503D-46A2-430B-9A24-A7589828F8D9}.Debug|x64.ActiveCfg = Debug|Any CPU
		{27C1503D-46A2-430B-9A24-A7589828F8D9}.Debug|x64.Build.0 = Debug|Any CPU
		{27C1503D-46A2-430B-9A24-A7589828F8D9}.Debug|x86.ActiveCfg = Debug|Any CPU
		{27C1503D-46A2-430B-9A24-A7589828F8D9}.Debug|x86.Build.0 = Debug|Any CPU
		{27C1503D-46A2-430B-9A24-A7589828F8D9}.Release|Any CPU.ActiveCfg = Release|Any CPU
		{27C1503D-46A2-430B-9A24-A7589828F8D9}.Release|Any CPU.Build.0 = Release|Any CPU
		{27C1503D-46A2-430B-9A24-A7589828F8D9}.Release|ARM.ActiveCfg = Release|Any CPU
		{27C1503D-46A2-430B-9A24-A7589828F8D9}.Release|ARM.Build.0 = Release|Any CPU
		{27C1503D-46A2-430B-9A24-A7589828F8D9}.Release|x64.ActiveCfg = Release|Any CPU
		{27C1503D-46A2-430B-9A24-A7589828F8D9}.Release|x64.Build.0 = Release|Any CPU
		{27C1503D-46A2-430B-9A24-A7589828F8D9}.Release|x86.ActiveCfg = Release|Any CPU
		{27C1503D-46A2-430B-9A24-A7589828F8D9}.Release|x86.Build.0 = Release|Any CPU
		{FCD49C9C-0898-4195-957C-0EF86445BE5D}.Debug|Any CPU.ActiveCfg = Debug|Any CPU
		{FCD49C9C-0898-4195-957C-0EF86445BE5D}.Debug|Any CPU.Build.0 = Debug|Any CPU
		{FCD49C9C-0898-4195-957C-0EF86445BE5D}.Debug|ARM.ActiveCfg = Debug|Any CPU
		{FCD49C9C-0898-4195-957C-0EF86445BE5D}.Debug|ARM.Build.0 = Debug|Any CPU
		{FCD49C9C-0898-4195-957C-0EF86445BE5D}.Debug|x64.ActiveCfg = Debug|Any CPU
		{FCD49C9C-0898-4195-957C-0EF86445BE5D}.Debug|x64.Build.0 = Debug|Any CPU
		{FCD49C9C-0898-4195-957C-0EF86445BE5D}.Debug|x86.ActiveCfg = Debug|Any CPU
		{FCD49C9C-0898-4195-957C-0EF86445BE5D}.Debug|x86.Build.0 = Debug|Any CPU
		{FCD49C9C-0898-4195-957C-0EF86445BE5D}.Release|Any CPU.ActiveCfg = Release|Any CPU
		{FCD49C9C-0898-4195-957C-0EF86445BE5D}.Release|Any CPU.Build.0 = Release|Any CPU
		{FCD49C9C-0898-4195-957C-0EF86445BE5D}.Release|ARM.ActiveCfg = Release|Any CPU
		{FCD49C9C-0898-4195-957C-0EF86445BE5D}.Release|ARM.Build.0 = Release|Any CPU
		{FCD49C9C-0898-4195-957C-0EF86445BE5D}.Release|x64.ActiveCfg = Release|Any CPU
		{FCD49C9C-0898-4195-957C-0EF86445BE5D}.Release|x64.Build.0 = Release|Any CPU
		{FCD49C9C-0898-4195-957C-0EF86445BE5D}.Release|x86.ActiveCfg = Release|Any CPU
		{FCD49C9C-0898-4195-957C-0EF86445BE5D}.Release|x86.Build.0 = Release|Any CPU
		{C1CFEE39-6EA1-4524-AE68-B8C8F0ED9B4E}.Debug|Any CPU.ActiveCfg = Debug|Any CPU
		{C1CFEE39-6EA1-4524-AE68-B8C8F0ED9B4E}.Debug|ARM.ActiveCfg = Debug|Any CPU
		{C1CFEE39-6EA1-4524-AE68-B8C8F0ED9B4E}.Debug|ARM.Build.0 = Debug|Any CPU
		{C1CFEE39-6EA1-4524-AE68-B8C8F0ED9B4E}.Debug|x64.ActiveCfg = Debug|Any CPU
		{C1CFEE39-6EA1-4524-AE68-B8C8F0ED9B4E}.Debug|x64.Build.0 = Debug|Any CPU
		{C1CFEE39-6EA1-4524-AE68-B8C8F0ED9B4E}.Debug|x86.ActiveCfg = Debug|Any CPU
		{C1CFEE39-6EA1-4524-AE68-B8C8F0ED9B4E}.Debug|x86.Build.0 = Debug|Any CPU
		{C1CFEE39-6EA1-4524-AE68-B8C8F0ED9B4E}.Release|Any CPU.ActiveCfg = Release|Any CPU
		{C1CFEE39-6EA1-4524-AE68-B8C8F0ED9B4E}.Release|Any CPU.Build.0 = Release|Any CPU
		{C1CFEE39-6EA1-4524-AE68-B8C8F0ED9B4E}.Release|ARM.ActiveCfg = Release|Any CPU
		{C1CFEE39-6EA1-4524-AE68-B8C8F0ED9B4E}.Release|ARM.Build.0 = Release|Any CPU
		{C1CFEE39-6EA1-4524-AE68-B8C8F0ED9B4E}.Release|x64.ActiveCfg = Release|Any CPU
		{C1CFEE39-6EA1-4524-AE68-B8C8F0ED9B4E}.Release|x64.Build.0 = Release|Any CPU
		{C1CFEE39-6EA1-4524-AE68-B8C8F0ED9B4E}.Release|x86.ActiveCfg = Release|Any CPU
		{C1CFEE39-6EA1-4524-AE68-B8C8F0ED9B4E}.Release|x86.Build.0 = Release|Any CPU
		{560D3085-424B-4727-AD7F-2A6D3BF78082}.Debug|Any CPU.ActiveCfg = Debug|Any CPU
		{560D3085-424B-4727-AD7F-2A6D3BF78082}.Debug|Any CPU.Build.0 = Debug|Any CPU
		{560D3085-424B-4727-AD7F-2A6D3BF78082}.Debug|ARM.ActiveCfg = Debug|Any CPU
		{560D3085-424B-4727-AD7F-2A6D3BF78082}.Debug|ARM.Build.0 = Debug|Any CPU
		{560D3085-424B-4727-AD7F-2A6D3BF78082}.Debug|x64.ActiveCfg = Debug|Any CPU
		{560D3085-424B-4727-AD7F-2A6D3BF78082}.Debug|x64.Build.0 = Debug|Any CPU
		{560D3085-424B-4727-AD7F-2A6D3BF78082}.Debug|x86.ActiveCfg = Debug|Any CPU
		{560D3085-424B-4727-AD7F-2A6D3BF78082}.Debug|x86.Build.0 = Debug|Any CPU
		{560D3085-424B-4727-AD7F-2A6D3BF78082}.Release|Any CPU.ActiveCfg = Release|Any CPU
		{560D3085-424B-4727-AD7F-2A6D3BF78082}.Release|Any CPU.Build.0 = Release|Any CPU
		{560D3085-424B-4727-AD7F-2A6D3BF78082}.Release|ARM.ActiveCfg = Release|Any CPU
		{560D3085-424B-4727-AD7F-2A6D3BF78082}.Release|ARM.Build.0 = Release|Any CPU
		{560D3085-424B-4727-AD7F-2A6D3BF78082}.Release|x64.ActiveCfg = Release|Any CPU
		{560D3085-424B-4727-AD7F-2A6D3BF78082}.Release|x64.Build.0 = Release|Any CPU
		{560D3085-424B-4727-AD7F-2A6D3BF78082}.Release|x86.ActiveCfg = Release|Any CPU
		{560D3085-424B-4727-AD7F-2A6D3BF78082}.Release|x86.Build.0 = Release|Any CPU
		{87C925F5-1925-4C3F-BC20-5BAEE076B998}.Debug|Any CPU.ActiveCfg = Debug|Any CPU
		{87C925F5-1925-4C3F-BC20-5BAEE076B998}.Debug|Any CPU.Build.0 = Debug|Any CPU
		{87C925F5-1925-4C3F-BC20-5BAEE076B998}.Debug|ARM.ActiveCfg = Debug|Any CPU
		{87C925F5-1925-4C3F-BC20-5BAEE076B998}.Debug|ARM.Build.0 = Debug|Any CPU
		{87C925F5-1925-4C3F-BC20-5BAEE076B998}.Debug|x64.ActiveCfg = Debug|Any CPU
		{87C925F5-1925-4C3F-BC20-5BAEE076B998}.Debug|x64.Build.0 = Debug|Any CPU
		{87C925F5-1925-4C3F-BC20-5BAEE076B998}.Debug|x86.ActiveCfg = Debug|Any CPU
		{87C925F5-1925-4C3F-BC20-5BAEE076B998}.Debug|x86.Build.0 = Debug|Any CPU
		{87C925F5-1925-4C3F-BC20-5BAEE076B998}.Release|Any CPU.ActiveCfg = Release|Any CPU
		{87C925F5-1925-4C3F-BC20-5BAEE076B998}.Release|Any CPU.Build.0 = Release|Any CPU
		{87C925F5-1925-4C3F-BC20-5BAEE076B998}.Release|ARM.ActiveCfg = Release|Any CPU
		{87C925F5-1925-4C3F-BC20-5BAEE076B998}.Release|ARM.Build.0 = Release|Any CPU
		{87C925F5-1925-4C3F-BC20-5BAEE076B998}.Release|x64.ActiveCfg = Release|Any CPU
		{87C925F5-1925-4C3F-BC20-5BAEE076B998}.Release|x64.Build.0 = Release|Any CPU
		{87C925F5-1925-4C3F-BC20-5BAEE076B998}.Release|x86.ActiveCfg = Release|Any CPU
		{87C925F5-1925-4C3F-BC20-5BAEE076B998}.Release|x86.Build.0 = Release|Any CPU
		{8C7F9477-C8FB-4C51-9202-A5538528ECF9}.Debug|Any CPU.ActiveCfg = Debug|Any CPU
		{8C7F9477-C8FB-4C51-9202-A5538528ECF9}.Debug|Any CPU.Build.0 = Debug|Any CPU
		{8C7F9477-C8FB-4C51-9202-A5538528ECF9}.Debug|ARM.ActiveCfg = Debug|Any CPU
		{8C7F9477-C8FB-4C51-9202-A5538528ECF9}.Debug|ARM.Build.0 = Debug|Any CPU
		{8C7F9477-C8FB-4C51-9202-A5538528ECF9}.Debug|x64.ActiveCfg = Debug|Any CPU
		{8C7F9477-C8FB-4C51-9202-A5538528ECF9}.Debug|x64.Build.0 = Debug|Any CPU
		{8C7F9477-C8FB-4C51-9202-A5538528ECF9}.Debug|x86.ActiveCfg = Debug|Any CPU
		{8C7F9477-C8FB-4C51-9202-A5538528ECF9}.Debug|x86.Build.0 = Debug|Any CPU
		{8C7F9477-C8FB-4C51-9202-A5538528ECF9}.Release|Any CPU.ActiveCfg = Release|Any CPU
		{8C7F9477-C8FB-4C51-9202-A5538528ECF9}.Release|Any CPU.Build.0 = Release|Any CPU
		{8C7F9477-C8FB-4C51-9202-A5538528ECF9}.Release|ARM.ActiveCfg = Release|Any CPU
		{8C7F9477-C8FB-4C51-9202-A5538528ECF9}.Release|ARM.Build.0 = Release|Any CPU
		{8C7F9477-C8FB-4C51-9202-A5538528ECF9}.Release|x64.ActiveCfg = Release|Any CPU
		{8C7F9477-C8FB-4C51-9202-A5538528ECF9}.Release|x64.Build.0 = Release|Any CPU
		{8C7F9477-C8FB-4C51-9202-A5538528ECF9}.Release|x86.ActiveCfg = Release|Any CPU
		{8C7F9477-C8FB-4C51-9202-A5538528ECF9}.Release|x86.Build.0 = Release|Any CPU
		{53AB334D-022F-485E-A755-FE59B38DB953}.Debug|Any CPU.ActiveCfg = Debug|Any CPU
		{53AB334D-022F-485E-A755-FE59B38DB953}.Debug|Any CPU.Build.0 = Debug|Any CPU
		{53AB334D-022F-485E-A755-FE59B38DB953}.Debug|ARM.ActiveCfg = Debug|Any CPU
		{53AB334D-022F-485E-A755-FE59B38DB953}.Debug|ARM.Build.0 = Debug|Any CPU
		{53AB334D-022F-485E-A755-FE59B38DB953}.Debug|x64.ActiveCfg = Debug|Any CPU
		{53AB334D-022F-485E-A755-FE59B38DB953}.Debug|x64.Build.0 = Debug|Any CPU
		{53AB334D-022F-485E-A755-FE59B38DB953}.Debug|x86.ActiveCfg = Debug|Any CPU
		{53AB334D-022F-485E-A755-FE59B38DB953}.Debug|x86.Build.0 = Debug|Any CPU
		{53AB334D-022F-485E-A755-FE59B38DB953}.Release|Any CPU.ActiveCfg = Release|Any CPU
		{53AB334D-022F-485E-A755-FE59B38DB953}.Release|Any CPU.Build.0 = Release|Any CPU
		{53AB334D-022F-485E-A755-FE59B38DB953}.Release|ARM.ActiveCfg = Release|Any CPU
		{53AB334D-022F-485E-A755-FE59B38DB953}.Release|ARM.Build.0 = Release|Any CPU
		{53AB334D-022F-485E-A755-FE59B38DB953}.Release|x64.ActiveCfg = Release|Any CPU
		{53AB334D-022F-485E-A755-FE59B38DB953}.Release|x64.Build.0 = Release|Any CPU
		{53AB334D-022F-485E-A755-FE59B38DB953}.Release|x86.ActiveCfg = Release|Any CPU
		{53AB334D-022F-485E-A755-FE59B38DB953}.Release|x86.Build.0 = Release|Any CPU
		{2F4CBF03-89F3-4250-A7D9-CBA4B527FFC8}.Debug|Any CPU.ActiveCfg = Debug|Any CPU
		{2F4CBF03-89F3-4250-A7D9-CBA4B527FFC8}.Debug|ARM.ActiveCfg = Debug|Any CPU
		{2F4CBF03-89F3-4250-A7D9-CBA4B527FFC8}.Debug|ARM.Build.0 = Debug|Any CPU
		{2F4CBF03-89F3-4250-A7D9-CBA4B527FFC8}.Debug|ARM.Deploy.0 = Debug|Any CPU
		{2F4CBF03-89F3-4250-A7D9-CBA4B527FFC8}.Debug|x64.ActiveCfg = Debug|Any CPU
		{2F4CBF03-89F3-4250-A7D9-CBA4B527FFC8}.Debug|x64.Build.0 = Debug|Any CPU
		{2F4CBF03-89F3-4250-A7D9-CBA4B527FFC8}.Debug|x64.Deploy.0 = Debug|Any CPU
		{2F4CBF03-89F3-4250-A7D9-CBA4B527FFC8}.Debug|x86.ActiveCfg = Debug|Any CPU
		{2F4CBF03-89F3-4250-A7D9-CBA4B527FFC8}.Debug|x86.Build.0 = Debug|Any CPU
		{2F4CBF03-89F3-4250-A7D9-CBA4B527FFC8}.Debug|x86.Deploy.0 = Debug|Any CPU
		{2F4CBF03-89F3-4250-A7D9-CBA4B527FFC8}.Release|Any CPU.ActiveCfg = Release|Any CPU
		{2F4CBF03-89F3-4250-A7D9-CBA4B527FFC8}.Release|ARM.ActiveCfg = Release|Any CPU
		{2F4CBF03-89F3-4250-A7D9-CBA4B527FFC8}.Release|ARM.Build.0 = Release|Any CPU
		{2F4CBF03-89F3-4250-A7D9-CBA4B527FFC8}.Release|ARM.Deploy.0 = Release|Any CPU
		{2F4CBF03-89F3-4250-A7D9-CBA4B527FFC8}.Release|x64.ActiveCfg = Release|Any CPU
		{2F4CBF03-89F3-4250-A7D9-CBA4B527FFC8}.Release|x64.Build.0 = Release|Any CPU
		{2F4CBF03-89F3-4250-A7D9-CBA4B527FFC8}.Release|x64.Deploy.0 = Release|Any CPU
		{2F4CBF03-89F3-4250-A7D9-CBA4B527FFC8}.Release|x86.ActiveCfg = Release|Any CPU
		{2F4CBF03-89F3-4250-A7D9-CBA4B527FFC8}.Release|x86.Build.0 = Release|Any CPU
		{2F4CBF03-89F3-4250-A7D9-CBA4B527FFC8}.Release|x86.Deploy.0 = Release|Any CPU
		{96ECF103-5181-4538-A15A-FFF8404042D0}.Debug|Any CPU.ActiveCfg = Debug|Any CPU
		{96ECF103-5181-4538-A15A-FFF8404042D0}.Debug|Any CPU.Build.0 = Debug|Any CPU
		{96ECF103-5181-4538-A15A-FFF8404042D0}.Debug|ARM.ActiveCfg = Debug|Any CPU
		{96ECF103-5181-4538-A15A-FFF8404042D0}.Debug|ARM.Build.0 = Debug|Any CPU
		{96ECF103-5181-4538-A15A-FFF8404042D0}.Debug|x64.ActiveCfg = Debug|Any CPU
		{96ECF103-5181-4538-A15A-FFF8404042D0}.Debug|x64.Build.0 = Debug|Any CPU
		{96ECF103-5181-4538-A15A-FFF8404042D0}.Debug|x86.ActiveCfg = Debug|Any CPU
		{96ECF103-5181-4538-A15A-FFF8404042D0}.Debug|x86.Build.0 = Debug|Any CPU
		{96ECF103-5181-4538-A15A-FFF8404042D0}.Release|Any CPU.ActiveCfg = Release|Any CPU
		{96ECF103-5181-4538-A15A-FFF8404042D0}.Release|Any CPU.Build.0 = Release|Any CPU
		{96ECF103-5181-4538-A15A-FFF8404042D0}.Release|ARM.ActiveCfg = Release|Any CPU
		{96ECF103-5181-4538-A15A-FFF8404042D0}.Release|ARM.Build.0 = Release|Any CPU
		{96ECF103-5181-4538-A15A-FFF8404042D0}.Release|x64.ActiveCfg = Release|Any CPU
		{96ECF103-5181-4538-A15A-FFF8404042D0}.Release|x64.Build.0 = Release|Any CPU
		{96ECF103-5181-4538-A15A-FFF8404042D0}.Release|x86.ActiveCfg = Release|Any CPU
		{96ECF103-5181-4538-A15A-FFF8404042D0}.Release|x86.Build.0 = Release|Any CPU
		{65F5AF55-42BE-4B18-BAEE-6FE09F93AC4B}.Debug|Any CPU.ActiveCfg = Debug|Any CPU
		{65F5AF55-42BE-4B18-BAEE-6FE09F93AC4B}.Debug|Any CPU.Build.0 = Debug|Any CPU
		{65F5AF55-42BE-4B18-BAEE-6FE09F93AC4B}.Debug|ARM.ActiveCfg = Debug|Any CPU
		{65F5AF55-42BE-4B18-BAEE-6FE09F93AC4B}.Debug|ARM.Build.0 = Debug|Any CPU
		{65F5AF55-42BE-4B18-BAEE-6FE09F93AC4B}.Debug|x64.ActiveCfg = Debug|Any CPU
		{65F5AF55-42BE-4B18-BAEE-6FE09F93AC4B}.Debug|x64.Build.0 = Debug|Any CPU
		{65F5AF55-42BE-4B18-BAEE-6FE09F93AC4B}.Debug|x86.ActiveCfg = Debug|Any CPU
		{65F5AF55-42BE-4B18-BAEE-6FE09F93AC4B}.Debug|x86.Build.0 = Debug|Any CPU
		{65F5AF55-42BE-4B18-BAEE-6FE09F93AC4B}.Release|Any CPU.ActiveCfg = Release|Any CPU
		{65F5AF55-42BE-4B18-BAEE-6FE09F93AC4B}.Release|Any CPU.Build.0 = Release|Any CPU
		{65F5AF55-42BE-4B18-BAEE-6FE09F93AC4B}.Release|ARM.ActiveCfg = Release|Any CPU
		{65F5AF55-42BE-4B18-BAEE-6FE09F93AC4B}.Release|ARM.Build.0 = Release|Any CPU
		{65F5AF55-42BE-4B18-BAEE-6FE09F93AC4B}.Release|x64.ActiveCfg = Release|Any CPU
		{65F5AF55-42BE-4B18-BAEE-6FE09F93AC4B}.Release|x64.Build.0 = Release|Any CPU
		{65F5AF55-42BE-4B18-BAEE-6FE09F93AC4B}.Release|x86.ActiveCfg = Release|Any CPU
		{65F5AF55-42BE-4B18-BAEE-6FE09F93AC4B}.Release|x86.Build.0 = Release|Any CPU
		{435DDB68-D63C-4029-B2EF-51BEC879164C}.Debug|Any CPU.ActiveCfg = Debug|Any CPU
		{435DDB68-D63C-4029-B2EF-51BEC879164C}.Debug|Any CPU.Build.0 = Debug|Any CPU
		{435DDB68-D63C-4029-B2EF-51BEC879164C}.Debug|ARM.ActiveCfg = Debug|Any CPU
		{435DDB68-D63C-4029-B2EF-51BEC879164C}.Debug|ARM.Build.0 = Debug|Any CPU
		{435DDB68-D63C-4029-B2EF-51BEC879164C}.Debug|x64.ActiveCfg = Debug|Any CPU
		{435DDB68-D63C-4029-B2EF-51BEC879164C}.Debug|x64.Build.0 = Debug|Any CPU
		{435DDB68-D63C-4029-B2EF-51BEC879164C}.Debug|x86.ActiveCfg = Debug|Any CPU
		{435DDB68-D63C-4029-B2EF-51BEC879164C}.Debug|x86.Build.0 = Debug|Any CPU
		{435DDB68-D63C-4029-B2EF-51BEC879164C}.Release|Any CPU.ActiveCfg = Release|Any CPU
		{435DDB68-D63C-4029-B2EF-51BEC879164C}.Release|Any CPU.Build.0 = Release|Any CPU
		{435DDB68-D63C-4029-B2EF-51BEC879164C}.Release|ARM.ActiveCfg = Release|Any CPU
		{435DDB68-D63C-4029-B2EF-51BEC879164C}.Release|ARM.Build.0 = Release|Any CPU
		{435DDB68-D63C-4029-B2EF-51BEC879164C}.Release|x64.ActiveCfg = Release|Any CPU
		{435DDB68-D63C-4029-B2EF-51BEC879164C}.Release|x64.Build.0 = Release|Any CPU
		{435DDB68-D63C-4029-B2EF-51BEC879164C}.Release|x86.ActiveCfg = Release|Any CPU
		{435DDB68-D63C-4029-B2EF-51BEC879164C}.Release|x86.Build.0 = Release|Any CPU
		{9B0F1984-219F-4D02-90AD-89C7455D4812}.Debug|Any CPU.ActiveCfg = Debug|Any CPU
		{9B0F1984-219F-4D02-90AD-89C7455D4812}.Debug|Any CPU.Build.0 = Debug|Any CPU
		{9B0F1984-219F-4D02-90AD-89C7455D4812}.Debug|ARM.ActiveCfg = Debug|Any CPU
		{9B0F1984-219F-4D02-90AD-89C7455D4812}.Debug|ARM.Build.0 = Debug|Any CPU
		{9B0F1984-219F-4D02-90AD-89C7455D4812}.Debug|x64.ActiveCfg = Debug|Any CPU
		{9B0F1984-219F-4D02-90AD-89C7455D4812}.Debug|x64.Build.0 = Debug|Any CPU
		{9B0F1984-219F-4D02-90AD-89C7455D4812}.Debug|x86.ActiveCfg = Debug|Any CPU
		{9B0F1984-219F-4D02-90AD-89C7455D4812}.Debug|x86.Build.0 = Debug|Any CPU
		{9B0F1984-219F-4D02-90AD-89C7455D4812}.Release|Any CPU.ActiveCfg = Release|Any CPU
		{9B0F1984-219F-4D02-90AD-89C7455D4812}.Release|Any CPU.Build.0 = Release|Any CPU
		{9B0F1984-219F-4D02-90AD-89C7455D4812}.Release|ARM.ActiveCfg = Release|Any CPU
		{9B0F1984-219F-4D02-90AD-89C7455D4812}.Release|ARM.Build.0 = Release|Any CPU
		{9B0F1984-219F-4D02-90AD-89C7455D4812}.Release|x64.ActiveCfg = Release|Any CPU
		{9B0F1984-219F-4D02-90AD-89C7455D4812}.Release|x64.Build.0 = Release|Any CPU
		{9B0F1984-219F-4D02-90AD-89C7455D4812}.Release|x86.ActiveCfg = Release|Any CPU
		{9B0F1984-219F-4D02-90AD-89C7455D4812}.Release|x86.Build.0 = Release|Any CPU
		{EBEAACA1-BF3A-46F4-90C7-87E7F9F12577}.Debug|Any CPU.ActiveCfg = Debug|Any CPU
		{EBEAACA1-BF3A-46F4-90C7-87E7F9F12577}.Debug|Any CPU.Build.0 = Debug|Any CPU
		{EBEAACA1-BF3A-46F4-90C7-87E7F9F12577}.Debug|ARM.ActiveCfg = Debug|Any CPU
		{EBEAACA1-BF3A-46F4-90C7-87E7F9F12577}.Debug|ARM.Build.0 = Debug|Any CPU
		{EBEAACA1-BF3A-46F4-90C7-87E7F9F12577}.Debug|x64.ActiveCfg = Debug|Any CPU
		{EBEAACA1-BF3A-46F4-90C7-87E7F9F12577}.Debug|x64.Build.0 = Debug|Any CPU
		{EBEAACA1-BF3A-46F4-90C7-87E7F9F12577}.Debug|x86.ActiveCfg = Debug|Any CPU
		{EBEAACA1-BF3A-46F4-90C7-87E7F9F12577}.Debug|x86.Build.0 = Debug|Any CPU
		{EBEAACA1-BF3A-46F4-90C7-87E7F9F12577}.Release|Any CPU.ActiveCfg = Release|Any CPU
		{EBEAACA1-BF3A-46F4-90C7-87E7F9F12577}.Release|Any CPU.Build.0 = Release|Any CPU
		{EBEAACA1-BF3A-46F4-90C7-87E7F9F12577}.Release|ARM.ActiveCfg = Release|Any CPU
		{EBEAACA1-BF3A-46F4-90C7-87E7F9F12577}.Release|ARM.Build.0 = Release|Any CPU
		{EBEAACA1-BF3A-46F4-90C7-87E7F9F12577}.Release|x64.ActiveCfg = Release|Any CPU
		{EBEAACA1-BF3A-46F4-90C7-87E7F9F12577}.Release|x64.Build.0 = Release|Any CPU
		{EBEAACA1-BF3A-46F4-90C7-87E7F9F12577}.Release|x86.ActiveCfg = Release|Any CPU
		{EBEAACA1-BF3A-46F4-90C7-87E7F9F12577}.Release|x86.Build.0 = Release|Any CPU
		{AC959621-BA57-4A50-92DF-2B6D80B412A8}.Debug|Any CPU.ActiveCfg = Debug|Any CPU
		{AC959621-BA57-4A50-92DF-2B6D80B412A8}.Debug|Any CPU.Build.0 = Debug|Any CPU
		{AC959621-BA57-4A50-92DF-2B6D80B412A8}.Debug|ARM.ActiveCfg = Debug|Any CPU
		{AC959621-BA57-4A50-92DF-2B6D80B412A8}.Debug|ARM.Build.0 = Debug|Any CPU
		{AC959621-BA57-4A50-92DF-2B6D80B412A8}.Debug|x64.ActiveCfg = Debug|Any CPU
		{AC959621-BA57-4A50-92DF-2B6D80B412A8}.Debug|x64.Build.0 = Debug|Any CPU
		{AC959621-BA57-4A50-92DF-2B6D80B412A8}.Debug|x86.ActiveCfg = Debug|Any CPU
		{AC959621-BA57-4A50-92DF-2B6D80B412A8}.Debug|x86.Build.0 = Debug|Any CPU
		{AC959621-BA57-4A50-92DF-2B6D80B412A8}.Release|Any CPU.ActiveCfg = Release|Any CPU
		{AC959621-BA57-4A50-92DF-2B6D80B412A8}.Release|Any CPU.Build.0 = Release|Any CPU
		{AC959621-BA57-4A50-92DF-2B6D80B412A8}.Release|ARM.ActiveCfg = Release|Any CPU
		{AC959621-BA57-4A50-92DF-2B6D80B412A8}.Release|ARM.Build.0 = Release|Any CPU
		{AC959621-BA57-4A50-92DF-2B6D80B412A8}.Release|x64.ActiveCfg = Release|Any CPU
		{AC959621-BA57-4A50-92DF-2B6D80B412A8}.Release|x64.Build.0 = Release|Any CPU
		{AC959621-BA57-4A50-92DF-2B6D80B412A8}.Release|x86.ActiveCfg = Release|Any CPU
		{AC959621-BA57-4A50-92DF-2B6D80B412A8}.Release|x86.Build.0 = Release|Any CPU
		{3705A136-ED16-4274-A98E-0789BA8158F5}.Debug|Any CPU.ActiveCfg = Debug|Any CPU
		{3705A136-ED16-4274-A98E-0789BA8158F5}.Debug|Any CPU.Build.0 = Debug|Any CPU
		{3705A136-ED16-4274-A98E-0789BA8158F5}.Debug|ARM.ActiveCfg = Debug|Any CPU
		{3705A136-ED16-4274-A98E-0789BA8158F5}.Debug|ARM.Build.0 = Debug|Any CPU
		{3705A136-ED16-4274-A98E-0789BA8158F5}.Debug|x64.ActiveCfg = Debug|Any CPU
		{3705A136-ED16-4274-A98E-0789BA8158F5}.Debug|x64.Build.0 = Debug|Any CPU
		{3705A136-ED16-4274-A98E-0789BA8158F5}.Debug|x86.ActiveCfg = Debug|Any CPU
		{3705A136-ED16-4274-A98E-0789BA8158F5}.Debug|x86.Build.0 = Debug|Any CPU
		{3705A136-ED16-4274-A98E-0789BA8158F5}.Release|Any CPU.ActiveCfg = Release|Any CPU
		{3705A136-ED16-4274-A98E-0789BA8158F5}.Release|Any CPU.Build.0 = Release|Any CPU
		{3705A136-ED16-4274-A98E-0789BA8158F5}.Release|ARM.ActiveCfg = Release|Any CPU
		{3705A136-ED16-4274-A98E-0789BA8158F5}.Release|ARM.Build.0 = Release|Any CPU
		{3705A136-ED16-4274-A98E-0789BA8158F5}.Release|x64.ActiveCfg = Release|Any CPU
		{3705A136-ED16-4274-A98E-0789BA8158F5}.Release|x64.Build.0 = Release|Any CPU
		{3705A136-ED16-4274-A98E-0789BA8158F5}.Release|x86.ActiveCfg = Release|Any CPU
		{3705A136-ED16-4274-A98E-0789BA8158F5}.Release|x86.Build.0 = Release|Any CPU
		{FFA4BCDF-83D0-449E-86F4-CCDDF048F32A}.Debug|Any CPU.ActiveCfg = Debug|Any CPU
		{FFA4BCDF-83D0-449E-86F4-CCDDF048F32A}.Debug|Any CPU.Build.0 = Debug|Any CPU
		{FFA4BCDF-83D0-449E-86F4-CCDDF048F32A}.Debug|ARM.ActiveCfg = Debug|Any CPU
		{FFA4BCDF-83D0-449E-86F4-CCDDF048F32A}.Debug|ARM.Build.0 = Debug|Any CPU
		{FFA4BCDF-83D0-449E-86F4-CCDDF048F32A}.Debug|x64.ActiveCfg = Debug|Any CPU
		{FFA4BCDF-83D0-449E-86F4-CCDDF048F32A}.Debug|x64.Build.0 = Debug|Any CPU
		{FFA4BCDF-83D0-449E-86F4-CCDDF048F32A}.Debug|x86.ActiveCfg = Debug|Any CPU
		{FFA4BCDF-83D0-449E-86F4-CCDDF048F32A}.Debug|x86.Build.0 = Debug|Any CPU
		{FFA4BCDF-83D0-449E-86F4-CCDDF048F32A}.Release|Any CPU.ActiveCfg = Release|Any CPU
		{FFA4BCDF-83D0-449E-86F4-CCDDF048F32A}.Release|Any CPU.Build.0 = Release|Any CPU
		{FFA4BCDF-83D0-449E-86F4-CCDDF048F32A}.Release|ARM.ActiveCfg = Release|Any CPU
		{FFA4BCDF-83D0-449E-86F4-CCDDF048F32A}.Release|ARM.Build.0 = Release|Any CPU
		{FFA4BCDF-83D0-449E-86F4-CCDDF048F32A}.Release|x64.ActiveCfg = Release|Any CPU
		{FFA4BCDF-83D0-449E-86F4-CCDDF048F32A}.Release|x64.Build.0 = Release|Any CPU
		{FFA4BCDF-83D0-449E-86F4-CCDDF048F32A}.Release|x86.ActiveCfg = Release|Any CPU
		{FFA4BCDF-83D0-449E-86F4-CCDDF048F32A}.Release|x86.Build.0 = Release|Any CPU
		{77DBB2DC-EE83-4F2A-9D0D-71BBFDE3C1A6}.Debug|Any CPU.ActiveCfg = Debug|Any CPU
		{77DBB2DC-EE83-4F2A-9D0D-71BBFDE3C1A6}.Debug|Any CPU.Build.0 = Debug|Any CPU
		{77DBB2DC-EE83-4F2A-9D0D-71BBFDE3C1A6}.Debug|ARM.ActiveCfg = Debug|Any CPU
		{77DBB2DC-EE83-4F2A-9D0D-71BBFDE3C1A6}.Debug|ARM.Build.0 = Debug|Any CPU
		{77DBB2DC-EE83-4F2A-9D0D-71BBFDE3C1A6}.Debug|x64.ActiveCfg = Debug|Any CPU
		{77DBB2DC-EE83-4F2A-9D0D-71BBFDE3C1A6}.Debug|x64.Build.0 = Debug|Any CPU
		{77DBB2DC-EE83-4F2A-9D0D-71BBFDE3C1A6}.Debug|x86.ActiveCfg = Debug|Any CPU
		{77DBB2DC-EE83-4F2A-9D0D-71BBFDE3C1A6}.Debug|x86.Build.0 = Debug|Any CPU
		{77DBB2DC-EE83-4F2A-9D0D-71BBFDE3C1A6}.Release|Any CPU.ActiveCfg = Release|Any CPU
		{77DBB2DC-EE83-4F2A-9D0D-71BBFDE3C1A6}.Release|Any CPU.Build.0 = Release|Any CPU
		{77DBB2DC-EE83-4F2A-9D0D-71BBFDE3C1A6}.Release|ARM.ActiveCfg = Release|Any CPU
		{77DBB2DC-EE83-4F2A-9D0D-71BBFDE3C1A6}.Release|ARM.Build.0 = Release|Any CPU
		{77DBB2DC-EE83-4F2A-9D0D-71BBFDE3C1A6}.Release|x64.ActiveCfg = Release|Any CPU
		{77DBB2DC-EE83-4F2A-9D0D-71BBFDE3C1A6}.Release|x64.Build.0 = Release|Any CPU
		{77DBB2DC-EE83-4F2A-9D0D-71BBFDE3C1A6}.Release|x86.ActiveCfg = Release|Any CPU
		{77DBB2DC-EE83-4F2A-9D0D-71BBFDE3C1A6}.Release|x86.Build.0 = Release|Any CPU
		{C758CD3D-B9F8-4420-AC80-411E288A23FF}.Debug|Any CPU.ActiveCfg = Debug|Any CPU
		{C758CD3D-B9F8-4420-AC80-411E288A23FF}.Debug|Any CPU.Build.0 = Debug|Any CPU
		{C758CD3D-B9F8-4420-AC80-411E288A23FF}.Debug|ARM.ActiveCfg = Debug|Any CPU
		{C758CD3D-B9F8-4420-AC80-411E288A23FF}.Debug|ARM.Build.0 = Debug|Any CPU
		{C758CD3D-B9F8-4420-AC80-411E288A23FF}.Debug|x64.ActiveCfg = Debug|Any CPU
		{C758CD3D-B9F8-4420-AC80-411E288A23FF}.Debug|x64.Build.0 = Debug|Any CPU
		{C758CD3D-B9F8-4420-AC80-411E288A23FF}.Debug|x86.ActiveCfg = Debug|Any CPU
		{C758CD3D-B9F8-4420-AC80-411E288A23FF}.Debug|x86.Build.0 = Debug|Any CPU
		{C758CD3D-B9F8-4420-AC80-411E288A23FF}.Release|Any CPU.ActiveCfg = Release|Any CPU
		{C758CD3D-B9F8-4420-AC80-411E288A23FF}.Release|Any CPU.Build.0 = Release|Any CPU
		{C758CD3D-B9F8-4420-AC80-411E288A23FF}.Release|ARM.ActiveCfg = Release|Any CPU
		{C758CD3D-B9F8-4420-AC80-411E288A23FF}.Release|ARM.Build.0 = Release|Any CPU
		{C758CD3D-B9F8-4420-AC80-411E288A23FF}.Release|x64.ActiveCfg = Release|Any CPU
		{C758CD3D-B9F8-4420-AC80-411E288A23FF}.Release|x64.Build.0 = Release|Any CPU
		{C758CD3D-B9F8-4420-AC80-411E288A23FF}.Release|x86.ActiveCfg = Release|Any CPU
		{C758CD3D-B9F8-4420-AC80-411E288A23FF}.Release|x86.Build.0 = Release|Any CPU
		{EDD635B6-FA55-41DD-8517-2E745952541A}.Debug|Any CPU.ActiveCfg = Debug|Any CPU
		{EDD635B6-FA55-41DD-8517-2E745952541A}.Debug|Any CPU.Build.0 = Debug|Any CPU
		{EDD635B6-FA55-41DD-8517-2E745952541A}.Debug|ARM.ActiveCfg = Debug|Any CPU
		{EDD635B6-FA55-41DD-8517-2E745952541A}.Debug|ARM.Build.0 = Debug|Any CPU
		{EDD635B6-FA55-41DD-8517-2E745952541A}.Debug|x64.ActiveCfg = Debug|Any CPU
		{EDD635B6-FA55-41DD-8517-2E745952541A}.Debug|x64.Build.0 = Debug|Any CPU
		{EDD635B6-FA55-41DD-8517-2E745952541A}.Debug|x86.ActiveCfg = Debug|Any CPU
		{EDD635B6-FA55-41DD-8517-2E745952541A}.Debug|x86.Build.0 = Debug|Any CPU
		{EDD635B6-FA55-41DD-8517-2E745952541A}.Release|Any CPU.ActiveCfg = Release|Any CPU
		{EDD635B6-FA55-41DD-8517-2E745952541A}.Release|Any CPU.Build.0 = Release|Any CPU
		{EDD635B6-FA55-41DD-8517-2E745952541A}.Release|ARM.ActiveCfg = Release|Any CPU
		{EDD635B6-FA55-41DD-8517-2E745952541A}.Release|ARM.Build.0 = Release|Any CPU
		{EDD635B6-FA55-41DD-8517-2E745952541A}.Release|x64.ActiveCfg = Release|Any CPU
		{EDD635B6-FA55-41DD-8517-2E745952541A}.Release|x64.Build.0 = Release|Any CPU
		{EDD635B6-FA55-41DD-8517-2E745952541A}.Release|x86.ActiveCfg = Release|Any CPU
		{EDD635B6-FA55-41DD-8517-2E745952541A}.Release|x86.Build.0 = Release|Any CPU
		{4DB1AAE0-F1F9-4C69-825C-46EB0D6AEC45}.Debug|Any CPU.ActiveCfg = Debug|Any CPU
		{4DB1AAE0-F1F9-4C69-825C-46EB0D6AEC45}.Debug|Any CPU.Build.0 = Debug|Any CPU
		{4DB1AAE0-F1F9-4C69-825C-46EB0D6AEC45}.Debug|ARM.ActiveCfg = Debug|Any CPU
		{4DB1AAE0-F1F9-4C69-825C-46EB0D6AEC45}.Debug|ARM.Build.0 = Debug|Any CPU
		{4DB1AAE0-F1F9-4C69-825C-46EB0D6AEC45}.Debug|x64.ActiveCfg = Debug|Any CPU
		{4DB1AAE0-F1F9-4C69-825C-46EB0D6AEC45}.Debug|x64.Build.0 = Debug|Any CPU
		{4DB1AAE0-F1F9-4C69-825C-46EB0D6AEC45}.Debug|x86.ActiveCfg = Debug|Any CPU
		{4DB1AAE0-F1F9-4C69-825C-46EB0D6AEC45}.Debug|x86.Build.0 = Debug|Any CPU
		{4DB1AAE0-F1F9-4C69-825C-46EB0D6AEC45}.Release|Any CPU.ActiveCfg = Release|Any CPU
		{4DB1AAE0-F1F9-4C69-825C-46EB0D6AEC45}.Release|Any CPU.Build.0 = Release|Any CPU
		{4DB1AAE0-F1F9-4C69-825C-46EB0D6AEC45}.Release|ARM.ActiveCfg = Release|Any CPU
		{4DB1AAE0-F1F9-4C69-825C-46EB0D6AEC45}.Release|ARM.Build.0 = Release|Any CPU
		{4DB1AAE0-F1F9-4C69-825C-46EB0D6AEC45}.Release|x64.ActiveCfg = Release|Any CPU
		{4DB1AAE0-F1F9-4C69-825C-46EB0D6AEC45}.Release|x64.Build.0 = Release|Any CPU
		{4DB1AAE0-F1F9-4C69-825C-46EB0D6AEC45}.Release|x86.ActiveCfg = Release|Any CPU
		{4DB1AAE0-F1F9-4C69-825C-46EB0D6AEC45}.Release|x86.Build.0 = Release|Any CPU
		{02FAC9C9-0434-49BE-8A9E-0F0FBEFCA9FD}.Debug|Any CPU.ActiveCfg = Debug|Any CPU
		{02FAC9C9-0434-49BE-8A9E-0F0FBEFCA9FD}.Debug|Any CPU.Build.0 = Debug|Any CPU
		{02FAC9C9-0434-49BE-8A9E-0F0FBEFCA9FD}.Debug|ARM.ActiveCfg = Debug|Any CPU
		{02FAC9C9-0434-49BE-8A9E-0F0FBEFCA9FD}.Debug|ARM.Build.0 = Debug|Any CPU
		{02FAC9C9-0434-49BE-8A9E-0F0FBEFCA9FD}.Debug|x64.ActiveCfg = Debug|Any CPU
		{02FAC9C9-0434-49BE-8A9E-0F0FBEFCA9FD}.Debug|x64.Build.0 = Debug|Any CPU
		{02FAC9C9-0434-49BE-8A9E-0F0FBEFCA9FD}.Debug|x86.ActiveCfg = Debug|Any CPU
		{02FAC9C9-0434-49BE-8A9E-0F0FBEFCA9FD}.Debug|x86.Build.0 = Debug|Any CPU
		{02FAC9C9-0434-49BE-8A9E-0F0FBEFCA9FD}.Release|Any CPU.ActiveCfg = Release|Any CPU
		{02FAC9C9-0434-49BE-8A9E-0F0FBEFCA9FD}.Release|Any CPU.Build.0 = Release|Any CPU
		{02FAC9C9-0434-49BE-8A9E-0F0FBEFCA9FD}.Release|ARM.ActiveCfg = Release|Any CPU
		{02FAC9C9-0434-49BE-8A9E-0F0FBEFCA9FD}.Release|ARM.Build.0 = Release|Any CPU
		{02FAC9C9-0434-49BE-8A9E-0F0FBEFCA9FD}.Release|x64.ActiveCfg = Release|Any CPU
		{02FAC9C9-0434-49BE-8A9E-0F0FBEFCA9FD}.Release|x64.Build.0 = Release|Any CPU
		{02FAC9C9-0434-49BE-8A9E-0F0FBEFCA9FD}.Release|x86.ActiveCfg = Release|Any CPU
		{02FAC9C9-0434-49BE-8A9E-0F0FBEFCA9FD}.Release|x86.Build.0 = Release|Any CPU
		{5E7BABBB-A5FF-4B4F-9B87-A8C4142C36E8}.Debug|Any CPU.ActiveCfg = Debug|Any CPU
		{5E7BABBB-A5FF-4B4F-9B87-A8C4142C36E8}.Debug|Any CPU.Build.0 = Debug|Any CPU
		{5E7BABBB-A5FF-4B4F-9B87-A8C4142C36E8}.Debug|ARM.ActiveCfg = Debug|Any CPU
		{5E7BABBB-A5FF-4B4F-9B87-A8C4142C36E8}.Debug|ARM.Build.0 = Debug|Any CPU
		{5E7BABBB-A5FF-4B4F-9B87-A8C4142C36E8}.Debug|x64.ActiveCfg = Debug|Any CPU
		{5E7BABBB-A5FF-4B4F-9B87-A8C4142C36E8}.Debug|x64.Build.0 = Debug|Any CPU
		{5E7BABBB-A5FF-4B4F-9B87-A8C4142C36E8}.Debug|x86.ActiveCfg = Debug|Any CPU
		{5E7BABBB-A5FF-4B4F-9B87-A8C4142C36E8}.Debug|x86.Build.0 = Debug|Any CPU
		{5E7BABBB-A5FF-4B4F-9B87-A8C4142C36E8}.Release|Any CPU.ActiveCfg = Release|Any CPU
		{5E7BABBB-A5FF-4B4F-9B87-A8C4142C36E8}.Release|Any CPU.Build.0 = Release|Any CPU
		{5E7BABBB-A5FF-4B4F-9B87-A8C4142C36E8}.Release|ARM.ActiveCfg = Release|Any CPU
		{5E7BABBB-A5FF-4B4F-9B87-A8C4142C36E8}.Release|ARM.Build.0 = Release|Any CPU
		{5E7BABBB-A5FF-4B4F-9B87-A8C4142C36E8}.Release|x64.ActiveCfg = Release|Any CPU
		{5E7BABBB-A5FF-4B4F-9B87-A8C4142C36E8}.Release|x64.Build.0 = Release|Any CPU
		{5E7BABBB-A5FF-4B4F-9B87-A8C4142C36E8}.Release|x86.ActiveCfg = Release|Any CPU
		{5E7BABBB-A5FF-4B4F-9B87-A8C4142C36E8}.Release|x86.Build.0 = Release|Any CPU
		{85BE8162-EC4D-43DA-B054-A18119D72097}.Debug|Any CPU.ActiveCfg = Debug|Any CPU
		{85BE8162-EC4D-43DA-B054-A18119D72097}.Debug|Any CPU.Build.0 = Debug|Any CPU
		{85BE8162-EC4D-43DA-B054-A18119D72097}.Debug|ARM.ActiveCfg = Debug|Any CPU
		{85BE8162-EC4D-43DA-B054-A18119D72097}.Debug|ARM.Build.0 = Debug|Any CPU
		{85BE8162-EC4D-43DA-B054-A18119D72097}.Debug|x64.ActiveCfg = Debug|Any CPU
		{85BE8162-EC4D-43DA-B054-A18119D72097}.Debug|x64.Build.0 = Debug|Any CPU
		{85BE8162-EC4D-43DA-B054-A18119D72097}.Debug|x86.ActiveCfg = Debug|Any CPU
		{85BE8162-EC4D-43DA-B054-A18119D72097}.Debug|x86.Build.0 = Debug|Any CPU
		{85BE8162-EC4D-43DA-B054-A18119D72097}.Release|Any CPU.ActiveCfg = Release|Any CPU
		{85BE8162-EC4D-43DA-B054-A18119D72097}.Release|Any CPU.Build.0 = Release|Any CPU
		{85BE8162-EC4D-43DA-B054-A18119D72097}.Release|ARM.ActiveCfg = Release|Any CPU
		{85BE8162-EC4D-43DA-B054-A18119D72097}.Release|ARM.Build.0 = Release|Any CPU
		{85BE8162-EC4D-43DA-B054-A18119D72097}.Release|x64.ActiveCfg = Release|Any CPU
		{85BE8162-EC4D-43DA-B054-A18119D72097}.Release|x64.Build.0 = Release|Any CPU
		{85BE8162-EC4D-43DA-B054-A18119D72097}.Release|x86.ActiveCfg = Release|Any CPU
		{85BE8162-EC4D-43DA-B054-A18119D72097}.Release|x86.Build.0 = Release|Any CPU
		{B5ACC7C2-D81A-44B6-9452-80BBC188CF24}.Debug|Any CPU.ActiveCfg = Debug|Any CPU
		{B5ACC7C2-D81A-44B6-9452-80BBC188CF24}.Debug|Any CPU.Build.0 = Debug|Any CPU
		{B5ACC7C2-D81A-44B6-9452-80BBC188CF24}.Debug|ARM.ActiveCfg = Debug|Any CPU
		{B5ACC7C2-D81A-44B6-9452-80BBC188CF24}.Debug|ARM.Build.0 = Debug|Any CPU
		{B5ACC7C2-D81A-44B6-9452-80BBC188CF24}.Debug|x64.ActiveCfg = Debug|Any CPU
		{B5ACC7C2-D81A-44B6-9452-80BBC188CF24}.Debug|x64.Build.0 = Debug|Any CPU
		{B5ACC7C2-D81A-44B6-9452-80BBC188CF24}.Debug|x86.ActiveCfg = Debug|Any CPU
		{B5ACC7C2-D81A-44B6-9452-80BBC188CF24}.Debug|x86.Build.0 = Debug|Any CPU
		{B5ACC7C2-D81A-44B6-9452-80BBC188CF24}.Release|Any CPU.ActiveCfg = Release|Any CPU
		{B5ACC7C2-D81A-44B6-9452-80BBC188CF24}.Release|Any CPU.Build.0 = Release|Any CPU
		{B5ACC7C2-D81A-44B6-9452-80BBC188CF24}.Release|ARM.ActiveCfg = Release|Any CPU
		{B5ACC7C2-D81A-44B6-9452-80BBC188CF24}.Release|ARM.Build.0 = Release|Any CPU
		{B5ACC7C2-D81A-44B6-9452-80BBC188CF24}.Release|x64.ActiveCfg = Release|Any CPU
		{B5ACC7C2-D81A-44B6-9452-80BBC188CF24}.Release|x64.Build.0 = Release|Any CPU
		{B5ACC7C2-D81A-44B6-9452-80BBC188CF24}.Release|x86.ActiveCfg = Release|Any CPU
		{B5ACC7C2-D81A-44B6-9452-80BBC188CF24}.Release|x86.Build.0 = Release|Any CPU
	EndGlobalSection
	GlobalSection(SolutionProperties) = preSolution
		HideSolutionNode = FALSE
	EndGlobalSection
	GlobalSection(NestedProjects) = preSolution
		{87F5231C-EA20-4D89-B038-2405D3BABCD8} = {4261B537-547F-4CED-AB50-1C65F266E8EA}
		{FD839F89-4D85-4256-B4A9-5D1F3100CB95} = {57FEEBAC-5B60-474E-9769-91E20D357939}
		{D07E0227-EA44-4312-B06B-071D60E0B37F} = {57FEEBAC-5B60-474E-9769-91E20D357939}
		{7D700A8F-0D74-4E7F-8352-B7EA84DF7ABC} = {43EF88A3-B29F-4CBF-9A4B-DF2AACED052E}
		{A9A0A737-658C-44EA-B773-3F9E453E9737} = {87F5231C-EA20-4D89-B038-2405D3BABCD8}
		{9767FE12-1918-4D4E-BCCE-A56771AFB958} = {D07E0227-EA44-4312-B06B-071D60E0B37F}
		{5B714F3B-D252-4254-8A7D-7017CD19F29F} = {26EABEE0-A045-4616-BA84-D908F2066E44}
		{737943CD-CEC6-4EB9-8655-440D124BBE2C} = {09571CF2-8180-4E47-BE20-62F930A14FE1}
		{5AE094D4-EA6A-415D-B17B-745B7AEE3E33} = {09571CF2-8180-4E47-BE20-62F930A14FE1}
		{81E64B53-D821-4B6F-B03C-1854DC875A2E} = {4FC8E928-8816-40E5-AA0E-CD31AE0E5C29}
		{09571CF2-8180-4E47-BE20-62F930A14FE1} = {4FC8E928-8816-40E5-AA0E-CD31AE0E5C29}
		{38FF2F59-C5A3-4996-B35B-10F276D73856} = {4D0D143C-B43C-41F0-89AF-EDA121770B37}
		{1340B17B-0719-448D-8C5E-053C7020C315} = {38FF2F59-C5A3-4996-B35B-10F276D73856}
		{F7E23E95-ED82-4E07-9820-F2F92C78A43E} = {4D0D143C-B43C-41F0-89AF-EDA121770B37}
		{EB9C94B9-91B4-4F66-9763-6CE637901145} = {F7E23E95-ED82-4E07-9820-F2F92C78A43E}
		{98EC024C-6439-44B1-8B1E-29E457B2201F} = {F7E23E95-ED82-4E07-9820-F2F92C78A43E}
		{DD484C86-28CF-4DD2-8196-C0112C078AC8} = {3B48FE61-A34A-44FD-B8E2-32CFCAD01569}
		{11D26F1A-F971-420F-808E-B859FC7850B1} = {4D0D143C-B43C-41F0-89AF-EDA121770B37}
		{7878DF3A-8418-4ACA-B415-300B81AFD792} = {49026145-4CC3-4DED-BFAE-A2B87C0CEBC3}
		{F9418680-7641-49AA-A72A-32408F111947} = {9635322E-C781-41F6-A37F-56AD7C36EB02}
		{43EF88A3-B29F-4CBF-9A4B-DF2AACED052E} = {E402FB2A-AFF3-4187-8140-5837A01B1349}
		{513EA74F-CC4B-4ED9-9C26-C8906FC47837} = {E402FB2A-AFF3-4187-8140-5837A01B1349}
		{B87E2CCA-338B-475A-B22D-E19E70E36224} = {E402FB2A-AFF3-4187-8140-5837A01B1349}
		{4261B537-547F-4CED-AB50-1C65F266E8EA} = {B87E2CCA-338B-475A-B22D-E19E70E36224}
		{F27798F3-0529-4852-9E9C-819699A772CB} = {DB88E557-7263-41CD-8FB6-97B3ABEEF4BF}
		{57FEEBAC-5B60-474E-9769-91E20D357939} = {B87E2CCA-338B-475A-B22D-E19E70E36224}
		{B1913205-1D01-4A59-B0CA-B5C7460FB644} = {FD839F89-4D85-4256-B4A9-5D1F3100CB95}
		{3B48FE61-A34A-44FD-B8E2-32CFCAD01569} = {B87E2CCA-338B-475A-B22D-E19E70E36224}
		{1FBD68B8-839E-4C54-A00C-BEAC21119371} = {DD484C86-28CF-4DD2-8196-C0112C078AC8}
		{F4194639-41E5-476A-9B46-7CA43C22D29C} = {B87E2CCA-338B-475A-B22D-E19E70E36224}
		{DB88E557-7263-41CD-8FB6-97B3ABEEF4BF} = {4261B537-547F-4CED-AB50-1C65F266E8EA}
		{49026145-4CC3-4DED-BFAE-A2B87C0CEBC3} = {43EF88A3-B29F-4CBF-9A4B-DF2AACED052E}
		{9635322E-C781-41F6-A37F-56AD7C36EB02} = {513EA74F-CC4B-4ED9-9C26-C8906FC47837}
		{26EABEE0-A045-4616-BA84-D908F2066E44} = {513EA74F-CC4B-4ED9-9C26-C8906FC47837}
		{669D185B-A869-43A7-A190-8257AA43B8E3} = {43EF88A3-B29F-4CBF-9A4B-DF2AACED052E}
		{AA3E4625-5030-434D-850C-5BFA69D76F2E} = {1C26E3E0-A05C-4BFC-AA4F-90A48B5D58E6}
		{A6B57925-E9AD-4E09-BC4C-32A2BD1164A6} = {AC2081A9-8821-4480-9671-D3EB8F1D114A}
		{214A20F4-F017-42D8-8CC1-E35054A42E30} = {F6F36A52-6342-42CD-80CA-1D0EFD57C1AE}
		{BF7A1C0A-FE1F-4DD9-A044-C895CF6FBD97} = {FD839F89-4D85-4256-B4A9-5D1F3100CB95}
		{D2527213-7CF7-47D9-88DE-1C0CCD5F59DB} = {DB88E557-7263-41CD-8FB6-97B3ABEEF4BF}
		{9077F25D-1118-4428-8B7C-E924E1A90281} = {E8C9A259-EA3A-49BC-9C73-6EAA7F8B0A05}
		{4ABB4B40-9F74-40E0-AA24-6ED891BFCD4B} = {81E64B53-D821-4B6F-B03C-1854DC875A2E}
		{AC2081A9-8821-4480-9671-D3EB8F1D114A} = {43EF88A3-B29F-4CBF-9A4B-DF2AACED052E}
		{BF00900E-12EA-4D02-A935-ABBDE6D3A9F9} = {43EF88A3-B29F-4CBF-9A4B-DF2AACED052E}
		{C2AF98F7-FE1F-46B9-8613-0EF72F6FF436} = {AC2081A9-8821-4480-9671-D3EB8F1D114A}
		{1B65919E-10EF-4FCE-9FEC-DE547A62FC15} = {F6F36A52-6342-42CD-80CA-1D0EFD57C1AE}
		{8DECA320-739F-474B-BD5F-71C09EFC1EC2} = {FD839F89-4D85-4256-B4A9-5D1F3100CB95}
		{DEBAF0D0-4A09-4FED-8A08-D782EB513A0D} = {DB88E557-7263-41CD-8FB6-97B3ABEEF4BF}
		{54BE4C5D-B9CE-4C20-A6F0-62A2A888F4C4} = {E8C9A259-EA3A-49BC-9C73-6EAA7F8B0A05}
		{48095AD5-2FDC-4C1B-85A8-3C36F6CF50B0} = {BF00900E-12EA-4D02-A935-ABBDE6D3A9F9}
		{B2A16381-4144-4B92-A0BB-7468FA51BD58} = {BF00900E-12EA-4D02-A935-ABBDE6D3A9F9}
		{0BBDB30E-CC25-4FF1-A55D-B5E87A89FF63} = {B2A16381-4144-4B92-A0BB-7468FA51BD58}
		{27C1503D-46A2-430B-9A24-A7589828F8D9} = {B2A16381-4144-4B92-A0BB-7468FA51BD58}
		{FCD49C9C-0898-4195-957C-0EF86445BE5D} = {81E64B53-D821-4B6F-B03C-1854DC875A2E}
		{AE1C2A2E-C269-4996-A539-38D57E293C02} = {B019AE21-99C1-4C18-9A0B-5C69C7A03AAF}
		{B019AE21-99C1-4C18-9A0B-5C69C7A03AAF} = {81E64B53-D821-4B6F-B03C-1854DC875A2E}
		{C1CFEE39-6EA1-4524-AE68-B8C8F0ED9B4E} = {26EABEE0-A045-4616-BA84-D908F2066E44}
		{4C9B1AB9-2D80-4FEB-95AA-585BFE58030E} = {4D0D143C-B43C-41F0-89AF-EDA121770B37}
		{6BD175F5-27BB-4B9C-990C-E3F5BBA4D09A} = {4C9B1AB9-2D80-4FEB-95AA-585BFE58030E}
		{560D3085-424B-4727-AD7F-2A6D3BF78082} = {6BD175F5-27BB-4B9C-990C-E3F5BBA4D09A}
		{87C925F5-1925-4C3F-BC20-5BAEE076B998} = {6BD175F5-27BB-4B9C-990C-E3F5BBA4D09A}
		{3F6FEEE0-0473-441F-A073-889503EC7710} = {6BD175F5-27BB-4B9C-990C-E3F5BBA4D09A}
		{D40A24D8-040B-4AA8-A83B-B07E8998D17D} = {4C9B1AB9-2D80-4FEB-95AA-585BFE58030E}
		{8C7F9477-C8FB-4C51-9202-A5538528ECF9} = {D40A24D8-040B-4AA8-A83B-B07E8998D17D}
		{53AB334D-022F-485E-A755-FE59B38DB953} = {D40A24D8-040B-4AA8-A83B-B07E8998D17D}
		{E2A49F80-5E62-414D-BF57-8E1802B144A8} = {D40A24D8-040B-4AA8-A83B-B07E8998D17D}
		{FFF710BB-7E3A-4D6C-9E09-F3BF2E4B12FA} = {4D0D143C-B43C-41F0-89AF-EDA121770B37}
		{2F4CBF03-89F3-4250-A7D9-CBA4B527FFC8} = {FFF710BB-7E3A-4D6C-9E09-F3BF2E4B12FA}
		{96ECF103-5181-4538-A15A-FFF8404042D0} = {B2A16381-4144-4B92-A0BB-7468FA51BD58}
		{65F5AF55-42BE-4B18-BAEE-6FE09F93AC4B} = {F37B0AF1-585C-4A75-AADE-F59A3B068BBF}
		{435DDB68-D63C-4029-B2EF-51BEC879164C} = {F37B0AF1-585C-4A75-AADE-F59A3B068BBF}
		{E8C9A259-EA3A-49BC-9C73-6EAA7F8B0A05} = {3B48FE61-A34A-44FD-B8E2-32CFCAD01569}
		{F37B0AF1-585C-4A75-AADE-F59A3B068BBF} = {3B48FE61-A34A-44FD-B8E2-32CFCAD01569}
		{F6F36A52-6342-42CD-80CA-1D0EFD57C1AE} = {513EA74F-CC4B-4ED9-9C26-C8906FC47837}
		{6D96196E-836C-4066-BF4B-9CFC0FD6CE3D} = {513EA74F-CC4B-4ED9-9C26-C8906FC47837}
		{9B0F1984-219F-4D02-90AD-89C7455D4812} = {6D96196E-836C-4066-BF4B-9CFC0FD6CE3D}
		{EBEAACA1-BF3A-46F4-90C7-87E7F9F12577} = {6D96196E-836C-4066-BF4B-9CFC0FD6CE3D}
		{AC959621-BA57-4A50-92DF-2B6D80B412A8} = {38FF2F59-C5A3-4996-B35B-10F276D73856}
		{3705A136-ED16-4274-A98E-0789BA8158F5} = {38FF2F59-C5A3-4996-B35B-10F276D73856}
		{00424098-C41B-4BA7-B11C-E6E95B37854B} = {E402FB2A-AFF3-4187-8140-5837A01B1349}
		{FFA4BCDF-83D0-449E-86F4-CCDDF048F32A} = {00424098-C41B-4BA7-B11C-E6E95B37854B}
		{77DBB2DC-EE83-4F2A-9D0D-71BBFDE3C1A6} = {00424098-C41B-4BA7-B11C-E6E95B37854B}
		{C758CD3D-B9F8-4420-AC80-411E288A23FF} = {CAD60DFA-15EF-4DE0-9EEC-1BFD6B8D955F}
		{4DB1AAE0-F1F9-4C69-825C-46EB0D6AEC45} = {38FF2F59-C5A3-4996-B35B-10F276D73856}
		{02FAC9C9-0434-49BE-8A9E-0F0FBEFCA9FD} = {38FF2F59-C5A3-4996-B35B-10F276D73856}
		{5E7BABBB-A5FF-4B4F-9B87-A8C4142C36E8} = {38FF2F59-C5A3-4996-B35B-10F276D73856}
		{F81E58D5-FEDA-493B-927B-66745127123B} = {E402FB2A-AFF3-4187-8140-5837A01B1349}
		{85BE8162-EC4D-43DA-B054-A18119D72097} = {BC10D378-9C21-40BA-90FF-7E91AC5A87A2}
		{CBA7FA05-6D20-45CF-B752-645AF269B0DA} = {AA460D19-E158-4C00-B307-9EF3332AB276}
		{AA460D19-E158-4C00-B307-9EF3332AB276} = {F81E58D5-FEDA-493B-927B-66745127123B}
		{BC10D378-9C21-40BA-90FF-7E91AC5A87A2} = {F81E58D5-FEDA-493B-927B-66745127123B}
		{79B08178-6512-4DCC-A9BE-89939AD33B2E} = {E402FB2A-AFF3-4187-8140-5837A01B1349}
		{B5ACC7C2-D81A-44B6-9452-80BBC188CF24} = {79B08178-6512-4DCC-A9BE-89939AD33B2E}
	EndGlobalSection
	GlobalSection(ExtensibilityGlobals) = postSolution
		SolutionGuid = {ABDE4EA1-B6A3-41C1-AC23-2CA7A04C03AB}
	EndGlobalSection
EndGlobal
