
Microsoft Visual Studio Solution File, Format Version 12.00
# Visual Studio Version 16
VisualStudioVersion = 16.0.29709.97
MinimumVisualStudioVersion = 10.0.40219.1
Project("{D954291E-2A0B-460D-934E-DC6B0785DB48}") = "CommonUtils.Lite.Shared", "SharedSources\CommonUtils.Lite.Shared.shproj", "{F9418680-7641-49AA-A72A-32408F111947}"
EndProject
Project("{D954291E-2A0B-460D-934E-DC6B0785DB48}") = "CommonUtils.Shared", "SharedSources\CommonUtils.Shared.shproj", "{7878DF3A-8418-4ACA-B415-300B81AFD792}"
EndProject
Project("{2150E333-8FDC-42A3-9474-1A3956D46DE8}") = "10.CommonUtilities", "10.CommonUtilities", "{21589612-7E06-4488-ADD6-EBE8A1E066DF}"
EndProject
Project("{2150E333-8FDC-42A3-9474-1A3956D46DE8}") = "00.Shared", "00.Shared", "{D7F4E285-EFAD-4F67-AAF5-C62C4406C59E}"
EndProject
Project("{2150E333-8FDC-42A3-9474-1A3956D46DE8}") = "00.Full", "00.Full", "{D5A45603-B970-4C65-922B-AAF6B637BA14}"
EndProject
Project("{2150E333-8FDC-42A3-9474-1A3956D46DE8}") = "10.Lite", "10.Lite", "{05522BC3-1430-4282-9A45-86D4A59D3FE9}"
EndProject
Project("{2150E333-8FDC-42A3-9474-1A3956D46DE8}") = "00.Shared", "00.Shared", "{3C51363E-D01C-48E2-B6EF-508E1B6D5391}"
EndProject
Project("{2150E333-8FDC-42A3-9474-1A3956D46DE8}") = "20.CommonUtilities.Separated", "20.CommonUtilities.Separated", "{91D8D645-61FE-47A6-9CA5-C457DB374E01}"
EndProject
Project("{2150E333-8FDC-42A3-9474-1A3956D46DE8}") = "10.EasyPerformanceCountersHelper.NET", "10.EasyPerformanceCountersHelper.NET", "{E97C82F8-629C-4F5B-ABFF-5060A5396666}"
EndProject
Project("{2150E333-8FDC-42A3-9474-1A3956D46DE8}") = "00.Shared", "00.Shared", "{BBD30731-A8DF-4FD8-A7C2-AE3F1209324A}"
EndProject
Project("{D954291E-2A0B-460D-934E-DC6B0785DB48}") = "EasyPerfCountersHelper.Shared", "SharedSources\EasyPerfCountersHelper.Shared.shproj", "{B1913205-1D01-4A59-B0CA-B5C7460FB644}"
EndProject
Project("{2150E333-8FDC-42A3-9474-1A3956D46DE8}") = "15.ConcurrentAsyncQueue.NET", "15.ConcurrentAsyncQueue.NET", "{CF989F5A-C42C-4265-B281-2607C14AEE7A}"
EndProject
Project("{2150E333-8FDC-42A3-9474-1A3956D46DE8}") = "00.Shared", "00.Shared", "{C8B1EE62-BC71-4F55-BDFF-514E9E90AEF4}"
EndProject
Project("{D954291E-2A0B-460D-934E-DC6B0785DB48}") = "ConcurrentAsyncQueue.Shared", "SharedSources\ConcurrentAsyncQueue.Shared.shproj", "{F27798F3-0529-4852-9E9C-819699A772CB}"
EndProject
Project("{2150E333-8FDC-42A3-9474-1A3956D46DE8}") = "20.Microshaoft.Json.NET", "20.Microshaoft.Json.NET", "{43E9E38B-FD80-4206-825C-752DDE7911B2}"
EndProject
Project("{2150E333-8FDC-42A3-9474-1A3956D46DE8}") = "00.Shared", "00.Shared", "{A4460654-BB83-4E32-A09F-EB6EC211824B}"
EndProject
Project("{D954291E-2A0B-460D-934E-DC6B0785DB48}") = "Microshaoft.Json.Shared", "SharedSources\Microshaoft.Json.Shared.shproj", "{378A4DC6-0E35-49BA-B242-9A9B01D6CE65}"
EndProject
Project("{2150E333-8FDC-42A3-9474-1A3956D46DE8}") = "25.Microshaoft.StoreProceduresExecutors.NET", "25.Microshaoft.StoreProceduresExecutors.NET", "{302CE03A-9D8B-491F-B590-01AFC658ED9E}"
EndProject
Project("{2150E333-8FDC-42A3-9474-1A3956D46DE8}") = "00.Shared", "00.Shared", "{31B96838-DC29-41FD-B412-E7E9C9AD8006}"
EndProject
Project("{D954291E-2A0B-460D-934E-DC6B0785DB48}") = "Microshaoft.SqlExecutors.Shared", "SharedSources\Microshaoft.SqlExecutors.Shared.shproj", "{378A4DC6-0E35-49BA-B142-9A9B01D6CE65}"
EndProject
Project("{2150E333-8FDC-42A3-9474-1A3956D46DE8}") = "30.Microshaoft.WebApiUtilities.NET", "30.Microshaoft.WebApiUtilities.NET", "{956F09A3-793B-47BA-A689-A307BA0DBCC9}"
EndProject
Project("{2150E333-8FDC-42A3-9474-1A3956D46DE8}") = "00.Shared", "00.Shared", "{AC6870A0-3939-47E0-8A04-91DD2DC2F99F}"
EndProject
Project("{D954291E-2A0B-460D-934E-DC6B0785DB48}") = "WebUtils.Shared", "SharedSources\WebUtils.Shared.shproj", "{1FBD68B8-839E-4C54-A00C-BEAC21119371}"
EndProject
Project("{2150E333-8FDC-42A3-9474-1A3956D46DE8}") = "30.MsSQL.StoreProcedureExecutor.Plugin", "30.MsSQL.StoreProcedureExecutor.Plugin", "{3B230557-B533-4870-831E-6A6FD075D90B}"
EndProject
Project("{2150E333-8FDC-42A3-9474-1A3956D46DE8}") = "00.Shared", "00.Shared", "{84B72249-9072-461E-A93E-6EAF2A7714F5}"
EndProject
Project("{2150E333-8FDC-42A3-9474-1A3956D46DE8}") = "40.MySQL.StoreProcedureExecutor.Plugin", "40.MySQL.StoreProcedureExecutor.Plugin", "{3B803759-A04C-4681-8FFD-EE306F93D450}"
EndProject
Project("{2150E333-8FDC-42A3-9474-1A3956D46DE8}") = "00.Shared", "00.Shared", "{AB571548-49FD-4BA0-805E-356AD5BF7057}"
EndProject
Project("{2150E333-8FDC-42A3-9474-1A3956D46DE8}") = "50.RequestJTokenValidatorsPlugins", "50.RequestJTokenValidatorsPlugins", "{47FFCE8C-E00F-41FC-89F5-15BBA4BA1CCF}"
EndProject
Project("{2150E333-8FDC-42A3-9474-1A3956D46DE8}") = "00.SamplePlugin", "00.SamplePlugin", "{7562606B-4C6F-45EB-99F6-8CA3BD8EFC2C}"
EndProject
Project("{2150E333-8FDC-42A3-9474-1A3956D46DE8}") = "00.Shared", "00.Shared", "{BD24E06F-6ADC-4C6B-8FBA-300B912BC243}"
EndProject
Project("{2150E333-8FDC-42A3-9474-1A3956D46DE8}") = "90.Samples", "90.Samples", "{E3B1E8C0-D370-4099-9377-8B567A0B7485}"
EndProject
Project("{2150E333-8FDC-42A3-9474-1A3956D46DE8}") = "10.MsSqlCodeDiffVersioning", "10.MsSqlCodeDiffVersioning", "{4ED6A214-33E0-4F82-97D3-8825FC660EFB}"
EndProject
Project("{D954291E-2A0B-460D-934E-DC6B0785DB48}") = "MsSqlCodeDiffVersioning.Shared", "Samples\MsSqlCodeDiffVersioning\MsSqlCodeDiffVersioning.Shared\MsSqlCodeDiffVersioning.Shared.shproj", "{50CF6564-2C15-48BA-87BA-B83169F2A214}"
EndProject
Project("{2150E333-8FDC-42A3-9474-1A3956D46DE8}") = "00.Shared", "00.Shared", "{B04980EF-FFDB-4B1F-8A8A-798FACB1D9E3}"
EndProject
Project("{9A19103F-16F7-4668-BE54-9A1E7A4F7556}") = "MsSqlCodeDiffVersioning.3x", "Samples\MsSqlCodeDiffVersioning\MsSqlCodeDiffVersioning.3x\MsSqlCodeDiffVersioning.3x.csproj", "{CDA249B4-A4BF-4C44-A5A4-BAD08255DE20}"
EndProject
Project("{2150E333-8FDC-42A3-9474-1A3956D46DE8}") = "00.Solution Items", "00.Solution Items", "{2A44CC1D-80FD-42DD-A789-33B1D8DC5764}"
	ProjectSection(SolutionItems) = preProject
		.gitattributes = .gitattributes
		.gitignore = .gitignore
		.travis.yml = .travis.yml
		appveyor.yml = appveyor.yml
		appveyorBuild.sh = appveyorBuild.sh
		azure-pipelines.yml = azure-pipelines.yml
		copyrundebug3x.sh = copyrundebug3x.sh
		dotNET.Schedule.2019.jpg = dotNET.Schedule.2019.jpg
		dotNET.Schedule.2019.Small.jpg = dotNET.Schedule.2019.Small.jpg
		License.txt = License.txt
		README.md = README.md
	EndProjectSection
EndProject
Project("{9A19103F-16F7-4668-BE54-9A1E7A4F7556}") = "ConsoleApp", "Samples\StoreProceduresExecutor.Console\ConsoleApp.csproj", "{D2CE8953-4E0D-4FE8-AC3A-241FB9E429FB}"
EndProject
Project("{2150E333-8FDC-42A3-9474-1A3956D46DE8}") = "00.StoreProceduresExecutor.Console", "00.StoreProceduresExecutor.Console", "{47712056-CD7C-4022-9438-374865B42375}"
EndProject
Project("{D954291E-2A0B-460D-934E-DC6B0785DB48}") = "ServerSharedProject", "Samples\SocketAsyncArgs.TCP.Echo.Server\ServerConsoleApp\ServerSharedProject\ServerSharedProject.shproj", "{3F6FEEE0-0473-441F-A073-889503EC7710}"
EndProject
Project("{9A19103F-16F7-4668-BE54-9A1E7A4F7556}") = "ServerConsoleApp.Core", "Samples\SocketAsyncArgs.TCP.Echo.Server\ServerConsoleApp\ServerConsoleApp.Core\ServerConsoleApp.Core.csproj", "{2CFBE4B2-3473-4CA0-8734-092D326814A6}"
EndProject
Project("{2150E333-8FDC-42A3-9474-1A3956D46DE8}") = "20.SocketAsyncArgs.TCP.Echo.Server", "20.SocketAsyncArgs.TCP.Echo.Server", "{02DD287F-777B-43B1-B1A5-B97D38D7CFBB}"
EndProject
Project("{2150E333-8FDC-42A3-9474-1A3956D46DE8}") = "00.Server", "00.Server", "{83D7EA91-52C0-4460-870D-85C074B19D77}"
EndProject
Project("{2150E333-8FDC-42A3-9474-1A3956D46DE8}") = "00.Shared", "00.Shared", "{E02153A2-428E-4B0E-AAE5-81598A2DAF2A}"
EndProject
Project("{2150E333-8FDC-42A3-9474-1A3956D46DE8}") = "10.Client", "10.Client", "{371D4F54-DC78-4594-9189-EBE89FCE1DDE}"
EndProject
Project("{D954291E-2A0B-460D-934E-DC6B0785DB48}") = "ClientSharedProject", "Samples\SocketAsyncArgs.TCP.Echo.Server\ClientConsoleApp\ClientSharedProject\ClientSharedProject.shproj", "{E2A49F80-5E62-414D-BF57-8E1802B144A8}"
EndProject
Project("{9A19103F-16F7-4668-BE54-9A1E7A4F7556}") = "ClientConsoleApp.Core", "Samples\SocketAsyncArgs.TCP.Echo.Server\ClientConsoleApp\ClientConsoleApp.Core\ClientConsoleApp.Core.csproj", "{54DB1B57-DBD1-4286-9BE8-96251E43973B}"
EndProject
Project("{2150E333-8FDC-42A3-9474-1A3956D46DE8}") = "00.Shared", "00.Shared", "{547A0FC7-D777-4436-B7E4-8D3AABE4CFF3}"
EndProject
Project("{2150E333-8FDC-42A3-9474-1A3956D46DE8}") = "30.Swagger", "30.Swagger", "{702A189B-E5AC-4343-8B52-3A614C5B36B0}"
EndProject
Project("{9A19103F-16F7-4668-BE54-9A1E7A4F7556}") = "Swagger.WebApplication", "Samples\Swagger.WebApplication\Swagger.WebApplication.csproj", "{3DCA8530-241A-40B9-A338-2CFBD4A60015}"
EndProject
Project("{2150E333-8FDC-42A3-9474-1A3956D46DE8}") = "99.Test", "99.Test", "{0657A545-F091-4D83-9B3B-B9F7F4C036B0}"
EndProject
Project("{9A19103F-16F7-4668-BE54-9A1E7A4F7556}") = "MsTestUnit.Test", "Samples\MsSqlCodeDiffVersioning\Tests\MsTestUnit.Test\MsTestUnit.Test.csproj", "{13B81496-9BEC-4D59-B303-35904AE7F8B1}"
EndProject
Project("{9A19103F-16F7-4668-BE54-9A1E7A4F7556}") = "XUnit.Test", "Samples\MsSqlCodeDiffVersioning\Tests\XUnit.Test\XUnit.Test.csproj", "{7CFAFD28-5CCA-45DF-869E-33A50C031B4F}"
EndProject
Project("{9A19103F-16F7-4668-BE54-9A1E7A4F7556}") = "CommonUtils.Full.Core.3.x", "CommonUtils\CommonUtils.Full.Core.3.x\CommonUtils.Full.Core.3.x.csproj", "{05994CD5-1AC0-4D6E-87ED-19489B9BC002}"
EndProject
Project("{9A19103F-16F7-4668-BE54-9A1E7A4F7556}") = "CommonUtils.Full.Std.2.x", "CommonUtils\CommonUtils.Full.Std.2.x\CommonUtils.Full.Std.2.x.csproj", "{06C53562-A3C1-48A7-A084-9804DF9D1697}"
EndProject
Project("{9A19103F-16F7-4668-BE54-9A1E7A4F7556}") = "CommonUtils.Xamarin.Std.2.x", "CommonUtils\CommonUtils.Xamarin.Std.2.x\CommonUtils.Xamarin.Std.2.x.csproj", "{4A40BBD5-9223-475A-A1B5-90EEE326414F}"
EndProject
Project("{9A19103F-16F7-4668-BE54-9A1E7A4F7556}") = "CommonUtils.Lite.Std.2.x", "CommonUtils\CommonUtils.Lite.Std.2.x\CommonUtils.Lite.Std.2.x.csproj", "{82173D47-0204-4B68-AA78-48C54BF7D498}"
EndProject
Project("{9A19103F-16F7-4668-BE54-9A1E7A4F7556}") = "EasyPerfCountersHelper.NET.Std.2.x", "EasyPerfCountersHelper\EasyPerfCountersHelper.NET.Std.2.x\EasyPerfCountersHelper.NET.Std.2.x.csproj", "{F91B797B-A2F5-42D9-8AC6-C7F1E38DFDE0}"
EndProject
Project("{9A19103F-16F7-4668-BE54-9A1E7A4F7556}") = "ConcurrentAsyncQueue.NET.Std.2.x", "ConcurrentAsyncQueue\ConcurrentAsyncQueue.NET.Std.2.x\ConcurrentAsyncQueue.NET.Std.2.x.csproj", "{1A263AAE-3880-4198-A767-D9D5B155C8D2}"
EndProject
Project("{9A19103F-16F7-4668-BE54-9A1E7A4F7556}") = "Microshaoft.Json.NET.Std.2.x", "Microshaoft.Json\Microshaoft.Json.NET.Std.2.x\Microshaoft.Json.NET.Std.2.x.csproj", "{7C5005F0-477A-42E5-86D8-7ABEF15CFFC5}"
EndProject
Project("{9A19103F-16F7-4668-BE54-9A1E7A4F7556}") = "Microshaoft.SqlExecutors.NET.Std.2.x", "Microshaoft.SqlExecutors\Microshaoft.SqlExecutors.NET.Std.2.x\Microshaoft.SqlExecutors.NET.Std.2.x.csproj", "{1DA95481-D336-4625-B574-BB8638236948}"
EndProject
Project("{9A19103F-16F7-4668-BE54-9A1E7A4F7556}") = "Microshaoft.WebUtils.NET.Core.3.x", "Microshaoft.WebUtils\Microshaoft.WebUtils.NET.Core.3.x\Microshaoft.WebUtils.NET.Core.3.x.csproj", "{03E974F4-5570-4D86-850A-DBE107927B6C}"
EndProject
Project("{D954291E-2A0B-460D-934E-DC6B0785DB48}") = "MsSQL.SqlExecutor.Plugin.Shared", "Plugins\SqlExecutors\MsSQL\MsSQL.Plugin.Shared\MsSQL.SqlExecutor.Plugin.Shared.shproj", "{0579C429-5E45-494C-B0F0-2B46DC1C8A77}"
EndProject
Project("{9A19103F-16F7-4668-BE54-9A1E7A4F7556}") = "MsSQL.SqlExecutor.Plugin.NET.Std.2.x", "Plugins\SqlExecutors\MsSQL\MsSQL.Plugin.NET.Std.2.x\MsSQL.SqlExecutor.Plugin.NET.Std.2.x.csproj", "{7EA0CE4E-1118-4C24-9DF4-5B3C4A260F63}"
EndProject
Project("{D954291E-2A0B-460D-934E-DC6B0785DB48}") = "MySQL.SqlExecutor.Plugin.Shared", "Plugins\SqlExecutors\MySQL\MySQL.Plugin.Shared\MySQL.SqlExecutor.Plugin.Shared.shproj", "{4EE26E3A-B23B-4760-A8D7-1EB0EF7A24DD}"
EndProject
Project("{9A19103F-16F7-4668-BE54-9A1E7A4F7556}") = "MySQL.SqlExecutor.Plugin.NET.Core.3.x", "Plugins\SqlExecutors\MySQL\MySQL.Plugin.NET.Core.3.x\MySQL.SqlExecutor.Plugin.NET.Core.3.x.csproj", "{0244EF7A-4051-4327-8767-8CBE0986A83D}"
EndProject
Project("{D954291E-2A0B-460D-934E-DC6B0785DB48}") = "JsonReqValidatorSamplePlugin.Shared", "Plugins\JsonReqValidators\SamplePlugin\SamplePlugin.Shared\JsonReqValidatorSamplePlugin.Shared.shproj", "{A85EFE1E-6A82-40FB-92AC-08ACBC50DC52}"
EndProject
Project("{9A19103F-16F7-4668-BE54-9A1E7A4F7556}") = "JsonReqValidatorSamplePlugin.NET.Core.3.x", "Plugins\JsonReqValidators\SamplePlugin\SamplePlugin.NET.Core.3.x\JsonReqValidatorSamplePlugin.NET.Core.3.x.csproj", "{20F8E3F0-8994-488B-8E22-CBE582F64876}"
EndProject
Global
	GlobalSection(SharedMSBuildProjectFiles) = preSolution
		Plugins\SqlExecutors\MySQL\MySQL.Plugin.Shared\MySQL.SqlExecutor.Plugin.Shared.projitems*{0244ef7a-4051-4327-8767-8cbe0986a83d}*SharedItemsImports = 5
		SharedSources\WebUtils.Shared.projitems*{03e974f4-5570-4d86-850a-dbe107927b6c}*SharedItemsImports = 5
		Plugins\SqlExecutors\MsSQL\MsSQL.Plugin.Shared\MsSQL.SqlExecutor.Plugin.Shared.projitems*{0579c429-5e45-494c-b0f0-2b46dc1c8a77}*SharedItemsImports = 13
		SharedSources\CommonUtils.Shared.projitems*{05994cd5-1ac0-4d6e-87ed-19489b9bc002}*SharedItemsImports = 5
		SharedSources\CommonUtils.Shared.projitems*{06c53562-a3c1-48a7-a084-9804df9d1697}*SharedItemsImports = 5
		SharedSources\ConcurrentAsyncQueue.Shared.projitems*{1a263aae-3880-4198-a767-d9d5b155c8d2}*SharedItemsImports = 5
		SharedSources\Microshaoft.SqlExecutors.Shared.projitems*{1da95481-d336-4625-b574-bb8638236948}*SharedItemsImports = 5
		SharedSources\WebUtils.Shared.projitems*{1fbd68b8-839e-4c54-a00c-beac21119371}*SharedItemsImports = 13
		Plugins\JsonReqValidators\SamplePlugin\SamplePlugin.Shared\JsonReqValidatorSamplePlugin.Shared.projitems*{20f8e3f0-8994-488b-8e22-cbe582f64876}*SharedItemsImports = 5
		Samples\SocketAsyncArgs.TCP.Echo.Server\ServerConsoleApp\ServerSharedProject\ServerSharedProject.projitems*{2cfbe4b2-3473-4ca0-8734-092d326814a6}*SharedItemsImports = 5
		SharedSources\Microshaoft.SqlExecutors.Shared.projitems*{378a4dc6-0e35-49ba-b142-9a9b01d6ce65}*SharedItemsImports = 13
		SharedSources\Microshaoft.Json.Shared.projitems*{378a4dc6-0e35-49ba-b242-9a9b01d6ce65}*SharedItemsImports = 13
		Samples\SocketAsyncArgs.TCP.Echo.Server\ServerConsoleApp\ServerSharedProject\ServerSharedProject.projitems*{3f6feee0-0473-441f-a073-889503ec7710}*SharedItemsImports = 13
		SharedSources\CommonUtils.Shared.projitems*{4a40bbd5-9223-475a-a1b5-90eee326414f}*SharedItemsImports = 5
		Plugins\SqlExecutors\MySQL\MySQL.Plugin.Shared\MySQL.SqlExecutor.Plugin.Shared.projitems*{4ee26e3a-b23b-4760-a8d7-1eb0ef7a24dd}*SharedItemsImports = 13
		Samples\MsSqlCodeDiffVersioning\MsSqlCodeDiffVersioning.Shared\MsSqlCodeDiffVersioning.Shared.projitems*{50cf6564-2c15-48ba-87ba-b83169f2a214}*SharedItemsImports = 13
		Samples\SocketAsyncArgs.TCP.Echo.Server\ClientConsoleApp\ClientSharedProject\ClientSharedProject.projitems*{54db1b57-dbd1-4286-9be8-96251e43973b}*SharedItemsImports = 5
		SharedSources\CommonUtilities.Shared.projitems*{7878df3a-8418-4aca-b415-300b81afd792}*SharedItemsImports = 13
		SharedSources\Microshaoft.Json.Shared.projitems*{7c5005f0-477a-42e5-86d8-7abef15cffc5}*SharedItemsImports = 5
		Plugins\SqlExecutors\MsSQL\MsSQL.Plugin.Shared\MsSQL.SqlExecutor.Plugin.Shared.projitems*{7ea0ce4e-1118-4c24-9df4-5b3c4a260f63}*SharedItemsImports = 5
		SharedSources\CommonUtils.Lite.Shared.projitems*{82173d47-0204-4b68-aa78-48c54bf7d498}*SharedItemsImports = 5
		Plugins\JsonReqValidators\SamplePlugin\SamplePlugin.Shared\JsonReqValidatorSamplePlugin.Shared.projitems*{a85efe1e-6a82-40fb-92ac-08acbc50dc52}*SharedItemsImports = 13
		SharedSources\EasyPerfCountersHelper.Shared.projitems*{b1913205-1d01-4a59-b0ca-b5c7460fb644}*SharedItemsImports = 13
		Samples\MsSqlCodeDiffVersioning\MsSqlCodeDiffVersioning.Shared\MsSqlCodeDiffVersioning.Shared.projitems*{cda249b4-a4bf-4c44-a5a4-bad08255de20}*SharedItemsImports = 5
		Samples\SocketAsyncArgs.TCP.Echo.Server\ClientConsoleApp\ClientSharedProject\ClientSharedProject.projitems*{e2a49f80-5e62-414d-bf57-8e1802b144a8}*SharedItemsImports = 13
		SharedSources\ConcurrentAsyncQueue.Shared.projitems*{f27798f3-0529-4852-9e9c-819699a772cb}*SharedItemsImports = 13
		SharedSources\EasyPerfCountersHelper.Shared.projitems*{f91b797b-a2f5-42d9-8ac6-c7f1e38dfde0}*SharedItemsImports = 5
		SharedSources\CommonUtils.Lite.Shared.projitems*{f9418680-7641-49aa-a72a-32408f111947}*SharedItemsImports = 13
	EndGlobalSection
	GlobalSection(SolutionConfigurationPlatforms) = preSolution
		Debug|Any CPU = Debug|Any CPU
		Release|Any CPU = Release|Any CPU
	EndGlobalSection
	GlobalSection(ProjectConfigurationPlatforms) = postSolution
		{CDA249B4-A4BF-4C44-A5A4-BAD08255DE20}.Debug|Any CPU.ActiveCfg = Debug|Any CPU
		{CDA249B4-A4BF-4C44-A5A4-BAD08255DE20}.Debug|Any CPU.Build.0 = Debug|Any CPU
		{CDA249B4-A4BF-4C44-A5A4-BAD08255DE20}.Release|Any CPU.ActiveCfg = Release|Any CPU
		{CDA249B4-A4BF-4C44-A5A4-BAD08255DE20}.Release|Any CPU.Build.0 = Release|Any CPU
		{D2CE8953-4E0D-4FE8-AC3A-241FB9E429FB}.Debug|Any CPU.ActiveCfg = Debug|Any CPU
		{D2CE8953-4E0D-4FE8-AC3A-241FB9E429FB}.Debug|Any CPU.Build.0 = Debug|Any CPU
		{D2CE8953-4E0D-4FE8-AC3A-241FB9E429FB}.Release|Any CPU.ActiveCfg = Release|Any CPU
		{D2CE8953-4E0D-4FE8-AC3A-241FB9E429FB}.Release|Any CPU.Build.0 = Release|Any CPU
		{2CFBE4B2-3473-4CA0-8734-092D326814A6}.Debug|Any CPU.ActiveCfg = Debug|Any CPU
		{2CFBE4B2-3473-4CA0-8734-092D326814A6}.Debug|Any CPU.Build.0 = Debug|Any CPU
		{2CFBE4B2-3473-4CA0-8734-092D326814A6}.Release|Any CPU.ActiveCfg = Release|Any CPU
		{2CFBE4B2-3473-4CA0-8734-092D326814A6}.Release|Any CPU.Build.0 = Release|Any CPU
		{54DB1B57-DBD1-4286-9BE8-96251E43973B}.Debug|Any CPU.ActiveCfg = Debug|Any CPU
		{54DB1B57-DBD1-4286-9BE8-96251E43973B}.Debug|Any CPU.Build.0 = Debug|Any CPU
		{54DB1B57-DBD1-4286-9BE8-96251E43973B}.Release|Any CPU.ActiveCfg = Release|Any CPU
		{54DB1B57-DBD1-4286-9BE8-96251E43973B}.Release|Any CPU.Build.0 = Release|Any CPU
		{3DCA8530-241A-40B9-A338-2CFBD4A60015}.Debug|Any CPU.ActiveCfg = Debug|Any CPU
		{3DCA8530-241A-40B9-A338-2CFBD4A60015}.Debug|Any CPU.Build.0 = Debug|Any CPU
		{3DCA8530-241A-40B9-A338-2CFBD4A60015}.Release|Any CPU.ActiveCfg = Release|Any CPU
		{3DCA8530-241A-40B9-A338-2CFBD4A60015}.Release|Any CPU.Build.0 = Release|Any CPU
		{13B81496-9BEC-4D59-B303-35904AE7F8B1}.Debug|Any CPU.ActiveCfg = Debug|Any CPU
		{13B81496-9BEC-4D59-B303-35904AE7F8B1}.Debug|Any CPU.Build.0 = Debug|Any CPU
		{13B81496-9BEC-4D59-B303-35904AE7F8B1}.Release|Any CPU.ActiveCfg = Release|Any CPU
		{13B81496-9BEC-4D59-B303-35904AE7F8B1}.Release|Any CPU.Build.0 = Release|Any CPU
		{7CFAFD28-5CCA-45DF-869E-33A50C031B4F}.Debug|Any CPU.ActiveCfg = Debug|Any CPU
		{7CFAFD28-5CCA-45DF-869E-33A50C031B4F}.Debug|Any CPU.Build.0 = Debug|Any CPU
		{7CFAFD28-5CCA-45DF-869E-33A50C031B4F}.Release|Any CPU.ActiveCfg = Release|Any CPU
		{7CFAFD28-5CCA-45DF-869E-33A50C031B4F}.Release|Any CPU.Build.0 = Release|Any CPU
		{05994CD5-1AC0-4D6E-87ED-19489B9BC002}.Debug|Any CPU.ActiveCfg = Debug|Any CPU
		{05994CD5-1AC0-4D6E-87ED-19489B9BC002}.Debug|Any CPU.Build.0 = Debug|Any CPU
		{05994CD5-1AC0-4D6E-87ED-19489B9BC002}.Release|Any CPU.ActiveCfg = Release|Any CPU
		{05994CD5-1AC0-4D6E-87ED-19489B9BC002}.Release|Any CPU.Build.0 = Release|Any CPU
		{06C53562-A3C1-48A7-A084-9804DF9D1697}.Debug|Any CPU.ActiveCfg = Debug|Any CPU
		{06C53562-A3C1-48A7-A084-9804DF9D1697}.Debug|Any CPU.Build.0 = Debug|Any CPU
		{06C53562-A3C1-48A7-A084-9804DF9D1697}.Release|Any CPU.ActiveCfg = Release|Any CPU
		{06C53562-A3C1-48A7-A084-9804DF9D1697}.Release|Any CPU.Build.0 = Release|Any CPU
		{4A40BBD5-9223-475A-A1B5-90EEE326414F}.Debug|Any CPU.ActiveCfg = Debug|Any CPU
		{4A40BBD5-9223-475A-A1B5-90EEE326414F}.Debug|Any CPU.Build.0 = Debug|Any CPU
		{4A40BBD5-9223-475A-A1B5-90EEE326414F}.Release|Any CPU.ActiveCfg = Release|Any CPU
		{4A40BBD5-9223-475A-A1B5-90EEE326414F}.Release|Any CPU.Build.0 = Release|Any CPU
		{82173D47-0204-4B68-AA78-48C54BF7D498}.Debug|Any CPU.ActiveCfg = Debug|Any CPU
		{82173D47-0204-4B68-AA78-48C54BF7D498}.Debug|Any CPU.Build.0 = Debug|Any CPU
		{82173D47-0204-4B68-AA78-48C54BF7D498}.Release|Any CPU.ActiveCfg = Release|Any CPU
		{82173D47-0204-4B68-AA78-48C54BF7D498}.Release|Any CPU.Build.0 = Release|Any CPU
		{F91B797B-A2F5-42D9-8AC6-C7F1E38DFDE0}.Debug|Any CPU.ActiveCfg = Debug|Any CPU
		{F91B797B-A2F5-42D9-8AC6-C7F1E38DFDE0}.Debug|Any CPU.Build.0 = Debug|Any CPU
		{F91B797B-A2F5-42D9-8AC6-C7F1E38DFDE0}.Release|Any CPU.ActiveCfg = Release|Any CPU
		{F91B797B-A2F5-42D9-8AC6-C7F1E38DFDE0}.Release|Any CPU.Build.0 = Release|Any CPU
		{1A263AAE-3880-4198-A767-D9D5B155C8D2}.Debug|Any CPU.ActiveCfg = Debug|Any CPU
		{1A263AAE-3880-4198-A767-D9D5B155C8D2}.Debug|Any CPU.Build.0 = Debug|Any CPU
		{1A263AAE-3880-4198-A767-D9D5B155C8D2}.Release|Any CPU.ActiveCfg = Release|Any CPU
		{1A263AAE-3880-4198-A767-D9D5B155C8D2}.Release|Any CPU.Build.0 = Release|Any CPU
		{7C5005F0-477A-42E5-86D8-7ABEF15CFFC5}.Debug|Any CPU.ActiveCfg = Debug|Any CPU
		{7C5005F0-477A-42E5-86D8-7ABEF15CFFC5}.Debug|Any CPU.Build.0 = Debug|Any CPU
		{7C5005F0-477A-42E5-86D8-7ABEF15CFFC5}.Release|Any CPU.ActiveCfg = Release|Any CPU
		{7C5005F0-477A-42E5-86D8-7ABEF15CFFC5}.Release|Any CPU.Build.0 = Release|Any CPU
		{1DA95481-D336-4625-B574-BB8638236948}.Debug|Any CPU.ActiveCfg = Debug|Any CPU
		{1DA95481-D336-4625-B574-BB8638236948}.Debug|Any CPU.Build.0 = Debug|Any CPU
		{1DA95481-D336-4625-B574-BB8638236948}.Release|Any CPU.ActiveCfg = Release|Any CPU
		{1DA95481-D336-4625-B574-BB8638236948}.Release|Any CPU.Build.0 = Release|Any CPU
		{03E974F4-5570-4D86-850A-DBE107927B6C}.Debug|Any CPU.ActiveCfg = Debug|Any CPU
		{03E974F4-5570-4D86-850A-DBE107927B6C}.Debug|Any CPU.Build.0 = Debug|Any CPU
		{03E974F4-5570-4D86-850A-DBE107927B6C}.Release|Any CPU.ActiveCfg = Release|Any CPU
		{03E974F4-5570-4D86-850A-DBE107927B6C}.Release|Any CPU.Build.0 = Release|Any CPU
		{7EA0CE4E-1118-4C24-9DF4-5B3C4A260F63}.Debug|Any CPU.ActiveCfg = Debug|Any CPU
		{7EA0CE4E-1118-4C24-9DF4-5B3C4A260F63}.Debug|Any CPU.Build.0 = Debug|Any CPU
		{7EA0CE4E-1118-4C24-9DF4-5B3C4A260F63}.Release|Any CPU.ActiveCfg = Release|Any CPU
		{7EA0CE4E-1118-4C24-9DF4-5B3C4A260F63}.Release|Any CPU.Build.0 = Release|Any CPU
		{0244EF7A-4051-4327-8767-8CBE0986A83D}.Debug|Any CPU.ActiveCfg = Debug|Any CPU
		{0244EF7A-4051-4327-8767-8CBE0986A83D}.Debug|Any CPU.Build.0 = Debug|Any CPU
		{0244EF7A-4051-4327-8767-8CBE0986A83D}.Release|Any CPU.ActiveCfg = Release|Any CPU
		{0244EF7A-4051-4327-8767-8CBE0986A83D}.Release|Any CPU.Build.0 = Release|Any CPU
		{20F8E3F0-8994-488B-8E22-CBE582F64876}.Debug|Any CPU.ActiveCfg = Debug|Any CPU
		{20F8E3F0-8994-488B-8E22-CBE582F64876}.Debug|Any CPU.Build.0 = Debug|Any CPU
		{20F8E3F0-8994-488B-8E22-CBE582F64876}.Release|Any CPU.ActiveCfg = Release|Any CPU
		{20F8E3F0-8994-488B-8E22-CBE582F64876}.Release|Any CPU.Build.0 = Release|Any CPU
	EndGlobalSection
	GlobalSection(SolutionProperties) = preSolution
		HideSolutionNode = FALSE
	EndGlobalSection
	GlobalSection(NestedProjects) = preSolution
		{F9418680-7641-49AA-A72A-32408F111947} = {3C51363E-D01C-48E2-B6EF-508E1B6D5391}
		{7878DF3A-8418-4ACA-B415-300B81AFD792} = {D7F4E285-EFAD-4F67-AAF5-C62C4406C59E}
		{D7F4E285-EFAD-4F67-AAF5-C62C4406C59E} = {D5A45603-B970-4C65-922B-AAF6B637BA14}
		{D5A45603-B970-4C65-922B-AAF6B637BA14} = {21589612-7E06-4488-ADD6-EBE8A1E066DF}
		{05522BC3-1430-4282-9A45-86D4A59D3FE9} = {21589612-7E06-4488-ADD6-EBE8A1E066DF}
		{3C51363E-D01C-48E2-B6EF-508E1B6D5391} = {05522BC3-1430-4282-9A45-86D4A59D3FE9}
		{E97C82F8-629C-4F5B-ABFF-5060A5396666} = {91D8D645-61FE-47A6-9CA5-C457DB374E01}
		{BBD30731-A8DF-4FD8-A7C2-AE3F1209324A} = {E97C82F8-629C-4F5B-ABFF-5060A5396666}
		{B1913205-1D01-4A59-B0CA-B5C7460FB644} = {BBD30731-A8DF-4FD8-A7C2-AE3F1209324A}
		{CF989F5A-C42C-4265-B281-2607C14AEE7A} = {91D8D645-61FE-47A6-9CA5-C457DB374E01}
		{C8B1EE62-BC71-4F55-BDFF-514E9E90AEF4} = {CF989F5A-C42C-4265-B281-2607C14AEE7A}
		{F27798F3-0529-4852-9E9C-819699A772CB} = {C8B1EE62-BC71-4F55-BDFF-514E9E90AEF4}
		{43E9E38B-FD80-4206-825C-752DDE7911B2} = {91D8D645-61FE-47A6-9CA5-C457DB374E01}
		{A4460654-BB83-4E32-A09F-EB6EC211824B} = {43E9E38B-FD80-4206-825C-752DDE7911B2}
		{378A4DC6-0E35-49BA-B242-9A9B01D6CE65} = {A4460654-BB83-4E32-A09F-EB6EC211824B}
		{302CE03A-9D8B-491F-B590-01AFC658ED9E} = {91D8D645-61FE-47A6-9CA5-C457DB374E01}
		{31B96838-DC29-41FD-B412-E7E9C9AD8006} = {302CE03A-9D8B-491F-B590-01AFC658ED9E}
		{378A4DC6-0E35-49BA-B142-9A9B01D6CE65} = {31B96838-DC29-41FD-B412-E7E9C9AD8006}
		{956F09A3-793B-47BA-A689-A307BA0DBCC9} = {91D8D645-61FE-47A6-9CA5-C457DB374E01}
		{AC6870A0-3939-47E0-8A04-91DD2DC2F99F} = {956F09A3-793B-47BA-A689-A307BA0DBCC9}
		{1FBD68B8-839E-4C54-A00C-BEAC21119371} = {AC6870A0-3939-47E0-8A04-91DD2DC2F99F}
		{84B72249-9072-461E-A93E-6EAF2A7714F5} = {3B230557-B533-4870-831E-6A6FD075D90B}
		{AB571548-49FD-4BA0-805E-356AD5BF7057} = {3B803759-A04C-4681-8FFD-EE306F93D450}
		{7562606B-4C6F-45EB-99F6-8CA3BD8EFC2C} = {47FFCE8C-E00F-41FC-89F5-15BBA4BA1CCF}
		{BD24E06F-6ADC-4C6B-8FBA-300B912BC243} = {7562606B-4C6F-45EB-99F6-8CA3BD8EFC2C}
		{4ED6A214-33E0-4F82-97D3-8825FC660EFB} = {E3B1E8C0-D370-4099-9377-8B567A0B7485}
		{50CF6564-2C15-48BA-87BA-B83169F2A214} = {B04980EF-FFDB-4B1F-8A8A-798FACB1D9E3}
		{B04980EF-FFDB-4B1F-8A8A-798FACB1D9E3} = {4ED6A214-33E0-4F82-97D3-8825FC660EFB}
		{CDA249B4-A4BF-4C44-A5A4-BAD08255DE20} = {4ED6A214-33E0-4F82-97D3-8825FC660EFB}
		{D2CE8953-4E0D-4FE8-AC3A-241FB9E429FB} = {47712056-CD7C-4022-9438-374865B42375}
		{47712056-CD7C-4022-9438-374865B42375} = {E3B1E8C0-D370-4099-9377-8B567A0B7485}
		{3F6FEEE0-0473-441F-A073-889503EC7710} = {E02153A2-428E-4B0E-AAE5-81598A2DAF2A}
		{2CFBE4B2-3473-4CA0-8734-092D326814A6} = {83D7EA91-52C0-4460-870D-85C074B19D77}
		{02DD287F-777B-43B1-B1A5-B97D38D7CFBB} = {E3B1E8C0-D370-4099-9377-8B567A0B7485}
		{83D7EA91-52C0-4460-870D-85C074B19D77} = {02DD287F-777B-43B1-B1A5-B97D38D7CFBB}
		{E02153A2-428E-4B0E-AAE5-81598A2DAF2A} = {83D7EA91-52C0-4460-870D-85C074B19D77}
		{371D4F54-DC78-4594-9189-EBE89FCE1DDE} = {02DD287F-777B-43B1-B1A5-B97D38D7CFBB}
		{E2A49F80-5E62-414D-BF57-8E1802B144A8} = {547A0FC7-D777-4436-B7E4-8D3AABE4CFF3}
		{54DB1B57-DBD1-4286-9BE8-96251E43973B} = {371D4F54-DC78-4594-9189-EBE89FCE1DDE}
		{547A0FC7-D777-4436-B7E4-8D3AABE4CFF3} = {371D4F54-DC78-4594-9189-EBE89FCE1DDE}
		{702A189B-E5AC-4343-8B52-3A614C5B36B0} = {E3B1E8C0-D370-4099-9377-8B567A0B7485}
		{3DCA8530-241A-40B9-A338-2CFBD4A60015} = {702A189B-E5AC-4343-8B52-3A614C5B36B0}
		{0657A545-F091-4D83-9B3B-B9F7F4C036B0} = {4ED6A214-33E0-4F82-97D3-8825FC660EFB}
		{13B81496-9BEC-4D59-B303-35904AE7F8B1} = {0657A545-F091-4D83-9B3B-B9F7F4C036B0}
		{7CFAFD28-5CCA-45DF-869E-33A50C031B4F} = {0657A545-F091-4D83-9B3B-B9F7F4C036B0}
		{05994CD5-1AC0-4D6E-87ED-19489B9BC002} = {D5A45603-B970-4C65-922B-AAF6B637BA14}
		{06C53562-A3C1-48A7-A084-9804DF9D1697} = {D5A45603-B970-4C65-922B-AAF6B637BA14}
		{4A40BBD5-9223-475A-A1B5-90EEE326414F} = {D5A45603-B970-4C65-922B-AAF6B637BA14}
		{82173D47-0204-4B68-AA78-48C54BF7D498} = {05522BC3-1430-4282-9A45-86D4A59D3FE9}
		{F91B797B-A2F5-42D9-8AC6-C7F1E38DFDE0} = {E97C82F8-629C-4F5B-ABFF-5060A5396666}
		{1A263AAE-3880-4198-A767-D9D5B155C8D2} = {CF989F5A-C42C-4265-B281-2607C14AEE7A}
		{7C5005F0-477A-42E5-86D8-7ABEF15CFFC5} = {43E9E38B-FD80-4206-825C-752DDE7911B2}
		{1DA95481-D336-4625-B574-BB8638236948} = {302CE03A-9D8B-491F-B590-01AFC658ED9E}
		{03E974F4-5570-4D86-850A-DBE107927B6C} = {956F09A3-793B-47BA-A689-A307BA0DBCC9}
		{0579C429-5E45-494C-B0F0-2B46DC1C8A77} = {84B72249-9072-461E-A93E-6EAF2A7714F5}
		{7EA0CE4E-1118-4C24-9DF4-5B3C4A260F63} = {3B230557-B533-4870-831E-6A6FD075D90B}
		{4EE26E3A-B23B-4760-A8D7-1EB0EF7A24DD} = {AB571548-49FD-4BA0-805E-356AD5BF7057}
		{0244EF7A-4051-4327-8767-8CBE0986A83D} = {3B803759-A04C-4681-8FFD-EE306F93D450}
		{A85EFE1E-6A82-40FB-92AC-08ACBC50DC52} = {BD24E06F-6ADC-4C6B-8FBA-300B912BC243}
		{20F8E3F0-8994-488B-8E22-CBE582F64876} = {7562606B-4C6F-45EB-99F6-8CA3BD8EFC2C}
	EndGlobalSection
	GlobalSection(ExtensibilityGlobals) = postSolution
		SolutionGuid = {3A79E5CD-0524-4DA6-B26C-17C43FF8E9FB}
	EndGlobalSection
EndGlobal
