
Microsoft Visual Studio Solution File, Format Version 12.00
# Visual Studio 15
VisualStudioVersion = 15.0.27130.2036
MinimumVisualStudioVersion = 10.0.40219.1
Project("{2150E333-8FDC-42A3-9474-1A3956D46DE8}") = "000.Solution Items", "000.Solution Items", "{85BAAC83-9159-4E88-929C-FC9A98556042}"
	ProjectSection(SolutionItems) = preProject
		.gitattributes = .gitattributes
		.gitignore = .gitignore
		License.txt = License.txt
		README.md = README.md
		Solution.All.Projects.Common.AssemblyInfo.cs = Solution.All.Projects.Common.AssemblyInfo.cs
	EndProjectSection
EndProject
Project("{2150E333-8FDC-42A3-9474-1A3956D46DE8}") = "001.Nuget.Packages", "001.Nuget.Packages", "{CAD60DFA-15EF-4DE0-9EEC-1BFD6B8D955F}"
EndProject
Project("{2150E333-8FDC-42A3-9474-1A3956D46DE8}") = "00.SharedSource", "00.SharedSource", "{DD484C86-28CF-4DD2-8196-C0112C078AC8}"
EndProject
Project("{2150E333-8FDC-42A3-9474-1A3956D46DE8}") = "010.SharedProjects", "010.SharedProjects", "{E402FB2A-AFF3-4187-8140-5837A01B1349}"
EndProject
Project("{D954291E-2A0B-460D-934E-DC6B0785DB48}") = "CommonUtilities.Lite.Shared", "CommonUtilities.Shared\CommonUtilities.Lite.Shared.shproj", "{F9418680-7641-49AA-A72A-32408F111947}"
EndProject
Project("{2150E333-8FDC-42A3-9474-1A3956D46DE8}") = "01.CommonUtilities.Lite", "01.CommonUtilities.Lite", "{513EA74F-CC4B-4ED9-9C26-C8906FC47837}"
EndProject
Project("{2150E333-8FDC-42A3-9474-1A3956D46DE8}") = "20.CommonUtilities.Separated", "20.CommonUtilities.Separated", "{B87E2CCA-338B-475A-B22D-E19E70E36224}"
EndProject
Project("{2150E333-8FDC-42A3-9474-1A3956D46DE8}") = "20.WebApiUtilities", "20.WebApiUtilities", "{3B48FE61-A34A-44FD-B8E2-32CFCAD01569}"
EndProject
Project("{D954291E-2A0B-460D-934E-DC6B0785DB48}") = "WebApiUtilities.Shared", "CommonUtilities.Shared\WebApiUtilities.Shared.shproj", "{1FBD68B8-839E-4C54-A00C-BEAC21119371}"
EndProject
Project("{2150E333-8FDC-42A3-9474-1A3956D46DE8}") = "00.SharedSource", "00.SharedSource", "{9635322E-C781-41F6-A37F-56AD7C36EB02}"
EndProject
Project("{9A19103F-16F7-4668-BE54-9A1E7A4F7556}") = "WebApiUtilities.NET.Standard.2.x", "CommonUtilities\WebApiUtilities\WebApiUtilities.NET.Standard.2.x\WebApiUtilities.NET.Standard.2.x.csproj", "{65F5AF55-42BE-4B18-BAEE-6FE09F93AC4B}"
EndProject
Project("{9A19103F-16F7-4668-BE54-9A1E7A4F7556}") = "WebApiUtilities.NET.Core.2.x", "CommonUtilities\WebApiUtilities\WebApiUtilities.NET.Core.2.x\WebApiUtilities.NET.Core.2.x.csproj", "{435DDB68-D63C-4029-B2EF-51BEC879164C}"
EndProject
Project("{2150E333-8FDC-42A3-9474-1A3956D46DE8}") = "20.Cross-Platform", "20.Cross-Platform", "{F37B0AF1-585C-4A75-AADE-F59A3B068BBF}"
EndProject
Project("{2150E333-8FDC-42A3-9474-1A3956D46DE8}") = "20.Cross-Platform", "20.Cross-Platform", "{6D96196E-836C-4066-BF4B-9CFC0FD6CE3D}"
EndProject
Project("{9A19103F-16F7-4668-BE54-9A1E7A4F7556}") = "CommonUtilities.Lite.NET.Core.2.x", "CommonUtilities\CommonUtilities.Lite\CommonUtilities.Lite.NET.Core.2.x\CommonUtilities.Lite.NET.Core.2.x.csproj", "{9B0F1984-219F-4D02-90AD-89C7455D4812}"
EndProject
Project("{9A19103F-16F7-4668-BE54-9A1E7A4F7556}") = "CommonUtilities.Lite.NET.Standard.2.x", "CommonUtilities\CommonUtilities.Lite\CommonUtilities.Lite.NET.Standard.2.x\CommonUtilities.Lite.NET.Standard.2.x.csproj", "{EBEAACA1-BF3A-46F4-90C7-87E7F9F12577}"
EndProject
Project("{2150E333-8FDC-42A3-9474-1A3956D46DE8}") = "50.StoreProcedureWebApiExecutorsPlugins", "50.StoreProcedureWebApiExecutorsPlugins", "{00424098-C41B-4BA7-B11C-E6E95B37854B}"
EndProject
Project("{9A19103F-16F7-4668-BE54-9A1E7A4F7556}") = "MsSQL.StoreProcedureWebApiExecutor.Plugin", "StoreProcedureWebApiExecutorsPlugins\MsSQL.StoreProcedureWebApiExecutor.Plugin\MsSQL.StoreProcedureWebApiExecutor.Plugin.csproj", "{FFA4BCDF-83D0-449E-86F4-CCDDF048F32A}"
EndProject
Project("{9A19103F-16F7-4668-BE54-9A1E7A4F7556}") = "MySQL.StoreProcedureWebApiExecutor.Plugin", "StoreProcedureWebApiExecutorsPlugins\MySQL.StoreProcedureWebApiExecutor.Plugin\MySQL.StoreProcedureWebApiExecutor.Plugin.csproj", "{77DBB2DC-EE83-4F2A-9D0D-71BBFDE3C1A6}"
EndProject
Project("{9A19103F-16F7-4668-BE54-9A1E7A4F7556}") = "Nuget.Packages.NET.Standard", "packages\Nuget.Packages.NET.Standard.csproj", "{C758CD3D-B9F8-4420-AC80-411E288A23FF}"
EndProject
Project("{9A19103F-16F7-4668-BE54-9A1E7A4F7556}") = "MsSqlCodeDiffVersioning.WebApplication", "Samples\MsSqlCodeDiffVersioning\MsSqlCodeDiffVersioning.WebApplication.csproj", "{CB59B35B-A0A8-44B9-808E-6C6EDE1C4FB9}"
EndProject
Global
	GlobalSection(SharedMSBuildProjectFiles) = preSolution
		CommonUtilities.Shared\WebApiUtilities.Shared.projitems*{1fbd68b8-839e-4c54-a00c-beac21119371}*SharedItemsImports = 13
		CommonUtilities.Shared\CommonUtilities.Lite.Shared.projitems*{f9418680-7641-49aa-a72a-32408f111947}*SharedItemsImports = 13
	EndGlobalSection
	GlobalSection(SolutionConfigurationPlatforms) = preSolution
		Debug|Any CPU = Debug|Any CPU
		Debug|ARM = Debug|ARM
		Debug|x64 = Debug|x64
		Debug|x86 = Debug|x86
		Release|Any CPU = Release|Any CPU
		Release|ARM = Release|ARM
		Release|x64 = Release|x64
		Release|x86 = Release|x86
	EndGlobalSection
	GlobalSection(ProjectConfigurationPlatforms) = postSolution
		{65F5AF55-42BE-4B18-BAEE-6FE09F93AC4B}.Debug|Any CPU.ActiveCfg = Debug|Any CPU
		{65F5AF55-42BE-4B18-BAEE-6FE09F93AC4B}.Debug|Any CPU.Build.0 = Debug|Any CPU
		{65F5AF55-42BE-4B18-BAEE-6FE09F93AC4B}.Debug|ARM.ActiveCfg = Debug|Any CPU
		{65F5AF55-42BE-4B18-BAEE-6FE09F93AC4B}.Debug|ARM.Build.0 = Debug|Any CPU
		{65F5AF55-42BE-4B18-BAEE-6FE09F93AC4B}.Debug|x64.ActiveCfg = Debug|Any CPU
		{65F5AF55-42BE-4B18-BAEE-6FE09F93AC4B}.Debug|x64.Build.0 = Debug|Any CPU
		{65F5AF55-42BE-4B18-BAEE-6FE09F93AC4B}.Debug|x86.ActiveCfg = Debug|Any CPU
		{65F5AF55-42BE-4B18-BAEE-6FE09F93AC4B}.Debug|x86.Build.0 = Debug|Any CPU
		{65F5AF55-42BE-4B18-BAEE-6FE09F93AC4B}.Release|Any CPU.ActiveCfg = Release|Any CPU
		{65F5AF55-42BE-4B18-BAEE-6FE09F93AC4B}.Release|Any CPU.Build.0 = Release|Any CPU
		{65F5AF55-42BE-4B18-BAEE-6FE09F93AC4B}.Release|ARM.ActiveCfg = Release|Any CPU
		{65F5AF55-42BE-4B18-BAEE-6FE09F93AC4B}.Release|ARM.Build.0 = Release|Any CPU
		{65F5AF55-42BE-4B18-BAEE-6FE09F93AC4B}.Release|x64.ActiveCfg = Release|Any CPU
		{65F5AF55-42BE-4B18-BAEE-6FE09F93AC4B}.Release|x64.Build.0 = Release|Any CPU
		{65F5AF55-42BE-4B18-BAEE-6FE09F93AC4B}.Release|x86.ActiveCfg = Release|Any CPU
		{65F5AF55-42BE-4B18-BAEE-6FE09F93AC4B}.Release|x86.Build.0 = Release|Any CPU
		{435DDB68-D63C-4029-B2EF-51BEC879164C}.Debug|Any CPU.ActiveCfg = Debug|Any CPU
		{435DDB68-D63C-4029-B2EF-51BEC879164C}.Debug|Any CPU.Build.0 = Debug|Any CPU
		{435DDB68-D63C-4029-B2EF-51BEC879164C}.Debug|ARM.ActiveCfg = Debug|Any CPU
		{435DDB68-D63C-4029-B2EF-51BEC879164C}.Debug|ARM.Build.0 = Debug|Any CPU
		{435DDB68-D63C-4029-B2EF-51BEC879164C}.Debug|x64.ActiveCfg = Debug|Any CPU
		{435DDB68-D63C-4029-B2EF-51BEC879164C}.Debug|x64.Build.0 = Debug|Any CPU
		{435DDB68-D63C-4029-B2EF-51BEC879164C}.Debug|x86.ActiveCfg = Debug|Any CPU
		{435DDB68-D63C-4029-B2EF-51BEC879164C}.Debug|x86.Build.0 = Debug|Any CPU
		{435DDB68-D63C-4029-B2EF-51BEC879164C}.Release|Any CPU.ActiveCfg = Release|Any CPU
		{435DDB68-D63C-4029-B2EF-51BEC879164C}.Release|Any CPU.Build.0 = Release|Any CPU
		{435DDB68-D63C-4029-B2EF-51BEC879164C}.Release|ARM.ActiveCfg = Release|Any CPU
		{435DDB68-D63C-4029-B2EF-51BEC879164C}.Release|ARM.Build.0 = Release|Any CPU
		{435DDB68-D63C-4029-B2EF-51BEC879164C}.Release|x64.ActiveCfg = Release|Any CPU
		{435DDB68-D63C-4029-B2EF-51BEC879164C}.Release|x64.Build.0 = Release|Any CPU
		{435DDB68-D63C-4029-B2EF-51BEC879164C}.Release|x86.ActiveCfg = Release|Any CPU
		{435DDB68-D63C-4029-B2EF-51BEC879164C}.Release|x86.Build.0 = Release|Any CPU
		{9B0F1984-219F-4D02-90AD-89C7455D4812}.Debug|Any CPU.ActiveCfg = Debug|Any CPU
		{9B0F1984-219F-4D02-90AD-89C7455D4812}.Debug|Any CPU.Build.0 = Debug|Any CPU
		{9B0F1984-219F-4D02-90AD-89C7455D4812}.Debug|ARM.ActiveCfg = Debug|Any CPU
		{9B0F1984-219F-4D02-90AD-89C7455D4812}.Debug|ARM.Build.0 = Debug|Any CPU
		{9B0F1984-219F-4D02-90AD-89C7455D4812}.Debug|x64.ActiveCfg = Debug|Any CPU
		{9B0F1984-219F-4D02-90AD-89C7455D4812}.Debug|x64.Build.0 = Debug|Any CPU
		{9B0F1984-219F-4D02-90AD-89C7455D4812}.Debug|x86.ActiveCfg = Debug|Any CPU
		{9B0F1984-219F-4D02-90AD-89C7455D4812}.Debug|x86.Build.0 = Debug|Any CPU
		{9B0F1984-219F-4D02-90AD-89C7455D4812}.Release|Any CPU.ActiveCfg = Release|Any CPU
		{9B0F1984-219F-4D02-90AD-89C7455D4812}.Release|Any CPU.Build.0 = Release|Any CPU
		{9B0F1984-219F-4D02-90AD-89C7455D4812}.Release|ARM.ActiveCfg = Release|Any CPU
		{9B0F1984-219F-4D02-90AD-89C7455D4812}.Release|ARM.Build.0 = Release|Any CPU
		{9B0F1984-219F-4D02-90AD-89C7455D4812}.Release|x64.ActiveCfg = Release|Any CPU
		{9B0F1984-219F-4D02-90AD-89C7455D4812}.Release|x64.Build.0 = Release|Any CPU
		{9B0F1984-219F-4D02-90AD-89C7455D4812}.Release|x86.ActiveCfg = Release|Any CPU
		{9B0F1984-219F-4D02-90AD-89C7455D4812}.Release|x86.Build.0 = Release|Any CPU
		{EBEAACA1-BF3A-46F4-90C7-87E7F9F12577}.Debug|Any CPU.ActiveCfg = Debug|Any CPU
		{EBEAACA1-BF3A-46F4-90C7-87E7F9F12577}.Debug|Any CPU.Build.0 = Debug|Any CPU
		{EBEAACA1-BF3A-46F4-90C7-87E7F9F12577}.Debug|ARM.ActiveCfg = Debug|Any CPU
		{EBEAACA1-BF3A-46F4-90C7-87E7F9F12577}.Debug|ARM.Build.0 = Debug|Any CPU
		{EBEAACA1-BF3A-46F4-90C7-87E7F9F12577}.Debug|x64.ActiveCfg = Debug|Any CPU
		{EBEAACA1-BF3A-46F4-90C7-87E7F9F12577}.Debug|x64.Build.0 = Debug|Any CPU
		{EBEAACA1-BF3A-46F4-90C7-87E7F9F12577}.Debug|x86.ActiveCfg = Debug|Any CPU
		{EBEAACA1-BF3A-46F4-90C7-87E7F9F12577}.Debug|x86.Build.0 = Debug|Any CPU
		{EBEAACA1-BF3A-46F4-90C7-87E7F9F12577}.Release|Any CPU.ActiveCfg = Release|Any CPU
		{EBEAACA1-BF3A-46F4-90C7-87E7F9F12577}.Release|Any CPU.Build.0 = Release|Any CPU
		{EBEAACA1-BF3A-46F4-90C7-87E7F9F12577}.Release|ARM.ActiveCfg = Release|Any CPU
		{EBEAACA1-BF3A-46F4-90C7-87E7F9F12577}.Release|ARM.Build.0 = Release|Any CPU
		{EBEAACA1-BF3A-46F4-90C7-87E7F9F12577}.Release|x64.ActiveCfg = Release|Any CPU
		{EBEAACA1-BF3A-46F4-90C7-87E7F9F12577}.Release|x64.Build.0 = Release|Any CPU
		{EBEAACA1-BF3A-46F4-90C7-87E7F9F12577}.Release|x86.ActiveCfg = Release|Any CPU
		{EBEAACA1-BF3A-46F4-90C7-87E7F9F12577}.Release|x86.Build.0 = Release|Any CPU
		{FFA4BCDF-83D0-449E-86F4-CCDDF048F32A}.Debug|Any CPU.ActiveCfg = Debug|Any CPU
		{FFA4BCDF-83D0-449E-86F4-CCDDF048F32A}.Debug|Any CPU.Build.0 = Debug|Any CPU
		{FFA4BCDF-83D0-449E-86F4-CCDDF048F32A}.Debug|ARM.ActiveCfg = Debug|Any CPU
		{FFA4BCDF-83D0-449E-86F4-CCDDF048F32A}.Debug|ARM.Build.0 = Debug|Any CPU
		{FFA4BCDF-83D0-449E-86F4-CCDDF048F32A}.Debug|x64.ActiveCfg = Debug|Any CPU
		{FFA4BCDF-83D0-449E-86F4-CCDDF048F32A}.Debug|x64.Build.0 = Debug|Any CPU
		{FFA4BCDF-83D0-449E-86F4-CCDDF048F32A}.Debug|x86.ActiveCfg = Debug|Any CPU
		{FFA4BCDF-83D0-449E-86F4-CCDDF048F32A}.Debug|x86.Build.0 = Debug|Any CPU
		{FFA4BCDF-83D0-449E-86F4-CCDDF048F32A}.Release|Any CPU.ActiveCfg = Release|Any CPU
		{FFA4BCDF-83D0-449E-86F4-CCDDF048F32A}.Release|Any CPU.Build.0 = Release|Any CPU
		{FFA4BCDF-83D0-449E-86F4-CCDDF048F32A}.Release|ARM.ActiveCfg = Release|Any CPU
		{FFA4BCDF-83D0-449E-86F4-CCDDF048F32A}.Release|ARM.Build.0 = Release|Any CPU
		{FFA4BCDF-83D0-449E-86F4-CCDDF048F32A}.Release|x64.ActiveCfg = Release|Any CPU
		{FFA4BCDF-83D0-449E-86F4-CCDDF048F32A}.Release|x64.Build.0 = Release|Any CPU
		{FFA4BCDF-83D0-449E-86F4-CCDDF048F32A}.Release|x86.ActiveCfg = Release|Any CPU
		{FFA4BCDF-83D0-449E-86F4-CCDDF048F32A}.Release|x86.Build.0 = Release|Any CPU
		{77DBB2DC-EE83-4F2A-9D0D-71BBFDE3C1A6}.Debug|Any CPU.ActiveCfg = Debug|Any CPU
		{77DBB2DC-EE83-4F2A-9D0D-71BBFDE3C1A6}.Debug|Any CPU.Build.0 = Debug|Any CPU
		{77DBB2DC-EE83-4F2A-9D0D-71BBFDE3C1A6}.Debug|ARM.ActiveCfg = Debug|Any CPU
		{77DBB2DC-EE83-4F2A-9D0D-71BBFDE3C1A6}.Debug|ARM.Build.0 = Debug|Any CPU
		{77DBB2DC-EE83-4F2A-9D0D-71BBFDE3C1A6}.Debug|x64.ActiveCfg = Debug|Any CPU
		{77DBB2DC-EE83-4F2A-9D0D-71BBFDE3C1A6}.Debug|x64.Build.0 = Debug|Any CPU
		{77DBB2DC-EE83-4F2A-9D0D-71BBFDE3C1A6}.Debug|x86.ActiveCfg = Debug|Any CPU
		{77DBB2DC-EE83-4F2A-9D0D-71BBFDE3C1A6}.Debug|x86.Build.0 = Debug|Any CPU
		{77DBB2DC-EE83-4F2A-9D0D-71BBFDE3C1A6}.Release|Any CPU.ActiveCfg = Release|Any CPU
		{77DBB2DC-EE83-4F2A-9D0D-71BBFDE3C1A6}.Release|Any CPU.Build.0 = Release|Any CPU
		{77DBB2DC-EE83-4F2A-9D0D-71BBFDE3C1A6}.Release|ARM.ActiveCfg = Release|Any CPU
		{77DBB2DC-EE83-4F2A-9D0D-71BBFDE3C1A6}.Release|ARM.Build.0 = Release|Any CPU
		{77DBB2DC-EE83-4F2A-9D0D-71BBFDE3C1A6}.Release|x64.ActiveCfg = Release|Any CPU
		{77DBB2DC-EE83-4F2A-9D0D-71BBFDE3C1A6}.Release|x64.Build.0 = Release|Any CPU
		{77DBB2DC-EE83-4F2A-9D0D-71BBFDE3C1A6}.Release|x86.ActiveCfg = Release|Any CPU
		{77DBB2DC-EE83-4F2A-9D0D-71BBFDE3C1A6}.Release|x86.Build.0 = Release|Any CPU
		{C758CD3D-B9F8-4420-AC80-411E288A23FF}.Debug|Any CPU.ActiveCfg = Debug|Any CPU
		{C758CD3D-B9F8-4420-AC80-411E288A23FF}.Debug|Any CPU.Build.0 = Debug|Any CPU
		{C758CD3D-B9F8-4420-AC80-411E288A23FF}.Debug|ARM.ActiveCfg = Debug|Any CPU
		{C758CD3D-B9F8-4420-AC80-411E288A23FF}.Debug|ARM.Build.0 = Debug|Any CPU
		{C758CD3D-B9F8-4420-AC80-411E288A23FF}.Debug|x64.ActiveCfg = Debug|Any CPU
		{C758CD3D-B9F8-4420-AC80-411E288A23FF}.Debug|x64.Build.0 = Debug|Any CPU
		{C758CD3D-B9F8-4420-AC80-411E288A23FF}.Debug|x86.ActiveCfg = Debug|Any CPU
		{C758CD3D-B9F8-4420-AC80-411E288A23FF}.Debug|x86.Build.0 = Debug|Any CPU
		{C758CD3D-B9F8-4420-AC80-411E288A23FF}.Release|Any CPU.ActiveCfg = Release|Any CPU
		{C758CD3D-B9F8-4420-AC80-411E288A23FF}.Release|Any CPU.Build.0 = Release|Any CPU
		{C758CD3D-B9F8-4420-AC80-411E288A23FF}.Release|ARM.ActiveCfg = Release|Any CPU
		{C758CD3D-B9F8-4420-AC80-411E288A23FF}.Release|ARM.Build.0 = Release|Any CPU
		{C758CD3D-B9F8-4420-AC80-411E288A23FF}.Release|x64.ActiveCfg = Release|Any CPU
		{C758CD3D-B9F8-4420-AC80-411E288A23FF}.Release|x64.Build.0 = Release|Any CPU
		{C758CD3D-B9F8-4420-AC80-411E288A23FF}.Release|x86.ActiveCfg = Release|Any CPU
		{C758CD3D-B9F8-4420-AC80-411E288A23FF}.Release|x86.Build.0 = Release|Any CPU
		{CB59B35B-A0A8-44B9-808E-6C6EDE1C4FB9}.Debug|Any CPU.ActiveCfg = Debug|Any CPU
		{CB59B35B-A0A8-44B9-808E-6C6EDE1C4FB9}.Debug|Any CPU.Build.0 = Debug|Any CPU
		{CB59B35B-A0A8-44B9-808E-6C6EDE1C4FB9}.Debug|ARM.ActiveCfg = Debug|Any CPU
		{CB59B35B-A0A8-44B9-808E-6C6EDE1C4FB9}.Debug|ARM.Build.0 = Debug|Any CPU
		{CB59B35B-A0A8-44B9-808E-6C6EDE1C4FB9}.Debug|x64.ActiveCfg = Debug|Any CPU
		{CB59B35B-A0A8-44B9-808E-6C6EDE1C4FB9}.Debug|x64.Build.0 = Debug|Any CPU
		{CB59B35B-A0A8-44B9-808E-6C6EDE1C4FB9}.Debug|x86.ActiveCfg = Debug|Any CPU
		{CB59B35B-A0A8-44B9-808E-6C6EDE1C4FB9}.Debug|x86.Build.0 = Debug|Any CPU
		{CB59B35B-A0A8-44B9-808E-6C6EDE1C4FB9}.Release|Any CPU.ActiveCfg = Release|Any CPU
		{CB59B35B-A0A8-44B9-808E-6C6EDE1C4FB9}.Release|Any CPU.Build.0 = Release|Any CPU
		{CB59B35B-A0A8-44B9-808E-6C6EDE1C4FB9}.Release|ARM.ActiveCfg = Release|Any CPU
		{CB59B35B-A0A8-44B9-808E-6C6EDE1C4FB9}.Release|ARM.Build.0 = Release|Any CPU
		{CB59B35B-A0A8-44B9-808E-6C6EDE1C4FB9}.Release|x64.ActiveCfg = Release|Any CPU
		{CB59B35B-A0A8-44B9-808E-6C6EDE1C4FB9}.Release|x64.Build.0 = Release|Any CPU
		{CB59B35B-A0A8-44B9-808E-6C6EDE1C4FB9}.Release|x86.ActiveCfg = Release|Any CPU
		{CB59B35B-A0A8-44B9-808E-6C6EDE1C4FB9}.Release|x86.Build.0 = Release|Any CPU
	EndGlobalSection
	GlobalSection(SolutionProperties) = preSolution
		HideSolutionNode = FALSE
	EndGlobalSection
	GlobalSection(NestedProjects) = preSolution
		{DD484C86-28CF-4DD2-8196-C0112C078AC8} = {3B48FE61-A34A-44FD-B8E2-32CFCAD01569}
		{F9418680-7641-49AA-A72A-32408F111947} = {9635322E-C781-41F6-A37F-56AD7C36EB02}
		{513EA74F-CC4B-4ED9-9C26-C8906FC47837} = {E402FB2A-AFF3-4187-8140-5837A01B1349}
		{B87E2CCA-338B-475A-B22D-E19E70E36224} = {E402FB2A-AFF3-4187-8140-5837A01B1349}
		{3B48FE61-A34A-44FD-B8E2-32CFCAD01569} = {B87E2CCA-338B-475A-B22D-E19E70E36224}
		{1FBD68B8-839E-4C54-A00C-BEAC21119371} = {DD484C86-28CF-4DD2-8196-C0112C078AC8}
		{9635322E-C781-41F6-A37F-56AD7C36EB02} = {513EA74F-CC4B-4ED9-9C26-C8906FC47837}
		{65F5AF55-42BE-4B18-BAEE-6FE09F93AC4B} = {F37B0AF1-585C-4A75-AADE-F59A3B068BBF}
		{435DDB68-D63C-4029-B2EF-51BEC879164C} = {F37B0AF1-585C-4A75-AADE-F59A3B068BBF}
		{F37B0AF1-585C-4A75-AADE-F59A3B068BBF} = {3B48FE61-A34A-44FD-B8E2-32CFCAD01569}
		{6D96196E-836C-4066-BF4B-9CFC0FD6CE3D} = {513EA74F-CC4B-4ED9-9C26-C8906FC47837}
		{9B0F1984-219F-4D02-90AD-89C7455D4812} = {6D96196E-836C-4066-BF4B-9CFC0FD6CE3D}
		{EBEAACA1-BF3A-46F4-90C7-87E7F9F12577} = {6D96196E-836C-4066-BF4B-9CFC0FD6CE3D}
		{00424098-C41B-4BA7-B11C-E6E95B37854B} = {E402FB2A-AFF3-4187-8140-5837A01B1349}
		{FFA4BCDF-83D0-449E-86F4-CCDDF048F32A} = {00424098-C41B-4BA7-B11C-E6E95B37854B}
		{77DBB2DC-EE83-4F2A-9D0D-71BBFDE3C1A6} = {00424098-C41B-4BA7-B11C-E6E95B37854B}
		{C758CD3D-B9F8-4420-AC80-411E288A23FF} = {CAD60DFA-15EF-4DE0-9EEC-1BFD6B8D955F}
	EndGlobalSection
	GlobalSection(ExtensibilityGlobals) = postSolution
		SolutionGuid = {ABDE4EA1-B6A3-41C1-AC23-2CA7A04C03AB}
	EndGlobalSection
EndGlobal
